// !$*UTF8*$!
{
	archiveVersion = 1;
	classes = {
	};
	objectVersion = 46;
	objects = {

/* Begin PBXBuildFile section */
		2C60499C1F72DFE700252BC5 /* CanvasCore.framework in Frameworks */ = {isa = PBXBuildFile; fileRef = 2C60499D1F72DFE700252BC5 /* CanvasCore.framework */; };
		2CCDE2CF1DA845B800B46D87 /* InfoPlist.strings in Resources */ = {isa = PBXBuildFile; fileRef = 2CCDE2D11DA845B800B46D87 /* InfoPlist.strings */; };
		2CCDE2DE1DA845BA00B46D87 /* InfoPlist.strings in Resources */ = {isa = PBXBuildFile; fileRef = 2CCDE2E01DA845BA00B46D87 /* InfoPlist.strings */; };
		2CCDE2E31DA845BB00B46D87 /* InfoPlist.strings in Resources */ = {isa = PBXBuildFile; fileRef = 2CCDE2E51DA845BB00B46D87 /* InfoPlist.strings */; };
		2CCDE3531DABDC1300B46D87 /* NSBundle+Keymaster.swift in Sources */ = {isa = PBXBuildFile; fileRef = 2CCDE3521DABDC1300B46D87 /* NSBundle+Keymaster.swift */; };
		4928EBD71C84DEAA00799E04 /* Marshal.framework in Frameworks */ = {isa = PBXBuildFile; fileRef = 4928EBD51C84DEA200799E04 /* Marshal.framework */; };
		493EBDA91D9638B200DCDDA2 /* Cartography.framework in Frameworks */ = {isa = PBXBuildFile; fileRef = 493EBDA61D96383C00DCDDA2 /* Cartography.framework */; };
		493EBDAD1D9638B200DCDDA2 /* Kingfisher.framework in Frameworks */ = {isa = PBXBuildFile; fileRef = 493EBDA81D96383C00DCDDA2 /* Kingfisher.framework */; };
		4980F9B11DE3ACA600D71093 /* ReactiveSwift.framework in Frameworks */ = {isa = PBXBuildFile; fileRef = 4980F9B01DE3AC9900D71093 /* ReactiveSwift.framework */; };
		49998E361E1D734A00C98AC2 /* CWNotification.framework in Frameworks */ = {isa = PBXBuildFile; fileRef = 49998E351E1D733A00C98AC2 /* CWNotification.framework */; };
		5E1B50F41C8F44230019D764 /* AccountDomain.swift in Sources */ = {isa = PBXBuildFile; fileRef = 5E1B50F31C8F44230019D764 /* AccountDomain.swift */; };
		5E1B50F91C8F44290019D764 /* MobileVerifier.swift in Sources */ = {isa = PBXBuildFile; fileRef = 5E1B50F61C8F44290019D764 /* MobileVerifier.swift */; };
		5E1B50FA1C8F44290019D764 /* MobileVerifyResponse.swift in Sources */ = {isa = PBXBuildFile; fileRef = 5E1B50F71C8F44290019D764 /* MobileVerifyResponse.swift */; };
		5E1B50FB1C8F44290019D764 /* OAuthTokenResponse.swift in Sources */ = {isa = PBXBuildFile; fileRef = 5E1B50F81C8F44290019D764 /* OAuthTokenResponse.swift */; };
		5E1B50FD1C8F445D0019D764 /* AccountDomain+Network.swift in Sources */ = {isa = PBXBuildFile; fileRef = 5E1B50FC1C8F445D0019D764 /* AccountDomain+Network.swift */; };
		5E1B50FF1C8F45770019D764 /* AccountDomain+Collections.swift in Sources */ = {isa = PBXBuildFile; fileRef = 5E1B50FE1C8F45770019D764 /* AccountDomain+Collections.swift */; };
		5E1B51011C8F464C0019D764 /* Session+AccountDomain.swift in Sources */ = {isa = PBXBuildFile; fileRef = 5E1B51001C8F464C0019D764 /* Session+AccountDomain.swift */; };
		5E2BD38D1C515C06009511FB /* Keymaster.xcassets in Resources */ = {isa = PBXBuildFile; fileRef = 5E2BD38C1C515C06009511FB /* Keymaster.xcassets */; };
		5E994B031C580D69004146FC /* SelectDomainViewController-iPad.storyboard in Resources */ = {isa = PBXBuildFile; fileRef = 5E994B021C580D69004146FC /* SelectDomainViewController-iPad.storyboard */; };
		5EB86A5E1C4ECC5400C920A2 /* AppDelegate.swift in Sources */ = {isa = PBXBuildFile; fileRef = 5EB86A5D1C4ECC5400C920A2 /* AppDelegate.swift */; };
		5EB86A651C4ECC5400C920A2 /* Assets.xcassets in Resources */ = {isa = PBXBuildFile; fileRef = 5EB86A641C4ECC5400C920A2 /* Assets.xcassets */; };
		5EB86A731C4ECC5400C920A2 /* KeytesterTests.swift in Sources */ = {isa = PBXBuildFile; fileRef = 5EB86A721C4ECC5400C920A2 /* KeytesterTests.swift */; };
		5EB86A7E1C4ECC5400C920A2 /* KeytesterUITests.swift in Sources */ = {isa = PBXBuildFile; fileRef = 5EB86A7D1C4ECC5400C920A2 /* KeytesterUITests.swift */; };
		5EB86A931C4ECC6E00C920A2 /* Keymaster.h in Headers */ = {isa = PBXBuildFile; fileRef = 5EB86A921C4ECC6E00C920A2 /* Keymaster.h */; settings = {ATTRIBUTES = (Public, ); }; };
		5EB86A9A1C4ECC6E00C920A2 /* Keymaster.framework in Frameworks */ = {isa = PBXBuildFile; fileRef = 5EB86A901C4ECC6E00C920A2 /* Keymaster.framework */; };
		5EB86AA11C4ECC6E00C920A2 /* KeymasterTests.swift in Sources */ = {isa = PBXBuildFile; fileRef = 5EB86AA01C4ECC6E00C920A2 /* KeymasterTests.swift */; };
		5EB86AA51C4ECC6E00C920A2 /* Keymaster.framework in Frameworks */ = {isa = PBXBuildFile; fileRef = 5EB86A901C4ECC6E00C920A2 /* Keymaster.framework */; };
		5EB86AA61C4ECC6E00C920A2 /* Keymaster.framework in Embed Frameworks */ = {isa = PBXBuildFile; fileRef = 5EB86A901C4ECC6E00C920A2 /* Keymaster.framework */; settings = {ATTRIBUTES = (CodeSignOnCopy, RemoveHeadersOnCopy, ); }; };
		5EB86ACC1C4ECCAC00C920A2 /* String+Domainify.swift in Sources */ = {isa = PBXBuildFile; fileRef = 5EB86AAF1C4ECCAC00C920A2 /* String+Domainify.swift */; };
		5EB86ACD1C4ECCAC00C920A2 /* UIImage+Color.swift in Sources */ = {isa = PBXBuildFile; fileRef = 5EB86AB01C4ECCAC00C920A2 /* UIImage+Color.swift */; };
		5EB86ACE1C4ECCAC00C920A2 /* UIView+RoundCorners.swift in Sources */ = {isa = PBXBuildFile; fileRef = 5EB86AB11C4ECCAC00C920A2 /* UIView+RoundCorners.swift */; };
		5EB86ACF1C4ECCAC00C920A2 /* FXKeychain.h in Headers */ = {isa = PBXBuildFile; fileRef = 5EB86AB31C4ECCAC00C920A2 /* FXKeychain.h */; settings = {ATTRIBUTES = (Public, ); }; };
		5EB86AD01C4ECCAC00C920A2 /* FXKeychain.m in Sources */ = {isa = PBXBuildFile; fileRef = 5EB86AB41C4ECCAC00C920A2 /* FXKeychain.m */; };
		5EB86AD11C4ECCAC00C920A2 /* Keymaster.swift in Sources */ = {isa = PBXBuildFile; fileRef = 5EB86AB51C4ECCAC00C920A2 /* Keymaster.swift */; };
		5EB86AD31C4ECCAC00C920A2 /* Keymaster.xcdatamodeld in Sources */ = {isa = PBXBuildFile; fileRef = 5EB86AB81C4ECCAC00C920A2 /* Keymaster.xcdatamodeld */; };
		5EB86AD71C4ECCAC00C920A2 /* AccountDomainTableViewCell.xib in Resources */ = {isa = PBXBuildFile; fileRef = 5EB86ABF1C4ECCAC00C920A2 /* AccountDomainTableViewCell.xib */; };
		5EB86AD81C4ECCAC00C920A2 /* SelectSessionTableViewCell.swift in Sources */ = {isa = PBXBuildFile; fileRef = 5EB86AC01C4ECCAC00C920A2 /* SelectSessionTableViewCell.swift */; };
		5EB86AD91C4ECCAC00C920A2 /* AccountDomainListViewController.swift in Sources */ = {isa = PBXBuildFile; fileRef = 5EB86AC21C4ECCAC00C920A2 /* AccountDomainListViewController.swift */; };
		5EB86ADD1C4ECCAC00C920A2 /* LoginViewController.storyboard in Resources */ = {isa = PBXBuildFile; fileRef = 5EB86AC61C4ECCAC00C920A2 /* LoginViewController.storyboard */; };
		5EB86ADE1C4ECCAC00C920A2 /* LoginViewController.swift in Sources */ = {isa = PBXBuildFile; fileRef = 5EB86AC71C4ECCAC00C920A2 /* LoginViewController.swift */; };
		5EB86ADF1C4ECCAC00C920A2 /* SelectDomainViewController.storyboard in Resources */ = {isa = PBXBuildFile; fileRef = 5EB86AC81C4ECCAC00C920A2 /* SelectDomainViewController.storyboard */; };
		5EB86AE01C4ECCAC00C920A2 /* SelectDomainViewController.swift in Sources */ = {isa = PBXBuildFile; fileRef = 5EB86AC91C4ECCAC00C920A2 /* SelectDomainViewController.swift */; };
		5EB86AE11C4ECCAC00C920A2 /* SelectSessionListViewController.storyboard in Resources */ = {isa = PBXBuildFile; fileRef = 5EB86ACA1C4ECCAC00C920A2 /* SelectSessionListViewController.storyboard */; };
		5EB86AE21C4ECCAC00C920A2 /* SelectSessionListViewController.swift in Sources */ = {isa = PBXBuildFile; fileRef = 5EB86ACB1C4ECCAC00C920A2 /* SelectSessionListViewController.swift */; };
		5EB86AEF1C4ECE8000C920A2 /* Result.framework in Frameworks */ = {isa = PBXBuildFile; fileRef = 5EB86AE61C4ECDFC00C920A2 /* Result.framework */; };
		5EB86AF11C4ECE8000C920A2 /* SoLazy.framework in Frameworks */ = {isa = PBXBuildFile; fileRef = 5EB86AE71C4ECDFC00C920A2 /* SoLazy.framework */; };
		5EB86AF21C4ECE8000C920A2 /* SoLazy.framework in Embed Frameworks */ = {isa = PBXBuildFile; fileRef = 5EB86AE71C4ECDFC00C920A2 /* SoLazy.framework */; settings = {ATTRIBUTES = (CodeSignOnCopy, RemoveHeadersOnCopy, ); }; };
		5EB86AF31C4ECE8000C920A2 /* SoPersistent.framework in Frameworks */ = {isa = PBXBuildFile; fileRef = 5EB86AE81C4ECDFC00C920A2 /* SoPersistent.framework */; };
		5EB86AF41C4ECE8000C920A2 /* SoPersistent.framework in Embed Frameworks */ = {isa = PBXBuildFile; fileRef = 5EB86AE81C4ECDFC00C920A2 /* SoPersistent.framework */; settings = {ATTRIBUTES = (CodeSignOnCopy, RemoveHeadersOnCopy, ); }; };
		5EB86AF51C4ECE8000C920A2 /* SoPretty.framework in Frameworks */ = {isa = PBXBuildFile; fileRef = 5EB86AE91C4ECDFC00C920A2 /* SoPretty.framework */; };
		5EB86AF61C4ECE8000C920A2 /* SoPretty.framework in Embed Frameworks */ = {isa = PBXBuildFile; fileRef = 5EB86AE91C4ECDFC00C920A2 /* SoPretty.framework */; settings = {ATTRIBUTES = (CodeSignOnCopy, RemoveHeadersOnCopy, ); }; };
		5EB86AF71C4ECE8000C920A2 /* TooLegit.framework in Frameworks */ = {isa = PBXBuildFile; fileRef = 5EB86AEA1C4ECDFC00C920A2 /* TooLegit.framework */; };
		5EB86AF81C4ECE8000C920A2 /* TooLegit.framework in Embed Frameworks */ = {isa = PBXBuildFile; fileRef = 5EB86AEA1C4ECDFC00C920A2 /* TooLegit.framework */; settings = {ATTRIBUTES = (CodeSignOnCopy, RemoveHeadersOnCopy, ); }; };
		5EB86AFC1C4ECE8400C920A2 /* SoLazy.framework in Frameworks */ = {isa = PBXBuildFile; fileRef = 5EB86AE71C4ECDFC00C920A2 /* SoLazy.framework */; };
		5EB86AFD1C4ECE8400C920A2 /* SoPersistent.framework in Frameworks */ = {isa = PBXBuildFile; fileRef = 5EB86AE81C4ECDFC00C920A2 /* SoPersistent.framework */; };
		5EB86AFE1C4ECE8400C920A2 /* SoPretty.framework in Frameworks */ = {isa = PBXBuildFile; fileRef = 5EB86AE91C4ECDFC00C920A2 /* SoPretty.framework */; };
		5EB86AFF1C4ECE8400C920A2 /* TooLegit.framework in Frameworks */ = {isa = PBXBuildFile; fileRef = 5EB86AEA1C4ECDFC00C920A2 /* TooLegit.framework */; };
		A5D7243BAF0E14D56CF13ED9 /* Pods_defaults_Keymaster.framework in Frameworks */ = {isa = PBXBuildFile; fileRef = D2E23328A02D29C70AD5400D /* Pods_defaults_Keymaster.framework */; };
		B16B5C6D1E253C8800DED47B /* Localizable.strings in Resources */ = {isa = PBXBuildFile; fileRef = B16B5C6F1E253C8800DED47B /* Localizable.strings */; };
		B16B5C721E253C8900DED47B /* InfoPlist.strings in Resources */ = {isa = PBXBuildFile; fileRef = B16B5C741E253C8900DED47B /* InfoPlist.strings */; };
		B16B5C771E253C8A00DED47B /* InfoPlist.strings in Resources */ = {isa = PBXBuildFile; fileRef = B16B5C791E253C8A00DED47B /* InfoPlist.strings */; };
/* End PBXBuildFile section */

/* Begin PBXContainerItemProxy section */
		5EB86A6F1C4ECC5400C920A2 /* PBXContainerItemProxy */ = {
			isa = PBXContainerItemProxy;
			containerPortal = 5EB86A521C4ECC5400C920A2 /* Project object */;
			proxyType = 1;
			remoteGlobalIDString = 5EB86A591C4ECC5400C920A2;
			remoteInfo = Keytester;
		};
		5EB86A7A1C4ECC5400C920A2 /* PBXContainerItemProxy */ = {
			isa = PBXContainerItemProxy;
			containerPortal = 5EB86A521C4ECC5400C920A2 /* Project object */;
			proxyType = 1;
			remoteGlobalIDString = 5EB86A591C4ECC5400C920A2;
			remoteInfo = Keytester;
		};
		5EB86A9B1C4ECC6E00C920A2 /* PBXContainerItemProxy */ = {
			isa = PBXContainerItemProxy;
			containerPortal = 5EB86A521C4ECC5400C920A2 /* Project object */;
			proxyType = 1;
			remoteGlobalIDString = 5EB86A8F1C4ECC6E00C920A2;
			remoteInfo = Keymaster;
		};
		5EB86A9D1C4ECC6E00C920A2 /* PBXContainerItemProxy */ = {
			isa = PBXContainerItemProxy;
			containerPortal = 5EB86A521C4ECC5400C920A2 /* Project object */;
			proxyType = 1;
			remoteGlobalIDString = 5EB86A591C4ECC5400C920A2;
			remoteInfo = Keytester;
		};
		5EB86AA31C4ECC6E00C920A2 /* PBXContainerItemProxy */ = {
			isa = PBXContainerItemProxy;
			containerPortal = 5EB86A521C4ECC5400C920A2 /* Project object */;
			proxyType = 1;
			remoteGlobalIDString = 5EB86A8F1C4ECC6E00C920A2;
			remoteInfo = Keymaster;
		};
/* End PBXContainerItemProxy section */

/* Begin PBXCopyFilesBuildPhase section */
		5EB86AAC1C4ECC6E00C920A2 /* Embed Frameworks */ = {
			isa = PBXCopyFilesBuildPhase;
			buildActionMask = 2147483647;
			dstPath = "";
			dstSubfolderSpec = 10;
			files = (
				5EB86AF61C4ECE8000C920A2 /* SoPretty.framework in Embed Frameworks */,
				5EB86AF21C4ECE8000C920A2 /* SoLazy.framework in Embed Frameworks */,
				5EB86AF41C4ECE8000C920A2 /* SoPersistent.framework in Embed Frameworks */,
				5EB86AF81C4ECE8000C920A2 /* TooLegit.framework in Embed Frameworks */,
				5EB86AA61C4ECC6E00C920A2 /* Keymaster.framework in Embed Frameworks */,
			);
			name = "Embed Frameworks";
			runOnlyForDeploymentPostprocessing = 0;
		};
/* End PBXCopyFilesBuildPhase section */

/* Begin PBXFileReference section */
		0F134D2C62A9857F37B60C8B /* Pods-Keymaster.debug.xcconfig */ = {isa = PBXFileReference; includeInIndex = 1; lastKnownFileType = text.xcconfig; name = "Pods-Keymaster.debug.xcconfig"; path = "../../Pods/Target Support Files/Pods-Keymaster/Pods-Keymaster.debug.xcconfig"; sourceTree = "<group>"; };
		2C50EE1B1E7371BD0096592C /* Secrets.framework */ = {isa = PBXFileReference; lastKnownFileType = wrapper.framework; name = Secrets.framework; path = "../../../../../Library/Developer/Xcode/DerivedData/AllTheThings-hkuxdlosjqseyiefrjcrjyxhdecy/Build/Products/Debug-iphonesimulator/Secrets.framework"; sourceTree = "<group>"; };
		2C60499D1F72DFE700252BC5 /* CanvasCore.framework */ = {isa = PBXFileReference; explicitFileType = wrapper.framework; path = CanvasCore.framework; sourceTree = BUILT_PRODUCTS_DIR; };
		2CCDE2D01DA845B800B46D87 /* ar */ = {isa = PBXFileReference; lastKnownFileType = text.plist.strings; name = ar; path = ar.lproj/InfoPlist.strings; sourceTree = "<group>"; };
		2CCDE2DF1DA845BA00B46D87 /* ar */ = {isa = PBXFileReference; lastKnownFileType = text.plist.strings; name = ar; path = ar.lproj/InfoPlist.strings; sourceTree = "<group>"; };
		2CCDE2E41DA845BB00B46D87 /* ar */ = {isa = PBXFileReference; lastKnownFileType = text.plist.strings; name = ar; path = ar.lproj/InfoPlist.strings; sourceTree = "<group>"; };
		2CCDE2E71DA8462200B46D87 /* da */ = {isa = PBXFileReference; lastKnownFileType = text.plist.strings; name = da; path = da.lproj/InfoPlist.strings; sourceTree = "<group>"; };
		2CCDE2EA1DA8462300B46D87 /* da */ = {isa = PBXFileReference; lastKnownFileType = text.plist.strings; name = da; path = da.lproj/InfoPlist.strings; sourceTree = "<group>"; };
		2CCDE2EB1DA8462300B46D87 /* da */ = {isa = PBXFileReference; lastKnownFileType = text.plist.strings; name = da; path = da.lproj/InfoPlist.strings; sourceTree = "<group>"; };
		2CCDE2ED1DABD69B00B46D87 /* de */ = {isa = PBXFileReference; lastKnownFileType = text.plist.strings; name = de; path = de.lproj/InfoPlist.strings; sourceTree = "<group>"; };
		2CCDE2F01DABD69C00B46D87 /* de */ = {isa = PBXFileReference; lastKnownFileType = text.plist.strings; name = de; path = de.lproj/InfoPlist.strings; sourceTree = "<group>"; };
		2CCDE2F11DABD69C00B46D87 /* de */ = {isa = PBXFileReference; lastKnownFileType = text.plist.strings; name = de; path = de.lproj/InfoPlist.strings; sourceTree = "<group>"; };
		2CCDE2F31DABD6AB00B46D87 /* en-AU */ = {isa = PBXFileReference; lastKnownFileType = text.plist.strings; name = "en-AU"; path = "en-AU.lproj/InfoPlist.strings"; sourceTree = "<group>"; };
		2CCDE2F61DABD6AD00B46D87 /* en-AU */ = {isa = PBXFileReference; lastKnownFileType = text.plist.strings; name = "en-AU"; path = "en-AU.lproj/InfoPlist.strings"; sourceTree = "<group>"; };
		2CCDE2F71DABD6AD00B46D87 /* en-AU */ = {isa = PBXFileReference; lastKnownFileType = text.plist.strings; name = "en-AU"; path = "en-AU.lproj/InfoPlist.strings"; sourceTree = "<group>"; };
		2CCDE2F91DABD6BF00B46D87 /* en-GB */ = {isa = PBXFileReference; lastKnownFileType = text.plist.strings; name = "en-GB"; path = "en-GB.lproj/InfoPlist.strings"; sourceTree = "<group>"; };
		2CCDE2FC1DABD6C000B46D87 /* en-GB */ = {isa = PBXFileReference; lastKnownFileType = text.plist.strings; name = "en-GB"; path = "en-GB.lproj/InfoPlist.strings"; sourceTree = "<group>"; };
		2CCDE2FD1DABD6C100B46D87 /* en-GB */ = {isa = PBXFileReference; lastKnownFileType = text.plist.strings; name = "en-GB"; path = "en-GB.lproj/InfoPlist.strings"; sourceTree = "<group>"; };
		2CCDE2FF1DABD6DA00B46D87 /* es */ = {isa = PBXFileReference; lastKnownFileType = text.plist.strings; name = es; path = es.lproj/InfoPlist.strings; sourceTree = "<group>"; };
		2CCDE3021DABD6DB00B46D87 /* es */ = {isa = PBXFileReference; lastKnownFileType = text.plist.strings; name = es; path = es.lproj/InfoPlist.strings; sourceTree = "<group>"; };
		2CCDE3031DABD6DC00B46D87 /* es */ = {isa = PBXFileReference; lastKnownFileType = text.plist.strings; name = es; path = es.lproj/InfoPlist.strings; sourceTree = "<group>"; };
		2CCDE3051DABD6E700B46D87 /* fr */ = {isa = PBXFileReference; lastKnownFileType = text.plist.strings; name = fr; path = fr.lproj/InfoPlist.strings; sourceTree = "<group>"; };
		2CCDE3081DABD6E800B46D87 /* fr */ = {isa = PBXFileReference; lastKnownFileType = text.plist.strings; name = fr; path = fr.lproj/InfoPlist.strings; sourceTree = "<group>"; };
		2CCDE3091DABD6E900B46D87 /* fr */ = {isa = PBXFileReference; lastKnownFileType = text.plist.strings; name = fr; path = fr.lproj/InfoPlist.strings; sourceTree = "<group>"; };
		2CCDE30B1DABD6FC00B46D87 /* ht */ = {isa = PBXFileReference; lastKnownFileType = text.plist.strings; name = ht; path = ht.lproj/InfoPlist.strings; sourceTree = "<group>"; };
		2CCDE30E1DABD6FD00B46D87 /* ht */ = {isa = PBXFileReference; lastKnownFileType = text.plist.strings; name = ht; path = ht.lproj/InfoPlist.strings; sourceTree = "<group>"; };
		2CCDE30F1DABD6FD00B46D87 /* ht */ = {isa = PBXFileReference; lastKnownFileType = text.plist.strings; name = ht; path = ht.lproj/InfoPlist.strings; sourceTree = "<group>"; };
		2CCDE3111DABD70600B46D87 /* ja */ = {isa = PBXFileReference; lastKnownFileType = text.plist.strings; name = ja; path = ja.lproj/InfoPlist.strings; sourceTree = "<group>"; };
		2CCDE3141DABD70700B46D87 /* ja */ = {isa = PBXFileReference; lastKnownFileType = text.plist.strings; name = ja; path = ja.lproj/InfoPlist.strings; sourceTree = "<group>"; };
		2CCDE3151DABD70800B46D87 /* ja */ = {isa = PBXFileReference; lastKnownFileType = text.plist.strings; name = ja; path = ja.lproj/InfoPlist.strings; sourceTree = "<group>"; };
		2CCDE3171DABD71100B46D87 /* mi */ = {isa = PBXFileReference; lastKnownFileType = text.plist.strings; name = mi; path = mi.lproj/InfoPlist.strings; sourceTree = "<group>"; };
		2CCDE31A1DABD71200B46D87 /* mi */ = {isa = PBXFileReference; lastKnownFileType = text.plist.strings; name = mi; path = mi.lproj/InfoPlist.strings; sourceTree = "<group>"; };
		2CCDE31B1DABD71300B46D87 /* mi */ = {isa = PBXFileReference; lastKnownFileType = text.plist.strings; name = mi; path = mi.lproj/InfoPlist.strings; sourceTree = "<group>"; };
		2CCDE31D1DABD71D00B46D87 /* nb */ = {isa = PBXFileReference; lastKnownFileType = text.plist.strings; name = nb; path = nb.lproj/InfoPlist.strings; sourceTree = "<group>"; };
		2CCDE3201DABD71F00B46D87 /* nb */ = {isa = PBXFileReference; lastKnownFileType = text.plist.strings; name = nb; path = nb.lproj/InfoPlist.strings; sourceTree = "<group>"; };
		2CCDE3211DABD71F00B46D87 /* nb */ = {isa = PBXFileReference; lastKnownFileType = text.plist.strings; name = nb; path = nb.lproj/InfoPlist.strings; sourceTree = "<group>"; };
		2CCDE3231DABD73D00B46D87 /* nl */ = {isa = PBXFileReference; lastKnownFileType = text.plist.strings; name = nl; path = nl.lproj/InfoPlist.strings; sourceTree = "<group>"; };
		2CCDE3261DABD73F00B46D87 /* nl */ = {isa = PBXFileReference; lastKnownFileType = text.plist.strings; name = nl; path = nl.lproj/InfoPlist.strings; sourceTree = "<group>"; };
		2CCDE3271DABD73F00B46D87 /* nl */ = {isa = PBXFileReference; lastKnownFileType = text.plist.strings; name = nl; path = nl.lproj/InfoPlist.strings; sourceTree = "<group>"; };
		2CCDE3291DABD74D00B46D87 /* pl */ = {isa = PBXFileReference; lastKnownFileType = text.plist.strings; name = pl; path = pl.lproj/InfoPlist.strings; sourceTree = "<group>"; };
		2CCDE32C1DABD74E00B46D87 /* pl */ = {isa = PBXFileReference; lastKnownFileType = text.plist.strings; name = pl; path = pl.lproj/InfoPlist.strings; sourceTree = "<group>"; };
		2CCDE32D1DABD75000B46D87 /* pl */ = {isa = PBXFileReference; lastKnownFileType = text.plist.strings; name = pl; path = pl.lproj/InfoPlist.strings; sourceTree = "<group>"; };
		2CCDE32F1DABD76200B46D87 /* pt-BR */ = {isa = PBXFileReference; lastKnownFileType = text.plist.strings; name = "pt-BR"; path = "pt-BR.lproj/InfoPlist.strings"; sourceTree = "<group>"; };
		2CCDE3321DABD76300B46D87 /* pt-BR */ = {isa = PBXFileReference; lastKnownFileType = text.plist.strings; name = "pt-BR"; path = "pt-BR.lproj/InfoPlist.strings"; sourceTree = "<group>"; };
		2CCDE3331DABD76400B46D87 /* pt-BR */ = {isa = PBXFileReference; lastKnownFileType = text.plist.strings; name = "pt-BR"; path = "pt-BR.lproj/InfoPlist.strings"; sourceTree = "<group>"; };
		2CCDE3351DABD78300B46D87 /* pt */ = {isa = PBXFileReference; lastKnownFileType = text.plist.strings; name = pt; path = pt.lproj/InfoPlist.strings; sourceTree = "<group>"; };
		2CCDE3381DABD78400B46D87 /* pt */ = {isa = PBXFileReference; lastKnownFileType = text.plist.strings; name = pt; path = pt.lproj/InfoPlist.strings; sourceTree = "<group>"; };
		2CCDE3391DABD78400B46D87 /* pt */ = {isa = PBXFileReference; lastKnownFileType = text.plist.strings; name = pt; path = pt.lproj/InfoPlist.strings; sourceTree = "<group>"; };
		2CCDE33B1DABD78E00B46D87 /* ru */ = {isa = PBXFileReference; lastKnownFileType = text.plist.strings; name = ru; path = ru.lproj/InfoPlist.strings; sourceTree = "<group>"; };
		2CCDE33E1DABD78F00B46D87 /* ru */ = {isa = PBXFileReference; lastKnownFileType = text.plist.strings; name = ru; path = ru.lproj/InfoPlist.strings; sourceTree = "<group>"; };
		2CCDE33F1DABD78F00B46D87 /* ru */ = {isa = PBXFileReference; lastKnownFileType = text.plist.strings; name = ru; path = ru.lproj/InfoPlist.strings; sourceTree = "<group>"; };
		2CCDE3411DABD79900B46D87 /* sv */ = {isa = PBXFileReference; lastKnownFileType = text.plist.strings; name = sv; path = sv.lproj/InfoPlist.strings; sourceTree = "<group>"; };
		2CCDE3441DABD79A00B46D87 /* sv */ = {isa = PBXFileReference; lastKnownFileType = text.plist.strings; name = sv; path = sv.lproj/InfoPlist.strings; sourceTree = "<group>"; };
		2CCDE3451DABD79B00B46D87 /* sv */ = {isa = PBXFileReference; lastKnownFileType = text.plist.strings; name = sv; path = sv.lproj/InfoPlist.strings; sourceTree = "<group>"; };
		2CCDE3471DABD7A500B46D87 /* zh-HK */ = {isa = PBXFileReference; lastKnownFileType = text.plist.strings; name = "zh-HK"; path = "zh-HK.lproj/InfoPlist.strings"; sourceTree = "<group>"; };
		2CCDE34A1DABD7A900B46D87 /* zh-HK */ = {isa = PBXFileReference; lastKnownFileType = text.plist.strings; name = "zh-HK"; path = "zh-HK.lproj/InfoPlist.strings"; sourceTree = "<group>"; };
		2CCDE34B1DABD7A900B46D87 /* zh-HK */ = {isa = PBXFileReference; lastKnownFileType = text.plist.strings; name = "zh-HK"; path = "zh-HK.lproj/InfoPlist.strings"; sourceTree = "<group>"; };
		2CCDE34D1DABD7B500B46D87 /* zh */ = {isa = PBXFileReference; lastKnownFileType = text.plist.strings; name = zh; path = zh.lproj/InfoPlist.strings; sourceTree = "<group>"; };
		2CCDE3501DABD7B700B46D87 /* zh */ = {isa = PBXFileReference; lastKnownFileType = text.plist.strings; name = zh; path = zh.lproj/InfoPlist.strings; sourceTree = "<group>"; };
		2CCDE3511DABD7B700B46D87 /* zh */ = {isa = PBXFileReference; lastKnownFileType = text.plist.strings; name = zh; path = zh.lproj/InfoPlist.strings; sourceTree = "<group>"; };
		2CCDE3521DABDC1300B46D87 /* NSBundle+Keymaster.swift */ = {isa = PBXFileReference; fileEncoding = 4; lastKnownFileType = sourcecode.swift; path = "NSBundle+Keymaster.swift"; sourceTree = "<group>"; };
		2F688CAF429F6E7A19F4D80E /* Pods-defaults-Keymaster.debug.xcconfig */ = {isa = PBXFileReference; includeInIndex = 1; lastKnownFileType = text.xcconfig; name = "Pods-defaults-Keymaster.debug.xcconfig"; path = "../../Pods/Target Support Files/Pods-defaults-Keymaster/Pods-defaults-Keymaster.debug.xcconfig"; sourceTree = "<group>"; };
		4928EBD51C84DEA200799E04 /* Marshal.framework */ = {isa = PBXFileReference; lastKnownFileType = wrapper.framework; path = Marshal.framework; sourceTree = BUILT_PRODUCTS_DIR; };
		493EBDA61D96383C00DCDDA2 /* Cartography.framework */ = {isa = PBXFileReference; lastKnownFileType = wrapper.framework; path = Cartography.framework; sourceTree = BUILT_PRODUCTS_DIR; };
		493EBDA81D96383C00DCDDA2 /* Kingfisher.framework */ = {isa = PBXFileReference; lastKnownFileType = wrapper.framework; path = Kingfisher.framework; sourceTree = BUILT_PRODUCTS_DIR; };
		4980F9B01DE3AC9900D71093 /* ReactiveSwift.framework */ = {isa = PBXFileReference; lastKnownFileType = wrapper.framework; path = ReactiveSwift.framework; sourceTree = BUILT_PRODUCTS_DIR; };
		49950E471E01F342003DCE8A /* Info.plist */ = {isa = PBXFileReference; lastKnownFileType = text.plist.xml; path = Info.plist; sourceTree = "<group>"; };
		49998E351E1D733A00C98AC2 /* CWNotification.framework */ = {isa = PBXFileReference; lastKnownFileType = wrapper.framework; path = CWNotification.framework; sourceTree = BUILT_PRODUCTS_DIR; };
		5E1B50F31C8F44230019D764 /* AccountDomain.swift */ = {isa = PBXFileReference; fileEncoding = 4; lastKnownFileType = sourcecode.swift; path = AccountDomain.swift; sourceTree = "<group>"; };
		5E1B50F61C8F44290019D764 /* MobileVerifier.swift */ = {isa = PBXFileReference; fileEncoding = 4; lastKnownFileType = sourcecode.swift; path = MobileVerifier.swift; sourceTree = "<group>"; };
		5E1B50F71C8F44290019D764 /* MobileVerifyResponse.swift */ = {isa = PBXFileReference; fileEncoding = 4; lastKnownFileType = sourcecode.swift; path = MobileVerifyResponse.swift; sourceTree = "<group>"; };
		5E1B50F81C8F44290019D764 /* OAuthTokenResponse.swift */ = {isa = PBXFileReference; fileEncoding = 4; lastKnownFileType = sourcecode.swift; path = OAuthTokenResponse.swift; sourceTree = "<group>"; };
		5E1B50FC1C8F445D0019D764 /* AccountDomain+Network.swift */ = {isa = PBXFileReference; fileEncoding = 4; lastKnownFileType = sourcecode.swift; lineEnding = 0; path = "AccountDomain+Network.swift"; sourceTree = "<group>"; xcLanguageSpecificationIdentifier = xcode.lang.swift; };
		5E1B50FE1C8F45770019D764 /* AccountDomain+Collections.swift */ = {isa = PBXFileReference; fileEncoding = 4; lastKnownFileType = sourcecode.swift; path = "AccountDomain+Collections.swift"; sourceTree = "<group>"; };
		5E1B51001C8F464C0019D764 /* Session+AccountDomain.swift */ = {isa = PBXFileReference; fileEncoding = 4; lastKnownFileType = sourcecode.swift; path = "Session+AccountDomain.swift"; sourceTree = "<group>"; };
		5E2BD38C1C515C06009511FB /* Keymaster.xcassets */ = {isa = PBXFileReference; lastKnownFileType = folder.assetcatalog; path = Keymaster.xcassets; sourceTree = "<group>"; };
		5E994B021C580D69004146FC /* SelectDomainViewController-iPad.storyboard */ = {isa = PBXFileReference; fileEncoding = 4; lastKnownFileType = file.storyboard; path = "SelectDomainViewController-iPad.storyboard"; sourceTree = "<group>"; };
		5EB86A5A1C4ECC5400C920A2 /* Keytester.app */ = {isa = PBXFileReference; explicitFileType = wrapper.application; includeInIndex = 0; path = Keytester.app; sourceTree = BUILT_PRODUCTS_DIR; };
		5EB86A5D1C4ECC5400C920A2 /* AppDelegate.swift */ = {isa = PBXFileReference; lastKnownFileType = sourcecode.swift; path = AppDelegate.swift; sourceTree = "<group>"; };
		5EB86A641C4ECC5400C920A2 /* Assets.xcassets */ = {isa = PBXFileReference; lastKnownFileType = folder.assetcatalog; path = Assets.xcassets; sourceTree = "<group>"; };
		5EB86A6E1C4ECC5400C920A2 /* KeytesterTests.xctest */ = {isa = PBXFileReference; explicitFileType = wrapper.cfbundle; includeInIndex = 0; path = KeytesterTests.xctest; sourceTree = BUILT_PRODUCTS_DIR; };
		5EB86A721C4ECC5400C920A2 /* KeytesterTests.swift */ = {isa = PBXFileReference; lastKnownFileType = sourcecode.swift; path = KeytesterTests.swift; sourceTree = "<group>"; };
		5EB86A741C4ECC5400C920A2 /* Info.plist */ = {isa = PBXFileReference; lastKnownFileType = text.plist.xml; path = Info.plist; sourceTree = "<group>"; };
		5EB86A791C4ECC5400C920A2 /* KeytesterUITests.xctest */ = {isa = PBXFileReference; explicitFileType = wrapper.cfbundle; includeInIndex = 0; path = KeytesterUITests.xctest; sourceTree = BUILT_PRODUCTS_DIR; };
		5EB86A7D1C4ECC5400C920A2 /* KeytesterUITests.swift */ = {isa = PBXFileReference; lastKnownFileType = sourcecode.swift; path = KeytesterUITests.swift; sourceTree = "<group>"; };
		5EB86A7F1C4ECC5400C920A2 /* Info.plist */ = {isa = PBXFileReference; lastKnownFileType = text.plist.xml; path = Info.plist; sourceTree = "<group>"; };
		5EB86A901C4ECC6E00C920A2 /* Keymaster.framework */ = {isa = PBXFileReference; explicitFileType = wrapper.framework; includeInIndex = 0; path = Keymaster.framework; sourceTree = BUILT_PRODUCTS_DIR; };
		5EB86A921C4ECC6E00C920A2 /* Keymaster.h */ = {isa = PBXFileReference; lastKnownFileType = sourcecode.c.h; path = Keymaster.h; sourceTree = "<group>"; };
		5EB86A941C4ECC6E00C920A2 /* Info.plist */ = {isa = PBXFileReference; lastKnownFileType = text.plist.xml; path = Info.plist; sourceTree = "<group>"; };
		5EB86A991C4ECC6E00C920A2 /* KeymasterTests.xctest */ = {isa = PBXFileReference; explicitFileType = wrapper.cfbundle; includeInIndex = 0; path = KeymasterTests.xctest; sourceTree = BUILT_PRODUCTS_DIR; };
		5EB86AA01C4ECC6E00C920A2 /* KeymasterTests.swift */ = {isa = PBXFileReference; lastKnownFileType = sourcecode.swift; path = KeymasterTests.swift; sourceTree = "<group>"; };
		5EB86AA21C4ECC6E00C920A2 /* Info.plist */ = {isa = PBXFileReference; lastKnownFileType = text.plist.xml; path = Info.plist; sourceTree = "<group>"; };
		5EB86AAF1C4ECCAC00C920A2 /* String+Domainify.swift */ = {isa = PBXFileReference; fileEncoding = 4; lastKnownFileType = sourcecode.swift; path = "String+Domainify.swift"; sourceTree = "<group>"; };
		5EB86AB01C4ECCAC00C920A2 /* UIImage+Color.swift */ = {isa = PBXFileReference; fileEncoding = 4; lastKnownFileType = sourcecode.swift; path = "UIImage+Color.swift"; sourceTree = "<group>"; };
		5EB86AB11C4ECCAC00C920A2 /* UIView+RoundCorners.swift */ = {isa = PBXFileReference; fileEncoding = 4; lastKnownFileType = sourcecode.swift; path = "UIView+RoundCorners.swift"; sourceTree = "<group>"; };
		5EB86AB31C4ECCAC00C920A2 /* FXKeychain.h */ = {isa = PBXFileReference; fileEncoding = 4; lastKnownFileType = sourcecode.c.h; path = FXKeychain.h; sourceTree = "<group>"; };
		5EB86AB41C4ECCAC00C920A2 /* FXKeychain.m */ = {isa = PBXFileReference; fileEncoding = 4; lastKnownFileType = sourcecode.c.objc; path = FXKeychain.m; sourceTree = "<group>"; };
		5EB86AB51C4ECCAC00C920A2 /* Keymaster.swift */ = {isa = PBXFileReference; fileEncoding = 4; lastKnownFileType = sourcecode.swift; path = Keymaster.swift; sourceTree = "<group>"; };
		5EB86AB91C4ECCAC00C920A2 /* Keymaster.xcdatamodel */ = {isa = PBXFileReference; lastKnownFileType = wrapper.xcdatamodel; path = Keymaster.xcdatamodel; sourceTree = "<group>"; };
		5EB86ABF1C4ECCAC00C920A2 /* AccountDomainTableViewCell.xib */ = {isa = PBXFileReference; fileEncoding = 4; lastKnownFileType = file.xib; path = AccountDomainTableViewCell.xib; sourceTree = "<group>"; };
		5EB86AC01C4ECCAC00C920A2 /* SelectSessionTableViewCell.swift */ = {isa = PBXFileReference; fileEncoding = 4; lastKnownFileType = sourcecode.swift; path = SelectSessionTableViewCell.swift; sourceTree = "<group>"; };
		5EB86AC21C4ECCAC00C920A2 /* AccountDomainListViewController.swift */ = {isa = PBXFileReference; fileEncoding = 4; lastKnownFileType = sourcecode.swift; lineEnding = 0; path = AccountDomainListViewController.swift; sourceTree = "<group>"; xcLanguageSpecificationIdentifier = xcode.lang.swift; };
		5EB86AC61C4ECCAC00C920A2 /* LoginViewController.storyboard */ = {isa = PBXFileReference; fileEncoding = 4; lastKnownFileType = file.storyboard; path = LoginViewController.storyboard; sourceTree = "<group>"; };
		5EB86AC71C4ECCAC00C920A2 /* LoginViewController.swift */ = {isa = PBXFileReference; fileEncoding = 4; lastKnownFileType = sourcecode.swift; lineEnding = 0; path = LoginViewController.swift; sourceTree = "<group>"; xcLanguageSpecificationIdentifier = xcode.lang.swift; };
		5EB86AC81C4ECCAC00C920A2 /* SelectDomainViewController.storyboard */ = {isa = PBXFileReference; fileEncoding = 4; lastKnownFileType = file.storyboard; path = SelectDomainViewController.storyboard; sourceTree = "<group>"; };
		5EB86AC91C4ECCAC00C920A2 /* SelectDomainViewController.swift */ = {isa = PBXFileReference; fileEncoding = 4; lastKnownFileType = sourcecode.swift; lineEnding = 0; path = SelectDomainViewController.swift; sourceTree = "<group>"; xcLanguageSpecificationIdentifier = xcode.lang.swift; };
		5EB86ACA1C4ECCAC00C920A2 /* SelectSessionListViewController.storyboard */ = {isa = PBXFileReference; fileEncoding = 4; lastKnownFileType = file.storyboard; path = SelectSessionListViewController.storyboard; sourceTree = "<group>"; };
		5EB86ACB1C4ECCAC00C920A2 /* SelectSessionListViewController.swift */ = {isa = PBXFileReference; fileEncoding = 4; lastKnownFileType = sourcecode.swift; lineEnding = 0; path = SelectSessionListViewController.swift; sourceTree = "<group>"; xcLanguageSpecificationIdentifier = xcode.lang.swift; };
		5EB86AE61C4ECDFC00C920A2 /* Result.framework */ = {isa = PBXFileReference; lastKnownFileType = wrapper.framework; path = Result.framework; sourceTree = BUILT_PRODUCTS_DIR; };
		5EB86AE71C4ECDFC00C920A2 /* SoLazy.framework */ = {isa = PBXFileReference; lastKnownFileType = wrapper.framework; path = SoLazy.framework; sourceTree = BUILT_PRODUCTS_DIR; };
		5EB86AE81C4ECDFC00C920A2 /* SoPersistent.framework */ = {isa = PBXFileReference; lastKnownFileType = wrapper.framework; path = SoPersistent.framework; sourceTree = BUILT_PRODUCTS_DIR; };
		5EB86AE91C4ECDFC00C920A2 /* SoPretty.framework */ = {isa = PBXFileReference; lastKnownFileType = wrapper.framework; path = SoPretty.framework; sourceTree = BUILT_PRODUCTS_DIR; };
		5EB86AEA1C4ECDFC00C920A2 /* TooLegit.framework */ = {isa = PBXFileReference; lastKnownFileType = wrapper.framework; path = TooLegit.framework; sourceTree = BUILT_PRODUCTS_DIR; };
		62C69148FAB3046E8D993D04 /* Pods_Keytester.framework */ = {isa = PBXFileReference; explicitFileType = wrapper.framework; includeInIndex = 0; path = Pods_Keytester.framework; sourceTree = BUILT_PRODUCTS_DIR; };
		85800324DC6CBACEC3AC03E8 /* Pods-defaults-Keymaster.release.xcconfig */ = {isa = PBXFileReference; includeInIndex = 1; lastKnownFileType = text.xcconfig; name = "Pods-defaults-Keymaster.release.xcconfig"; path = "../../Pods/Target Support Files/Pods-defaults-Keymaster/Pods-defaults-Keymaster.release.xcconfig"; sourceTree = "<group>"; };
		A251F2C48DF69DCFCA9041C7 /* Pods-Keymaster.release.xcconfig */ = {isa = PBXFileReference; includeInIndex = 1; lastKnownFileType = text.xcconfig; name = "Pods-Keymaster.release.xcconfig"; path = "../../Pods/Target Support Files/Pods-Keymaster/Pods-Keymaster.release.xcconfig"; sourceTree = "<group>"; };
		B16B5C6E1E253C8800DED47B /* ar */ = {isa = PBXFileReference; lastKnownFileType = text.plist.strings; name = ar; path = ar.lproj/Localizable.strings; sourceTree = "<group>"; };
		B16B5C731E253C8900DED47B /* ar */ = {isa = PBXFileReference; lastKnownFileType = text.plist.strings; name = ar; path = ar.lproj/InfoPlist.strings; sourceTree = "<group>"; };
		B16B5C781E253C8A00DED47B /* ar */ = {isa = PBXFileReference; lastKnownFileType = text.plist.strings; name = ar; path = ar.lproj/InfoPlist.strings; sourceTree = "<group>"; };
		B16B5C7A1E253F3400DED47B /* zh */ = {isa = PBXFileReference; lastKnownFileType = text.plist.strings; name = zh; path = zh.lproj/Localizable.strings; sourceTree = "<group>"; };
		B16B5C7B1E253F3500DED47B /* zh */ = {isa = PBXFileReference; lastKnownFileType = text.plist.strings; name = zh; path = zh.lproj/InfoPlist.strings; sourceTree = "<group>"; };
		B16B5C7C1E253F3600DED47B /* zh */ = {isa = PBXFileReference; lastKnownFileType = text.plist.strings; name = zh; path = zh.lproj/InfoPlist.strings; sourceTree = "<group>"; };
		B16B5C7D1E253F4400DED47B /* zh-HK */ = {isa = PBXFileReference; lastKnownFileType = text.plist.strings; name = "zh-HK"; path = "zh-HK.lproj/Localizable.strings"; sourceTree = "<group>"; };
		B16B5C7E1E253F4400DED47B /* zh-HK */ = {isa = PBXFileReference; lastKnownFileType = text.plist.strings; name = "zh-HK"; path = "zh-HK.lproj/InfoPlist.strings"; sourceTree = "<group>"; };
		B16B5C7F1E253F4500DED47B /* zh-HK */ = {isa = PBXFileReference; lastKnownFileType = text.plist.strings; name = "zh-HK"; path = "zh-HK.lproj/InfoPlist.strings"; sourceTree = "<group>"; };
		B16B5C801E253F4F00DED47B /* da */ = {isa = PBXFileReference; lastKnownFileType = text.plist.strings; name = da; path = da.lproj/Localizable.strings; sourceTree = "<group>"; };
		B16B5C811E253F5000DED47B /* da */ = {isa = PBXFileReference; lastKnownFileType = text.plist.strings; name = da; path = da.lproj/InfoPlist.strings; sourceTree = "<group>"; };
		B16B5C821E253F5000DED47B /* da */ = {isa = PBXFileReference; lastKnownFileType = text.plist.strings; name = da; path = da.lproj/InfoPlist.strings; sourceTree = "<group>"; };
		B16B5C831E253F6300DED47B /* nl */ = {isa = PBXFileReference; lastKnownFileType = text.plist.strings; name = nl; path = nl.lproj/Localizable.strings; sourceTree = "<group>"; };
		B16B5C841E253F6400DED47B /* nl */ = {isa = PBXFileReference; lastKnownFileType = text.plist.strings; name = nl; path = nl.lproj/InfoPlist.strings; sourceTree = "<group>"; };
		B16B5C851E253F6400DED47B /* nl */ = {isa = PBXFileReference; lastKnownFileType = text.plist.strings; name = nl; path = nl.lproj/InfoPlist.strings; sourceTree = "<group>"; };
		B16B5C861E253F7700DED47B /* en-AU */ = {isa = PBXFileReference; lastKnownFileType = text.plist.strings; name = "en-AU"; path = "en-AU.lproj/Localizable.strings"; sourceTree = "<group>"; };
		B16B5C871E253F7800DED47B /* en-AU */ = {isa = PBXFileReference; lastKnownFileType = text.plist.strings; name = "en-AU"; path = "en-AU.lproj/InfoPlist.strings"; sourceTree = "<group>"; };
		B16B5C881E253F7900DED47B /* en-AU */ = {isa = PBXFileReference; lastKnownFileType = text.plist.strings; name = "en-AU"; path = "en-AU.lproj/InfoPlist.strings"; sourceTree = "<group>"; };
		B16B5C891E253F8600DED47B /* en-GB */ = {isa = PBXFileReference; lastKnownFileType = text.plist.strings; name = "en-GB"; path = "en-GB.lproj/Localizable.strings"; sourceTree = "<group>"; };
		B16B5C8A1E253F8700DED47B /* en-GB */ = {isa = PBXFileReference; lastKnownFileType = text.plist.strings; name = "en-GB"; path = "en-GB.lproj/InfoPlist.strings"; sourceTree = "<group>"; };
		B16B5C8B1E253F8800DED47B /* en-GB */ = {isa = PBXFileReference; lastKnownFileType = text.plist.strings; name = "en-GB"; path = "en-GB.lproj/InfoPlist.strings"; sourceTree = "<group>"; };
		B16B5C8C1E253F9B00DED47B /* fr */ = {isa = PBXFileReference; lastKnownFileType = text.plist.strings; name = fr; path = fr.lproj/Localizable.strings; sourceTree = "<group>"; };
		B16B5C8D1E253F9B00DED47B /* fr */ = {isa = PBXFileReference; lastKnownFileType = text.plist.strings; name = fr; path = fr.lproj/InfoPlist.strings; sourceTree = "<group>"; };
		B16B5C8E1E253F9C00DED47B /* fr */ = {isa = PBXFileReference; lastKnownFileType = text.plist.strings; name = fr; path = fr.lproj/InfoPlist.strings; sourceTree = "<group>"; };
		B16B5C8F1E253FAC00DED47B /* de */ = {isa = PBXFileReference; lastKnownFileType = text.plist.strings; name = de; path = de.lproj/Localizable.strings; sourceTree = "<group>"; };
		B16B5C901E253FAD00DED47B /* de */ = {isa = PBXFileReference; lastKnownFileType = text.plist.strings; name = de; path = de.lproj/InfoPlist.strings; sourceTree = "<group>"; };
		B16B5C911E253FAE00DED47B /* de */ = {isa = PBXFileReference; lastKnownFileType = text.plist.strings; name = de; path = de.lproj/InfoPlist.strings; sourceTree = "<group>"; };
		B16B5C921E253FBD00DED47B /* ht */ = {isa = PBXFileReference; lastKnownFileType = text.plist.strings; name = ht; path = ht.lproj/Localizable.strings; sourceTree = "<group>"; };
		B16B5C931E253FBE00DED47B /* ht */ = {isa = PBXFileReference; lastKnownFileType = text.plist.strings; name = ht; path = ht.lproj/InfoPlist.strings; sourceTree = "<group>"; };
		B16B5C941E253FBF00DED47B /* ht */ = {isa = PBXFileReference; lastKnownFileType = text.plist.strings; name = ht; path = ht.lproj/InfoPlist.strings; sourceTree = "<group>"; };
		B16B5C951E253FCE00DED47B /* ja */ = {isa = PBXFileReference; lastKnownFileType = text.plist.strings; name = ja; path = ja.lproj/Localizable.strings; sourceTree = "<group>"; };
		B16B5C961E253FCF00DED47B /* ja */ = {isa = PBXFileReference; lastKnownFileType = text.plist.strings; name = ja; path = ja.lproj/InfoPlist.strings; sourceTree = "<group>"; };
		B16B5C971E253FCF00DED47B /* ja */ = {isa = PBXFileReference; lastKnownFileType = text.plist.strings; name = ja; path = ja.lproj/InfoPlist.strings; sourceTree = "<group>"; };
		B16B5C981E253FDD00DED47B /* mi */ = {isa = PBXFileReference; lastKnownFileType = text.plist.strings; name = mi; path = mi.lproj/Localizable.strings; sourceTree = "<group>"; };
		B16B5C991E253FDE00DED47B /* mi */ = {isa = PBXFileReference; lastKnownFileType = text.plist.strings; name = mi; path = mi.lproj/InfoPlist.strings; sourceTree = "<group>"; };
		B16B5C9A1E253FDE00DED47B /* mi */ = {isa = PBXFileReference; lastKnownFileType = text.plist.strings; name = mi; path = mi.lproj/InfoPlist.strings; sourceTree = "<group>"; };
		B16B5C9B1E253FE900DED47B /* nb */ = {isa = PBXFileReference; lastKnownFileType = text.plist.strings; name = nb; path = nb.lproj/Localizable.strings; sourceTree = "<group>"; };
		B16B5C9C1E253FEA00DED47B /* nb */ = {isa = PBXFileReference; lastKnownFileType = text.plist.strings; name = nb; path = nb.lproj/InfoPlist.strings; sourceTree = "<group>"; };
		B16B5C9D1E253FEB00DED47B /* nb */ = {isa = PBXFileReference; lastKnownFileType = text.plist.strings; name = nb; path = nb.lproj/InfoPlist.strings; sourceTree = "<group>"; };
		B16B5C9E1E253FF600DED47B /* pl */ = {isa = PBXFileReference; lastKnownFileType = text.plist.strings; name = pl; path = pl.lproj/Localizable.strings; sourceTree = "<group>"; };
		B16B5C9F1E253FF700DED47B /* pl */ = {isa = PBXFileReference; lastKnownFileType = text.plist.strings; name = pl; path = pl.lproj/InfoPlist.strings; sourceTree = "<group>"; };
		B16B5CA01E253FF700DED47B /* pl */ = {isa = PBXFileReference; lastKnownFileType = text.plist.strings; name = pl; path = pl.lproj/InfoPlist.strings; sourceTree = "<group>"; };
		B16B5CA11E25400200DED47B /* pt */ = {isa = PBXFileReference; lastKnownFileType = text.plist.strings; name = pt; path = pt.lproj/Localizable.strings; sourceTree = "<group>"; };
		B16B5CA21E25400300DED47B /* pt */ = {isa = PBXFileReference; lastKnownFileType = text.plist.strings; name = pt; path = pt.lproj/InfoPlist.strings; sourceTree = "<group>"; };
		B16B5CA31E25400400DED47B /* pt */ = {isa = PBXFileReference; lastKnownFileType = text.plist.strings; name = pt; path = pt.lproj/InfoPlist.strings; sourceTree = "<group>"; };
		B16B5CA41E2546BF00DED47B /* ru */ = {isa = PBXFileReference; lastKnownFileType = text.plist.strings; name = ru; path = ru.lproj/Localizable.strings; sourceTree = "<group>"; };
		B16B5CA51E2546C000DED47B /* ru */ = {isa = PBXFileReference; lastKnownFileType = text.plist.strings; name = ru; path = ru.lproj/InfoPlist.strings; sourceTree = "<group>"; };
		B16B5CA61E2546C100DED47B /* ru */ = {isa = PBXFileReference; lastKnownFileType = text.plist.strings; name = ru; path = ru.lproj/InfoPlist.strings; sourceTree = "<group>"; };
		B16B5CA71E25471700DED47B /* pt-BR */ = {isa = PBXFileReference; lastKnownFileType = text.plist.strings; name = "pt-BR"; path = "pt-BR.lproj/Localizable.strings"; sourceTree = "<group>"; };
		B16B5CA81E25471800DED47B /* pt-BR */ = {isa = PBXFileReference; lastKnownFileType = text.plist.strings; name = "pt-BR"; path = "pt-BR.lproj/InfoPlist.strings"; sourceTree = "<group>"; };
		B16B5CA91E25471900DED47B /* pt-BR */ = {isa = PBXFileReference; lastKnownFileType = text.plist.strings; name = "pt-BR"; path = "pt-BR.lproj/InfoPlist.strings"; sourceTree = "<group>"; };
		B16B5CAA1E25472900DED47B /* es */ = {isa = PBXFileReference; lastKnownFileType = text.plist.strings; name = es; path = es.lproj/Localizable.strings; sourceTree = "<group>"; };
		B16B5CAB1E25472A00DED47B /* es */ = {isa = PBXFileReference; lastKnownFileType = text.plist.strings; name = es; path = es.lproj/InfoPlist.strings; sourceTree = "<group>"; };
		B16B5CAC1E25472B00DED47B /* es */ = {isa = PBXFileReference; lastKnownFileType = text.plist.strings; name = es; path = es.lproj/InfoPlist.strings; sourceTree = "<group>"; };
		B16B5CAD1E25474100DED47B /* sv */ = {isa = PBXFileReference; lastKnownFileType = text.plist.strings; name = sv; path = sv.lproj/Localizable.strings; sourceTree = "<group>"; };
		B16B5CAE1E25474200DED47B /* sv */ = {isa = PBXFileReference; lastKnownFileType = text.plist.strings; name = sv; path = sv.lproj/InfoPlist.strings; sourceTree = "<group>"; };
		B16B5CAF1E25474300DED47B /* sv */ = {isa = PBXFileReference; lastKnownFileType = text.plist.strings; name = sv; path = sv.lproj/InfoPlist.strings; sourceTree = "<group>"; };
		D2E23328A02D29C70AD5400D /* Pods_defaults_Keymaster.framework */ = {isa = PBXFileReference; explicitFileType = wrapper.framework; includeInIndex = 0; path = Pods_defaults_Keymaster.framework; sourceTree = BUILT_PRODUCTS_DIR; };
		ED53A19FAAAECB055B4FA8E2 /* Pods_Keymaster.framework */ = {isa = PBXFileReference; explicitFileType = wrapper.framework; includeInIndex = 0; path = Pods_Keymaster.framework; sourceTree = BUILT_PRODUCTS_DIR; };
/* End PBXFileReference section */

/* Begin PBXFrameworksBuildPhase section */
		5EB86A571C4ECC5400C920A2 /* Frameworks */ = {
			isa = PBXFrameworksBuildPhase;
			buildActionMask = 2147483647;
			files = (
				5EB86AF51C4ECE8000C920A2 /* SoPretty.framework in Frameworks */,
				5EB86AF11C4ECE8000C920A2 /* SoLazy.framework in Frameworks */,
				5EB86AF31C4ECE8000C920A2 /* SoPersistent.framework in Frameworks */,
				5EB86AF71C4ECE8000C920A2 /* TooLegit.framework in Frameworks */,
				493EBDA91D9638B200DCDDA2 /* Cartography.framework in Frameworks */,
				49998E361E1D734A00C98AC2 /* CWNotification.framework in Frameworks */,
				4928EBD71C84DEAA00799E04 /* Marshal.framework in Frameworks */,
				5EB86AA51C4ECC6E00C920A2 /* Keymaster.framework in Frameworks */,
				4980F9B11DE3ACA600D71093 /* ReactiveSwift.framework in Frameworks */,
				493EBDAD1D9638B200DCDDA2 /* Kingfisher.framework in Frameworks */,
				5EB86AEF1C4ECE8000C920A2 /* Result.framework in Frameworks */,
			);
			runOnlyForDeploymentPostprocessing = 0;
		};
		5EB86A6B1C4ECC5400C920A2 /* Frameworks */ = {
			isa = PBXFrameworksBuildPhase;
			buildActionMask = 2147483647;
			files = (
			);
			runOnlyForDeploymentPostprocessing = 0;
		};
		5EB86A761C4ECC5400C920A2 /* Frameworks */ = {
			isa = PBXFrameworksBuildPhase;
			buildActionMask = 2147483647;
			files = (
			);
			runOnlyForDeploymentPostprocessing = 0;
		};
		5EB86A8C1C4ECC6E00C920A2 /* Frameworks */ = {
			isa = PBXFrameworksBuildPhase;
			buildActionMask = 2147483647;
			files = (
				5EB86AFC1C4ECE8400C920A2 /* SoLazy.framework in Frameworks */,
				2C60499C1F72DFE700252BC5 /* CanvasCore.framework in Frameworks */,
				5EB86AFD1C4ECE8400C920A2 /* SoPersistent.framework in Frameworks */,
				5EB86AFE1C4ECE8400C920A2 /* SoPretty.framework in Frameworks */,
				5EB86AFF1C4ECE8400C920A2 /* TooLegit.framework in Frameworks */,
				A5D7243BAF0E14D56CF13ED9 /* Pods_defaults_Keymaster.framework in Frameworks */,
			);
			runOnlyForDeploymentPostprocessing = 0;
		};
		5EB86A961C4ECC6E00C920A2 /* Frameworks */ = {
			isa = PBXFrameworksBuildPhase;
			buildActionMask = 2147483647;
			files = (
				5EB86A9A1C4ECC6E00C920A2 /* Keymaster.framework in Frameworks */,
			);
			runOnlyForDeploymentPostprocessing = 0;
		};
/* End PBXFrameworksBuildPhase section */

/* Begin PBXGroup section */
		2C50EE1A1E7371BC0096592C /* Frameworks */ = {
			isa = PBXGroup;
			children = (
				2C50EE1B1E7371BD0096592C /* Secrets.framework */,
				2C60499D1F72DFE700252BC5 /* CanvasCore.framework */,
				62C69148FAB3046E8D993D04 /* Pods_Keytester.framework */,
				ED53A19FAAAECB055B4FA8E2 /* Pods_Keymaster.framework */,
				D2E23328A02D29C70AD5400D /* Pods_defaults_Keymaster.framework */,
			);
			name = Frameworks;
			sourceTree = "<group>";
		};
		5E1B50F21C8F44230019D764 /* AccountDomain */ = {
			isa = PBXGroup;
			children = (
				5E1B50F31C8F44230019D764 /* AccountDomain.swift */,
				5E1B50FC1C8F445D0019D764 /* AccountDomain+Network.swift */,
				5E1B50FE1C8F45770019D764 /* AccountDomain+Collections.swift */,
			);
			path = AccountDomain;
			sourceTree = "<group>";
		};
		5E1B50F51C8F44290019D764 /* MobileVerify */ = {
			isa = PBXGroup;
			children = (
				5E1B50F61C8F44290019D764 /* MobileVerifier.swift */,
				5E1B50F71C8F44290019D764 /* MobileVerifyResponse.swift */,
				5E1B50F81C8F44290019D764 /* OAuthTokenResponse.swift */,
			);
			path = MobileVerify;
			sourceTree = "<group>";
		};
		5EB86A511C4ECC5400C920A2 = {
			isa = PBXGroup;
			children = (
				5EB86AE31C4ECD7800C920A2 /* Dependencies */,
				5EB86A5C1C4ECC5400C920A2 /* Keytester */,
				5EB86A711C4ECC5400C920A2 /* KeytesterTests */,
				5EB86A7C1C4ECC5400C920A2 /* KeytesterUITests */,
				5EB86A911C4ECC6E00C920A2 /* Keymaster */,
				5EB86A9F1C4ECC6E00C920A2 /* KeymasterTests */,
				5EB86A5B1C4ECC5400C920A2 /* Products */,
				2C50EE1A1E7371BC0096592C /* Frameworks */,
				D32A966CB6725EF2DC50760E /* Pods */,
			);
			sourceTree = "<group>";
		};
		5EB86A5B1C4ECC5400C920A2 /* Products */ = {
			isa = PBXGroup;
			children = (
				5EB86A5A1C4ECC5400C920A2 /* Keytester.app */,
				5EB86A6E1C4ECC5400C920A2 /* KeytesterTests.xctest */,
				5EB86A791C4ECC5400C920A2 /* KeytesterUITests.xctest */,
				5EB86A901C4ECC6E00C920A2 /* Keymaster.framework */,
				5EB86A991C4ECC6E00C920A2 /* KeymasterTests.xctest */,
			);
			name = Products;
			sourceTree = "<group>";
		};
		5EB86A5C1C4ECC5400C920A2 /* Keytester */ = {
			isa = PBXGroup;
			children = (
				B16B5C791E253C8A00DED47B /* InfoPlist.strings */,
				49950E471E01F342003DCE8A /* Info.plist */,
				5EB86A5D1C4ECC5400C920A2 /* AppDelegate.swift */,
				5EB86A641C4ECC5400C920A2 /* Assets.xcassets */,
			);
			path = Keytester;
			sourceTree = "<group>";
		};
		5EB86A711C4ECC5400C920A2 /* KeytesterTests */ = {
			isa = PBXGroup;
			children = (
				2CCDE2E51DA845BB00B46D87 /* InfoPlist.strings */,
				5EB86A721C4ECC5400C920A2 /* KeytesterTests.swift */,
				5EB86A741C4ECC5400C920A2 /* Info.plist */,
			);
			path = KeytesterTests;
			sourceTree = "<group>";
		};
		5EB86A7C1C4ECC5400C920A2 /* KeytesterUITests */ = {
			isa = PBXGroup;
			children = (
				2CCDE2D11DA845B800B46D87 /* InfoPlist.strings */,
				5EB86A7D1C4ECC5400C920A2 /* KeytesterUITests.swift */,
				5EB86A7F1C4ECC5400C920A2 /* Info.plist */,
			);
			path = KeytesterUITests;
			sourceTree = "<group>";
		};
		5EB86A911C4ECC6E00C920A2 /* Keymaster */ = {
			isa = PBXGroup;
			children = (
				B16B5C741E253C8900DED47B /* InfoPlist.strings */,
				B16B5C6F1E253C8800DED47B /* Localizable.strings */,
				5E1B50F21C8F44230019D764 /* AccountDomain */,
				5EB86AAE1C4ECCAC00C920A2 /* Extensions */,
				5EB86AB21C4ECCAC00C920A2 /* FXKeychain */,
				5EB86AB51C4ECCAC00C920A2 /* Keymaster.swift */,
				5E1B50F51C8F44290019D764 /* MobileVerify */,
				5EB86AB61C4ECCAC00C920A2 /* Model */,
				5EB86ABD1C4ECCAC00C920A2 /* View */,
				5EB86AC11C4ECCAC00C920A2 /* ViewControllers */,
				5EB86A921C4ECC6E00C920A2 /* Keymaster.h */,
				5EB86A941C4ECC6E00C920A2 /* Info.plist */,
				5E2BD38C1C515C06009511FB /* Keymaster.xcassets */,
				5E1B51001C8F464C0019D764 /* Session+AccountDomain.swift */,
				2CCDE3521DABDC1300B46D87 /* NSBundle+Keymaster.swift */,
			);
			path = Keymaster;
			sourceTree = "<group>";
		};
		5EB86A9F1C4ECC6E00C920A2 /* KeymasterTests */ = {
			isa = PBXGroup;
			children = (
				2CCDE2E01DA845BA00B46D87 /* InfoPlist.strings */,
				5EB86AA01C4ECC6E00C920A2 /* KeymasterTests.swift */,
				5EB86AA21C4ECC6E00C920A2 /* Info.plist */,
			);
			path = KeymasterTests;
			sourceTree = "<group>";
		};
		5EB86AAE1C4ECCAC00C920A2 /* Extensions */ = {
			isa = PBXGroup;
			children = (
				5EB86AAF1C4ECCAC00C920A2 /* String+Domainify.swift */,
				5EB86AB01C4ECCAC00C920A2 /* UIImage+Color.swift */,
				5EB86AB11C4ECCAC00C920A2 /* UIView+RoundCorners.swift */,
			);
			path = Extensions;
			sourceTree = "<group>";
		};
		5EB86AB21C4ECCAC00C920A2 /* FXKeychain */ = {
			isa = PBXGroup;
			children = (
				5EB86AB31C4ECCAC00C920A2 /* FXKeychain.h */,
				5EB86AB41C4ECCAC00C920A2 /* FXKeychain.m */,
			);
			path = FXKeychain;
			sourceTree = "<group>";
		};
		5EB86AB61C4ECCAC00C920A2 /* Model */ = {
			isa = PBXGroup;
			children = (
				5EB86AB81C4ECCAC00C920A2 /* Keymaster.xcdatamodeld */,
			);
			path = Model;
			sourceTree = "<group>";
		};
		5EB86ABD1C4ECCAC00C920A2 /* View */ = {
			isa = PBXGroup;
			children = (
				5EB86ABE1C4ECCAC00C920A2 /* TableViewCells */,
			);
			path = View;
			sourceTree = "<group>";
		};
		5EB86ABE1C4ECCAC00C920A2 /* TableViewCells */ = {
			isa = PBXGroup;
			children = (
				5EB86ABF1C4ECCAC00C920A2 /* AccountDomainTableViewCell.xib */,
				5EB86AC01C4ECCAC00C920A2 /* SelectSessionTableViewCell.swift */,
			);
			path = TableViewCells;
			sourceTree = "<group>";
		};
		5EB86AC11C4ECCAC00C920A2 /* ViewControllers */ = {
			isa = PBXGroup;
			children = (
				5EB86AC21C4ECCAC00C920A2 /* AccountDomainListViewController.swift */,
				5EB86AC61C4ECCAC00C920A2 /* LoginViewController.storyboard */,
				5EB86AC71C4ECCAC00C920A2 /* LoginViewController.swift */,
				5E994B021C580D69004146FC /* SelectDomainViewController-iPad.storyboard */,
				5EB86AC81C4ECCAC00C920A2 /* SelectDomainViewController.storyboard */,
				5EB86AC91C4ECCAC00C920A2 /* SelectDomainViewController.swift */,
				5EB86ACA1C4ECCAC00C920A2 /* SelectSessionListViewController.storyboard */,
				5EB86ACB1C4ECCAC00C920A2 /* SelectSessionListViewController.swift */,
			);
			path = ViewControllers;
			sourceTree = "<group>";
		};
		5EB86AE31C4ECD7800C920A2 /* Dependencies */ = {
			isa = PBXGroup;
			children = (
				49998E351E1D733A00C98AC2 /* CWNotification.framework */,
				4980F9B01DE3AC9900D71093 /* ReactiveSwift.framework */,
				493EBDA61D96383C00DCDDA2 /* Cartography.framework */,
				493EBDA81D96383C00DCDDA2 /* Kingfisher.framework */,
				4928EBD51C84DEA200799E04 /* Marshal.framework */,
				5EB86AE61C4ECDFC00C920A2 /* Result.framework */,
				5EB86AE71C4ECDFC00C920A2 /* SoLazy.framework */,
				5EB86AE81C4ECDFC00C920A2 /* SoPersistent.framework */,
				5EB86AE91C4ECDFC00C920A2 /* SoPretty.framework */,
				5EB86AEA1C4ECDFC00C920A2 /* TooLegit.framework */,
			);
			name = Dependencies;
			sourceTree = "<group>";
		};
		D32A966CB6725EF2DC50760E /* Pods */ = {
			isa = PBXGroup;
			children = (
				0F134D2C62A9857F37B60C8B /* Pods-Keymaster.debug.xcconfig */,
				A251F2C48DF69DCFCA9041C7 /* Pods-Keymaster.release.xcconfig */,
				2F688CAF429F6E7A19F4D80E /* Pods-defaults-Keymaster.debug.xcconfig */,
				85800324DC6CBACEC3AC03E8 /* Pods-defaults-Keymaster.release.xcconfig */,
			);
			name = Pods;
			sourceTree = "<group>";
		};
/* End PBXGroup section */

/* Begin PBXHeadersBuildPhase section */
		5EB86A8D1C4ECC6E00C920A2 /* Headers */ = {
			isa = PBXHeadersBuildPhase;
			buildActionMask = 2147483647;
			files = (
				5EB86ACF1C4ECCAC00C920A2 /* FXKeychain.h in Headers */,
				5EB86A931C4ECC6E00C920A2 /* Keymaster.h in Headers */,
			);
			runOnlyForDeploymentPostprocessing = 0;
		};
/* End PBXHeadersBuildPhase section */

/* Begin PBXNativeTarget section */
		5EB86A591C4ECC5400C920A2 /* Keytester */ = {
			isa = PBXNativeTarget;
			buildConfigurationList = 5EB86A821C4ECC5400C920A2 /* Build configuration list for PBXNativeTarget "Keytester" */;
			buildPhases = (
				5EB86A561C4ECC5400C920A2 /* Sources */,
				5EB86A571C4ECC5400C920A2 /* Frameworks */,
				5EB86A581C4ECC5400C920A2 /* Resources */,
				5EB86AAC1C4ECC6E00C920A2 /* Embed Frameworks */,
			);
			buildRules = (
			);
			dependencies = (
				5EB86AA41C4ECC6E00C920A2 /* PBXTargetDependency */,
			);
			name = Keytester;
			productName = Keytester;
			productReference = 5EB86A5A1C4ECC5400C920A2 /* Keytester.app */;
			productType = "com.apple.product-type.application";
		};
		5EB86A6D1C4ECC5400C920A2 /* KeytesterTests */ = {
			isa = PBXNativeTarget;
			buildConfigurationList = 5EB86A851C4ECC5400C920A2 /* Build configuration list for PBXNativeTarget "KeytesterTests" */;
			buildPhases = (
				5EB86A6A1C4ECC5400C920A2 /* Sources */,
				5EB86A6B1C4ECC5400C920A2 /* Frameworks */,
				5EB86A6C1C4ECC5400C920A2 /* Resources */,
			);
			buildRules = (
			);
			dependencies = (
				5EB86A701C4ECC5400C920A2 /* PBXTargetDependency */,
			);
			name = KeytesterTests;
			productName = KeytesterTests;
			productReference = 5EB86A6E1C4ECC5400C920A2 /* KeytesterTests.xctest */;
			productType = "com.apple.product-type.bundle.unit-test";
		};
		5EB86A781C4ECC5400C920A2 /* KeytesterUITests */ = {
			isa = PBXNativeTarget;
			buildConfigurationList = 5EB86A881C4ECC5400C920A2 /* Build configuration list for PBXNativeTarget "KeytesterUITests" */;
			buildPhases = (
				5EB86A751C4ECC5400C920A2 /* Sources */,
				5EB86A761C4ECC5400C920A2 /* Frameworks */,
				5EB86A771C4ECC5400C920A2 /* Resources */,
			);
			buildRules = (
			);
			dependencies = (
				5EB86A7B1C4ECC5400C920A2 /* PBXTargetDependency */,
			);
			name = KeytesterUITests;
			productName = KeytesterUITests;
			productReference = 5EB86A791C4ECC5400C920A2 /* KeytesterUITests.xctest */;
			productType = "com.apple.product-type.bundle.ui-testing";
		};
		5EB86A8F1C4ECC6E00C920A2 /* Keymaster */ = {
			isa = PBXNativeTarget;
			buildConfigurationList = 5EB86AAB1C4ECC6E00C920A2 /* Build configuration list for PBXNativeTarget "Keymaster" */;
			buildPhases = (
				1A3A798A33A2B2F0B5447E30 /* [CP] Check Pods Manifest.lock */,
				5EB86A8B1C4ECC6E00C920A2 /* Sources */,
				5EB86A8C1C4ECC6E00C920A2 /* Frameworks */,
				5EB86A8D1C4ECC6E00C920A2 /* Headers */,
				5EB86A8E1C4ECC6E00C920A2 /* Resources */,
				A9611B63A6BEDFE4E226F695 /* [CP] Copy Pods Resources */,
			);
			buildRules = (
			);
			dependencies = (
			);
			name = Keymaster;
			productName = Keymaster;
			productReference = 5EB86A901C4ECC6E00C920A2 /* Keymaster.framework */;
			productType = "com.apple.product-type.framework";
		};
		5EB86A981C4ECC6E00C920A2 /* KeymasterTests */ = {
			isa = PBXNativeTarget;
			buildConfigurationList = 5EB86AAD1C4ECC6E00C920A2 /* Build configuration list for PBXNativeTarget "KeymasterTests" */;
			buildPhases = (
				5EB86A951C4ECC6E00C920A2 /* Sources */,
				5EB86A961C4ECC6E00C920A2 /* Frameworks */,
				5EB86A971C4ECC6E00C920A2 /* Resources */,
			);
			buildRules = (
			);
			dependencies = (
				5EB86A9C1C4ECC6E00C920A2 /* PBXTargetDependency */,
				5EB86A9E1C4ECC6E00C920A2 /* PBXTargetDependency */,
			);
			name = KeymasterTests;
			productName = KeymasterTests;
			productReference = 5EB86A991C4ECC6E00C920A2 /* KeymasterTests.xctest */;
			productType = "com.apple.product-type.bundle.unit-test";
		};
/* End PBXNativeTarget section */

/* Begin PBXProject section */
		5EB86A521C4ECC5400C920A2 /* Project object */ = {
			isa = PBXProject;
			attributes = {
				LastSwiftUpdateCheck = 0720;
				LastUpgradeCheck = 0820;
				ORGANIZATIONNAME = "Instructure Inc";
				TargetAttributes = {
					5EB86A591C4ECC5400C920A2 = {
						CreatedOnToolsVersion = 7.2;
						DevelopmentTeam = B6333T4PXQ;
						LastSwiftMigration = 0820;
					};
					5EB86A6D1C4ECC5400C920A2 = {
						CreatedOnToolsVersion = 7.2;
						LastSwiftMigration = 0820;
						TestTargetID = 5EB86A591C4ECC5400C920A2;
					};
					5EB86A781C4ECC5400C920A2 = {
						CreatedOnToolsVersion = 7.2;
						LastSwiftMigration = 0820;
						TestTargetID = 5EB86A591C4ECC5400C920A2;
					};
					5EB86A8F1C4ECC6E00C920A2 = {
						CreatedOnToolsVersion = 7.2;
						LastSwiftMigration = 0820;
					};
					5EB86A981C4ECC6E00C920A2 = {
						CreatedOnToolsVersion = 7.2;
						LastSwiftMigration = 0820;
						TestTargetID = 5EB86A591C4ECC5400C920A2;
					};
				};
			};
			buildConfigurationList = 5EB86A551C4ECC5400C920A2 /* Build configuration list for PBXProject "Keytester" */;
			compatibilityVersion = "Xcode 3.2";
			developmentRegion = English;
			hasScannedForEncodings = 0;
			knownRegions = (
				en,
				Base,
				ar,
				da,
				de,
				"en-AU",
				"en-GB",
				es,
				fr,
				ht,
				ja,
				mi,
				nb,
				nl,
				pl,
				"pt-BR",
				pt,
				ru,
				sv,
				"zh-HK",
				zh,
			);
			mainGroup = 5EB86A511C4ECC5400C920A2;
			productRefGroup = 5EB86A5B1C4ECC5400C920A2 /* Products */;
			projectDirPath = "";
			projectRoot = "";
			targets = (
				5EB86A591C4ECC5400C920A2 /* Keytester */,
				5EB86A6D1C4ECC5400C920A2 /* KeytesterTests */,
				5EB86A781C4ECC5400C920A2 /* KeytesterUITests */,
				5EB86A8F1C4ECC6E00C920A2 /* Keymaster */,
				5EB86A981C4ECC6E00C920A2 /* KeymasterTests */,
			);
		};
/* End PBXProject section */

/* Begin PBXResourcesBuildPhase section */
		5EB86A581C4ECC5400C920A2 /* Resources */ = {
			isa = PBXResourcesBuildPhase;
			buildActionMask = 2147483647;
			files = (
				5EB86A651C4ECC5400C920A2 /* Assets.xcassets in Resources */,
				B16B5C771E253C8A00DED47B /* InfoPlist.strings in Resources */,
			);
			runOnlyForDeploymentPostprocessing = 0;
		};
		5EB86A6C1C4ECC5400C920A2 /* Resources */ = {
			isa = PBXResourcesBuildPhase;
			buildActionMask = 2147483647;
			files = (
				2CCDE2E31DA845BB00B46D87 /* InfoPlist.strings in Resources */,
			);
			runOnlyForDeploymentPostprocessing = 0;
		};
		5EB86A771C4ECC5400C920A2 /* Resources */ = {
			isa = PBXResourcesBuildPhase;
			buildActionMask = 2147483647;
			files = (
				2CCDE2CF1DA845B800B46D87 /* InfoPlist.strings in Resources */,
			);
			runOnlyForDeploymentPostprocessing = 0;
		};
		5EB86A8E1C4ECC6E00C920A2 /* Resources */ = {
			isa = PBXResourcesBuildPhase;
			buildActionMask = 2147483647;
			files = (
				5EB86AE11C4ECCAC00C920A2 /* SelectSessionListViewController.storyboard in Resources */,
				B16B5C721E253C8900DED47B /* InfoPlist.strings in Resources */,
				5EB86ADD1C4ECCAC00C920A2 /* LoginViewController.storyboard in Resources */,
				5EB86AD71C4ECCAC00C920A2 /* AccountDomainTableViewCell.xib in Resources */,
				B16B5C6D1E253C8800DED47B /* Localizable.strings in Resources */,
				5E994B031C580D69004146FC /* SelectDomainViewController-iPad.storyboard in Resources */,
				5E2BD38D1C515C06009511FB /* Keymaster.xcassets in Resources */,
				5EB86ADF1C4ECCAC00C920A2 /* SelectDomainViewController.storyboard in Resources */,
			);
			runOnlyForDeploymentPostprocessing = 0;
		};
		5EB86A971C4ECC6E00C920A2 /* Resources */ = {
			isa = PBXResourcesBuildPhase;
			buildActionMask = 2147483647;
			files = (
				2CCDE2DE1DA845BA00B46D87 /* InfoPlist.strings in Resources */,
			);
			runOnlyForDeploymentPostprocessing = 0;
		};
/* End PBXResourcesBuildPhase section */

/* Begin PBXShellScriptBuildPhase section */
		1A3A798A33A2B2F0B5447E30 /* [CP] Check Pods Manifest.lock */ = {
			isa = PBXShellScriptBuildPhase;
			buildActionMask = 2147483647;
			files = (
			);
			inputPaths = (
				"${PODS_PODFILE_DIR_PATH}/Podfile.lock",
				"${PODS_ROOT}/Manifest.lock",
			);
			name = "[CP] Check Pods Manifest.lock";
			outputPaths = (
				"$(DERIVED_FILE_DIR)/Pods-defaults-Keymaster-checkManifestLockResult.txt",
			);
			runOnlyForDeploymentPostprocessing = 0;
			shellPath = /bin/sh;
			shellScript = "diff \"${PODS_PODFILE_DIR_PATH}/Podfile.lock\" \"${PODS_ROOT}/Manifest.lock\" > /dev/null\nif [ $? != 0 ] ; then\n    # print error to STDERR\n    echo \"error: The sandbox is not in sync with the Podfile.lock. Run 'pod install' or update your CocoaPods installation.\" >&2\n    exit 1\nfi\n# This output is used by Xcode 'outputs' to avoid re-running this script phase.\necho \"SUCCESS\" > \"${SCRIPT_OUTPUT_FILE_0}\"\n";
			showEnvVarsInLog = 0;
		};
		A9611B63A6BEDFE4E226F695 /* [CP] Copy Pods Resources */ = {
			isa = PBXShellScriptBuildPhase;
			buildActionMask = 2147483647;
			files = (
			);
			inputPaths = (
			);
			name = "[CP] Copy Pods Resources";
			outputPaths = (
			);
			runOnlyForDeploymentPostprocessing = 0;
			shellPath = /bin/sh;
			shellScript = "\"${SRCROOT}/../../Pods/Target Support Files/Pods-defaults-Keymaster/Pods-defaults-Keymaster-resources.sh\"\n";
			showEnvVarsInLog = 0;
		};
/* End PBXShellScriptBuildPhase section */

/* Begin PBXSourcesBuildPhase section */
		5EB86A561C4ECC5400C920A2 /* Sources */ = {
			isa = PBXSourcesBuildPhase;
			buildActionMask = 2147483647;
			files = (
				5EB86A5E1C4ECC5400C920A2 /* AppDelegate.swift in Sources */,
			);
			runOnlyForDeploymentPostprocessing = 0;
		};
		5EB86A6A1C4ECC5400C920A2 /* Sources */ = {
			isa = PBXSourcesBuildPhase;
			buildActionMask = 2147483647;
			files = (
				5EB86A731C4ECC5400C920A2 /* KeytesterTests.swift in Sources */,
			);
			runOnlyForDeploymentPostprocessing = 0;
		};
		5EB86A751C4ECC5400C920A2 /* Sources */ = {
			isa = PBXSourcesBuildPhase;
			buildActionMask = 2147483647;
			files = (
				5EB86A7E1C4ECC5400C920A2 /* KeytesterUITests.swift in Sources */,
			);
			runOnlyForDeploymentPostprocessing = 0;
		};
		5EB86A8B1C4ECC6E00C920A2 /* Sources */ = {
			isa = PBXSourcesBuildPhase;
			buildActionMask = 2147483647;
			files = (
				5E1B50FD1C8F445D0019D764 /* AccountDomain+Network.swift in Sources */,
				5EB86AE21C4ECCAC00C920A2 /* SelectSessionListViewController.swift in Sources */,
				5E1B50FB1C8F44290019D764 /* OAuthTokenResponse.swift in Sources */,
				5EB86AD11C4ECCAC00C920A2 /* Keymaster.swift in Sources */,
				5E1B50F41C8F44230019D764 /* AccountDomain.swift in Sources */,
				5E1B50F91C8F44290019D764 /* MobileVerifier.swift in Sources */,
				2CCDE3531DABDC1300B46D87 /* NSBundle+Keymaster.swift in Sources */,
				5EB86ACE1C4ECCAC00C920A2 /* UIView+RoundCorners.swift in Sources */,
				5EB86ADE1C4ECCAC00C920A2 /* LoginViewController.swift in Sources */,
				5E1B51011C8F464C0019D764 /* Session+AccountDomain.swift in Sources */,
				5EB86AE01C4ECCAC00C920A2 /* SelectDomainViewController.swift in Sources */,
				5EB86AD01C4ECCAC00C920A2 /* FXKeychain.m in Sources */,
				5E1B50FA1C8F44290019D764 /* MobileVerifyResponse.swift in Sources */,
				5EB86AD91C4ECCAC00C920A2 /* AccountDomainListViewController.swift in Sources */,
				5EB86AD81C4ECCAC00C920A2 /* SelectSessionTableViewCell.swift in Sources */,
				5EB86ACC1C4ECCAC00C920A2 /* String+Domainify.swift in Sources */,
				5EB86ACD1C4ECCAC00C920A2 /* UIImage+Color.swift in Sources */,
				5E1B50FF1C8F45770019D764 /* AccountDomain+Collections.swift in Sources */,
				5EB86AD31C4ECCAC00C920A2 /* Keymaster.xcdatamodeld in Sources */,
			);
			runOnlyForDeploymentPostprocessing = 0;
		};
		5EB86A951C4ECC6E00C920A2 /* Sources */ = {
			isa = PBXSourcesBuildPhase;
			buildActionMask = 2147483647;
			files = (
				5EB86AA11C4ECC6E00C920A2 /* KeymasterTests.swift in Sources */,
			);
			runOnlyForDeploymentPostprocessing = 0;
		};
/* End PBXSourcesBuildPhase section */

/* Begin PBXTargetDependency section */
		5EB86A701C4ECC5400C920A2 /* PBXTargetDependency */ = {
			isa = PBXTargetDependency;
			target = 5EB86A591C4ECC5400C920A2 /* Keytester */;
			targetProxy = 5EB86A6F1C4ECC5400C920A2 /* PBXContainerItemProxy */;
		};
		5EB86A7B1C4ECC5400C920A2 /* PBXTargetDependency */ = {
			isa = PBXTargetDependency;
			target = 5EB86A591C4ECC5400C920A2 /* Keytester */;
			targetProxy = 5EB86A7A1C4ECC5400C920A2 /* PBXContainerItemProxy */;
		};
		5EB86A9C1C4ECC6E00C920A2 /* PBXTargetDependency */ = {
			isa = PBXTargetDependency;
			target = 5EB86A8F1C4ECC6E00C920A2 /* Keymaster */;
			targetProxy = 5EB86A9B1C4ECC6E00C920A2 /* PBXContainerItemProxy */;
		};
		5EB86A9E1C4ECC6E00C920A2 /* PBXTargetDependency */ = {
			isa = PBXTargetDependency;
			target = 5EB86A591C4ECC5400C920A2 /* Keytester */;
			targetProxy = 5EB86A9D1C4ECC6E00C920A2 /* PBXContainerItemProxy */;
		};
		5EB86AA41C4ECC6E00C920A2 /* PBXTargetDependency */ = {
			isa = PBXTargetDependency;
			target = 5EB86A8F1C4ECC6E00C920A2 /* Keymaster */;
			targetProxy = 5EB86AA31C4ECC6E00C920A2 /* PBXContainerItemProxy */;
		};
/* End PBXTargetDependency section */

/* Begin PBXVariantGroup section */
		2CCDE2D11DA845B800B46D87 /* InfoPlist.strings */ = {
			isa = PBXVariantGroup;
			children = (
				2CCDE2D01DA845B800B46D87 /* ar */,
				2CCDE2E71DA8462200B46D87 /* da */,
				2CCDE2ED1DABD69B00B46D87 /* de */,
				2CCDE2F31DABD6AB00B46D87 /* en-AU */,
				2CCDE2F91DABD6BF00B46D87 /* en-GB */,
				2CCDE2FF1DABD6DA00B46D87 /* es */,
				2CCDE3051DABD6E700B46D87 /* fr */,
				2CCDE30B1DABD6FC00B46D87 /* ht */,
				2CCDE3111DABD70600B46D87 /* ja */,
				2CCDE3171DABD71100B46D87 /* mi */,
				2CCDE31D1DABD71D00B46D87 /* nb */,
				2CCDE3231DABD73D00B46D87 /* nl */,
				2CCDE3291DABD74D00B46D87 /* pl */,
				2CCDE32F1DABD76200B46D87 /* pt-BR */,
				2CCDE3351DABD78300B46D87 /* pt */,
				2CCDE33B1DABD78E00B46D87 /* ru */,
				2CCDE3411DABD79900B46D87 /* sv */,
				2CCDE3471DABD7A500B46D87 /* zh-HK */,
				2CCDE34D1DABD7B500B46D87 /* zh */,
			);
			name = InfoPlist.strings;
			sourceTree = "<group>";
		};
		2CCDE2E01DA845BA00B46D87 /* InfoPlist.strings */ = {
			isa = PBXVariantGroup;
			children = (
				2CCDE2DF1DA845BA00B46D87 /* ar */,
				2CCDE2EA1DA8462300B46D87 /* da */,
				2CCDE2F01DABD69C00B46D87 /* de */,
				2CCDE2F61DABD6AD00B46D87 /* en-AU */,
				2CCDE2FC1DABD6C000B46D87 /* en-GB */,
				2CCDE3021DABD6DB00B46D87 /* es */,
				2CCDE3081DABD6E800B46D87 /* fr */,
				2CCDE30E1DABD6FD00B46D87 /* ht */,
				2CCDE3141DABD70700B46D87 /* ja */,
				2CCDE31A1DABD71200B46D87 /* mi */,
				2CCDE3201DABD71F00B46D87 /* nb */,
				2CCDE3261DABD73F00B46D87 /* nl */,
				2CCDE32C1DABD74E00B46D87 /* pl */,
				2CCDE3321DABD76300B46D87 /* pt-BR */,
				2CCDE3381DABD78400B46D87 /* pt */,
				2CCDE33E1DABD78F00B46D87 /* ru */,
				2CCDE3441DABD79A00B46D87 /* sv */,
				2CCDE34A1DABD7A900B46D87 /* zh-HK */,
				2CCDE3501DABD7B700B46D87 /* zh */,
			);
			name = InfoPlist.strings;
			sourceTree = "<group>";
		};
		2CCDE2E51DA845BB00B46D87 /* InfoPlist.strings */ = {
			isa = PBXVariantGroup;
			children = (
				2CCDE2E41DA845BB00B46D87 /* ar */,
				2CCDE2EB1DA8462300B46D87 /* da */,
				2CCDE2F11DABD69C00B46D87 /* de */,
				2CCDE2F71DABD6AD00B46D87 /* en-AU */,
				2CCDE2FD1DABD6C100B46D87 /* en-GB */,
				2CCDE3031DABD6DC00B46D87 /* es */,
				2CCDE3091DABD6E900B46D87 /* fr */,
				2CCDE30F1DABD6FD00B46D87 /* ht */,
				2CCDE3151DABD70800B46D87 /* ja */,
				2CCDE31B1DABD71300B46D87 /* mi */,
				2CCDE3211DABD71F00B46D87 /* nb */,
				2CCDE3271DABD73F00B46D87 /* nl */,
				2CCDE32D1DABD75000B46D87 /* pl */,
				2CCDE3331DABD76400B46D87 /* pt-BR */,
				2CCDE3391DABD78400B46D87 /* pt */,
				2CCDE33F1DABD78F00B46D87 /* ru */,
				2CCDE3451DABD79B00B46D87 /* sv */,
				2CCDE34B1DABD7A900B46D87 /* zh-HK */,
				2CCDE3511DABD7B700B46D87 /* zh */,
			);
			name = InfoPlist.strings;
			sourceTree = "<group>";
		};
		B16B5C6F1E253C8800DED47B /* Localizable.strings */ = {
			isa = PBXVariantGroup;
			children = (
				B16B5C6E1E253C8800DED47B /* ar */,
				B16B5C7A1E253F3400DED47B /* zh */,
				B16B5C7D1E253F4400DED47B /* zh-HK */,
				B16B5C801E253F4F00DED47B /* da */,
				B16B5C831E253F6300DED47B /* nl */,
				B16B5C861E253F7700DED47B /* en-AU */,
				B16B5C891E253F8600DED47B /* en-GB */,
				B16B5C8C1E253F9B00DED47B /* fr */,
				B16B5C8F1E253FAC00DED47B /* de */,
				B16B5C921E253FBD00DED47B /* ht */,
				B16B5C951E253FCE00DED47B /* ja */,
				B16B5C981E253FDD00DED47B /* mi */,
				B16B5C9B1E253FE900DED47B /* nb */,
				B16B5C9E1E253FF600DED47B /* pl */,
				B16B5CA11E25400200DED47B /* pt */,
				B16B5CA41E2546BF00DED47B /* ru */,
				B16B5CA71E25471700DED47B /* pt-BR */,
				B16B5CAA1E25472900DED47B /* es */,
				B16B5CAD1E25474100DED47B /* sv */,
			);
			name = Localizable.strings;
			sourceTree = "<group>";
		};
		B16B5C741E253C8900DED47B /* InfoPlist.strings */ = {
			isa = PBXVariantGroup;
			children = (
				B16B5C731E253C8900DED47B /* ar */,
				B16B5C7B1E253F3500DED47B /* zh */,
				B16B5C7E1E253F4400DED47B /* zh-HK */,
				B16B5C811E253F5000DED47B /* da */,
				B16B5C841E253F6400DED47B /* nl */,
				B16B5C871E253F7800DED47B /* en-AU */,
				B16B5C8A1E253F8700DED47B /* en-GB */,
				B16B5C8D1E253F9B00DED47B /* fr */,
				B16B5C901E253FAD00DED47B /* de */,
				B16B5C931E253FBE00DED47B /* ht */,
				B16B5C961E253FCF00DED47B /* ja */,
				B16B5C991E253FDE00DED47B /* mi */,
				B16B5C9C1E253FEA00DED47B /* nb */,
				B16B5C9F1E253FF700DED47B /* pl */,
				B16B5CA21E25400300DED47B /* pt */,
				B16B5CA51E2546C000DED47B /* ru */,
				B16B5CA81E25471800DED47B /* pt-BR */,
				B16B5CAB1E25472A00DED47B /* es */,
				B16B5CAE1E25474200DED47B /* sv */,
			);
			name = InfoPlist.strings;
			sourceTree = "<group>";
		};
		B16B5C791E253C8A00DED47B /* InfoPlist.strings */ = {
			isa = PBXVariantGroup;
			children = (
				B16B5C781E253C8A00DED47B /* ar */,
				B16B5C7C1E253F3600DED47B /* zh */,
				B16B5C7F1E253F4500DED47B /* zh-HK */,
				B16B5C821E253F5000DED47B /* da */,
				B16B5C851E253F6400DED47B /* nl */,
				B16B5C881E253F7900DED47B /* en-AU */,
				B16B5C8B1E253F8800DED47B /* en-GB */,
				B16B5C8E1E253F9C00DED47B /* fr */,
				B16B5C911E253FAE00DED47B /* de */,
				B16B5C941E253FBF00DED47B /* ht */,
				B16B5C971E253FCF00DED47B /* ja */,
				B16B5C9A1E253FDE00DED47B /* mi */,
				B16B5C9D1E253FEB00DED47B /* nb */,
				B16B5CA01E253FF700DED47B /* pl */,
				B16B5CA31E25400400DED47B /* pt */,
				B16B5CA61E2546C100DED47B /* ru */,
				B16B5CA91E25471900DED47B /* pt-BR */,
				B16B5CAC1E25472B00DED47B /* es */,
				B16B5CAF1E25474300DED47B /* sv */,
			);
			name = InfoPlist.strings;
			sourceTree = "<group>";
		};
/* End PBXVariantGroup section */

/* Begin XCBuildConfiguration section */
		5EB86A801C4ECC5400C920A2 /* Debug */ = {
			isa = XCBuildConfiguration;
			buildSettings = {
				ALWAYS_SEARCH_USER_PATHS = NO;
				CLANG_ANALYZER_LOCALIZABILITY_NONLOCALIZED = YES;
				CLANG_CXX_LANGUAGE_STANDARD = "gnu++0x";
				CLANG_CXX_LIBRARY = "libc++";
				CLANG_ENABLE_MODULES = YES;
				CLANG_ENABLE_OBJC_ARC = YES;
				CLANG_WARN_BOOL_CONVERSION = YES;
				CLANG_WARN_CONSTANT_CONVERSION = YES;
				CLANG_WARN_DIRECT_OBJC_ISA_USAGE = YES_ERROR;
				CLANG_WARN_EMPTY_BODY = YES;
				CLANG_WARN_ENUM_CONVERSION = YES;
				CLANG_WARN_INFINITE_RECURSION = YES;
				CLANG_WARN_INT_CONVERSION = YES;
				CLANG_WARN_OBJC_ROOT_CLASS = YES_ERROR;
				CLANG_WARN_SUSPICIOUS_MOVE = YES;
				CLANG_WARN_UNREACHABLE_CODE = YES;
				CLANG_WARN__DUPLICATE_METHOD_MATCH = YES;
				"CODE_SIGN_IDENTITY[sdk=iphoneos*]" = "iPhone Developer";
				COPY_PHASE_STRIP = NO;
				DEBUG_INFORMATION_FORMAT = dwarf;
				ENABLE_STRICT_OBJC_MSGSEND = YES;
				ENABLE_TESTABILITY = YES;
				GCC_C_LANGUAGE_STANDARD = gnu99;
				GCC_DYNAMIC_NO_PIC = NO;
				GCC_NO_COMMON_BLOCKS = YES;
				GCC_OPTIMIZATION_LEVEL = 0;
				GCC_PREPROCESSOR_DEFINITIONS = (
					"DEBUG=1",
					"$(inherited)",
				);
				GCC_WARN_64_TO_32_BIT_CONVERSION = YES;
				GCC_WARN_ABOUT_RETURN_TYPE = YES_ERROR;
				GCC_WARN_UNDECLARED_SELECTOR = YES;
				GCC_WARN_UNINITIALIZED_AUTOS = YES_AGGRESSIVE;
				GCC_WARN_UNUSED_FUNCTION = YES;
				GCC_WARN_UNUSED_VARIABLE = YES;
				IPHONEOS_DEPLOYMENT_TARGET = 9.2;
				MTL_ENABLE_DEBUG_INFO = YES;
				ONLY_ACTIVE_ARCH = YES;
				SDKROOT = iphoneos;
				SWIFT_OPTIMIZATION_LEVEL = "-Onone";
				SWIFT_VERSION = 2.3;
				TARGETED_DEVICE_FAMILY = "1,2";
			};
			name = Debug;
		};
		5EB86A811C4ECC5400C920A2 /* Release */ = {
			isa = XCBuildConfiguration;
			buildSettings = {
				ALWAYS_SEARCH_USER_PATHS = NO;
				CLANG_ANALYZER_LOCALIZABILITY_NONLOCALIZED = YES;
				CLANG_CXX_LANGUAGE_STANDARD = "gnu++0x";
				CLANG_CXX_LIBRARY = "libc++";
				CLANG_ENABLE_MODULES = YES;
				CLANG_ENABLE_OBJC_ARC = YES;
				CLANG_WARN_BOOL_CONVERSION = YES;
				CLANG_WARN_CONSTANT_CONVERSION = YES;
				CLANG_WARN_DIRECT_OBJC_ISA_USAGE = YES_ERROR;
				CLANG_WARN_EMPTY_BODY = YES;
				CLANG_WARN_ENUM_CONVERSION = YES;
				CLANG_WARN_INFINITE_RECURSION = YES;
				CLANG_WARN_INT_CONVERSION = YES;
				CLANG_WARN_OBJC_ROOT_CLASS = YES_ERROR;
				CLANG_WARN_SUSPICIOUS_MOVE = YES;
				CLANG_WARN_UNREACHABLE_CODE = YES;
				CLANG_WARN__DUPLICATE_METHOD_MATCH = YES;
				"CODE_SIGN_IDENTITY[sdk=iphoneos*]" = "iPhone Developer";
				COPY_PHASE_STRIP = NO;
				DEBUG_INFORMATION_FORMAT = "dwarf-with-dsym";
				ENABLE_NS_ASSERTIONS = NO;
				ENABLE_STRICT_OBJC_MSGSEND = YES;
				GCC_C_LANGUAGE_STANDARD = gnu99;
				GCC_NO_COMMON_BLOCKS = YES;
				GCC_WARN_64_TO_32_BIT_CONVERSION = YES;
				GCC_WARN_ABOUT_RETURN_TYPE = YES_ERROR;
				GCC_WARN_UNDECLARED_SELECTOR = YES;
				GCC_WARN_UNINITIALIZED_AUTOS = YES_AGGRESSIVE;
				GCC_WARN_UNUSED_FUNCTION = YES;
				GCC_WARN_UNUSED_VARIABLE = YES;
				IPHONEOS_DEPLOYMENT_TARGET = 9.2;
				MTL_ENABLE_DEBUG_INFO = NO;
				SDKROOT = iphoneos;
				SWIFT_OPTIMIZATION_LEVEL = "-Owholemodule";
				SWIFT_VERSION = 2.3;
				TARGETED_DEVICE_FAMILY = "1,2";
				VALIDATE_PRODUCT = YES;
			};
			name = Release;
		};
		5EB86A831C4ECC5400C920A2 /* Debug */ = {
			isa = XCBuildConfiguration;
			buildSettings = {
				ALWAYS_EMBED_SWIFT_STANDARD_LIBRARIES = YES;
				ASSETCATALOG_COMPILER_APPICON_NAME = AppIcon;
				DEVELOPMENT_TEAM = B6333T4PXQ;
				INFOPLIST_FILE = Keytester/Info.plist;
				LD_RUNPATH_SEARCH_PATHS = "$(inherited) @executable_path/Frameworks";
				PRODUCT_BUNDLE_IDENTIFIER = com.instructure.Keytester;
				PRODUCT_NAME = "$(TARGET_NAME)";
				SWIFT_VERSION = 3.0;
			};
			name = Debug;
		};
		5EB86A841C4ECC5400C920A2 /* Release */ = {
			isa = XCBuildConfiguration;
			buildSettings = {
				ALWAYS_EMBED_SWIFT_STANDARD_LIBRARIES = YES;
				ASSETCATALOG_COMPILER_APPICON_NAME = AppIcon;
				DEVELOPMENT_TEAM = B6333T4PXQ;
				INFOPLIST_FILE = Keytester/Info.plist;
				LD_RUNPATH_SEARCH_PATHS = "$(inherited) @executable_path/Frameworks";
				PRODUCT_BUNDLE_IDENTIFIER = com.instructure.Keytester;
				PRODUCT_NAME = "$(TARGET_NAME)";
				SWIFT_VERSION = 3.0;
			};
			name = Release;
		};
		5EB86A861C4ECC5400C920A2 /* Debug */ = {
			isa = XCBuildConfiguration;
			buildSettings = {
				BUNDLE_LOADER = "$(TEST_HOST)";
				INFOPLIST_FILE = KeytesterTests/Info.plist;
				LD_RUNPATH_SEARCH_PATHS = "$(inherited) @executable_path/Frameworks @loader_path/Frameworks";
				PRODUCT_BUNDLE_IDENTIFIER = com.instructure.KeytesterTests;
				PRODUCT_NAME = "$(TARGET_NAME)";
				SWIFT_VERSION = 3.0;
				TEST_HOST = "$(BUILT_PRODUCTS_DIR)/Keytester.app/Keytester";
			};
			name = Debug;
		};
		5EB86A871C4ECC5400C920A2 /* Release */ = {
			isa = XCBuildConfiguration;
			buildSettings = {
				BUNDLE_LOADER = "$(TEST_HOST)";
				INFOPLIST_FILE = KeytesterTests/Info.plist;
				LD_RUNPATH_SEARCH_PATHS = "$(inherited) @executable_path/Frameworks @loader_path/Frameworks";
				PRODUCT_BUNDLE_IDENTIFIER = com.instructure.KeytesterTests;
				PRODUCT_NAME = "$(TARGET_NAME)";
				SWIFT_VERSION = 3.0;
				TEST_HOST = "$(BUILT_PRODUCTS_DIR)/Keytester.app/Keytester";
			};
			name = Release;
		};
		5EB86A891C4ECC5400C920A2 /* Debug */ = {
			isa = XCBuildConfiguration;
			buildSettings = {
				INFOPLIST_FILE = KeytesterUITests/Info.plist;
				LD_RUNPATH_SEARCH_PATHS = "$(inherited) @executable_path/Frameworks @loader_path/Frameworks";
				PRODUCT_BUNDLE_IDENTIFIER = com.instructure.KeytesterUITests;
				PRODUCT_NAME = "$(TARGET_NAME)";
				SWIFT_VERSION = 3.0;
				TEST_TARGET_NAME = Keytester;
				USES_XCTRUNNER = YES;
			};
			name = Debug;
		};
		5EB86A8A1C4ECC5400C920A2 /* Release */ = {
			isa = XCBuildConfiguration;
			buildSettings = {
				INFOPLIST_FILE = KeytesterUITests/Info.plist;
				LD_RUNPATH_SEARCH_PATHS = "$(inherited) @executable_path/Frameworks @loader_path/Frameworks";
				PRODUCT_BUNDLE_IDENTIFIER = com.instructure.KeytesterUITests;
				PRODUCT_NAME = "$(TARGET_NAME)";
				SWIFT_VERSION = 3.0;
				TEST_TARGET_NAME = Keytester;
				USES_XCTRUNNER = YES;
			};
			name = Release;
		};
		5EB86AA71C4ECC6E00C920A2 /* Debug */ = {
			isa = XCBuildConfiguration;
			baseConfigurationReference = 2F688CAF429F6E7A19F4D80E /* Pods-defaults-Keymaster.debug.xcconfig */;
			buildSettings = {
				APPLICATION_EXTENSION_API_ONLY = YES;
				CLANG_ENABLE_MODULES = YES;
				"CODE_SIGN_IDENTITY[sdk=iphoneos*]" = "";
				CURRENT_PROJECT_VERSION = 1;
				DEFINES_MODULE = YES;
				DYLIB_COMPATIBILITY_VERSION = 1;
				DYLIB_CURRENT_VERSION = 1;
				DYLIB_INSTALL_NAME_BASE = "@rpath";
				INFOPLIST_FILE = Keymaster/Info.plist;
				INSTALL_PATH = "$(LOCAL_LIBRARY_DIR)/Frameworks";
				IPHONEOS_DEPLOYMENT_TARGET = 10.0;
				LD_RUNPATH_SEARCH_PATHS = "$(inherited) @executable_path/Frameworks @loader_path/Frameworks";
				PRODUCT_BUNDLE_IDENTIFIER = com.instructure.Keymaster;
				PRODUCT_NAME = "$(TARGET_NAME)";
				SKIP_INSTALL = YES;
				SWIFT_OPTIMIZATION_LEVEL = "-Onone";
				SWIFT_VERSION = 3.0;
				VERSIONING_SYSTEM = "apple-generic";
				VERSION_INFO_PREFIX = "";
			};
			name = Debug;
		};
		5EB86AA81C4ECC6E00C920A2 /* Release */ = {
			isa = XCBuildConfiguration;
			baseConfigurationReference = 85800324DC6CBACEC3AC03E8 /* Pods-defaults-Keymaster.release.xcconfig */;
			buildSettings = {
				APPLICATION_EXTENSION_API_ONLY = YES;
				CLANG_ENABLE_MODULES = YES;
				"CODE_SIGN_IDENTITY[sdk=iphoneos*]" = "";
				CURRENT_PROJECT_VERSION = 1;
				DEFINES_MODULE = YES;
				DYLIB_COMPATIBILITY_VERSION = 1;
				DYLIB_CURRENT_VERSION = 1;
				DYLIB_INSTALL_NAME_BASE = "@rpath";
				INFOPLIST_FILE = Keymaster/Info.plist;
				INSTALL_PATH = "$(LOCAL_LIBRARY_DIR)/Frameworks";
				IPHONEOS_DEPLOYMENT_TARGET = 10.0;
				LD_RUNPATH_SEARCH_PATHS = "$(inherited) @executable_path/Frameworks @loader_path/Frameworks";
				PRODUCT_BUNDLE_IDENTIFIER = com.instructure.Keymaster;
				PRODUCT_NAME = "$(TARGET_NAME)";
				SKIP_INSTALL = YES;
				SWIFT_VERSION = 3.0;
				VERSIONING_SYSTEM = "apple-generic";
				VERSION_INFO_PREFIX = "";
			};
			name = Release;
		};
		5EB86AA91C4ECC6E00C920A2 /* Debug */ = {
			isa = XCBuildConfiguration;
			buildSettings = {
				INFOPLIST_FILE = KeymasterTests/Info.plist;
				LD_RUNPATH_SEARCH_PATHS = "$(inherited) @executable_path/Frameworks @loader_path/Frameworks";
				PRODUCT_BUNDLE_IDENTIFIER = com.instructure.KeymasterTests;
				PRODUCT_NAME = "$(TARGET_NAME)";
				SWIFT_VERSION = 3.0;
				TEST_HOST = "$(BUILT_PRODUCTS_DIR)/Keytester.app/Keytester";
			};
			name = Debug;
		};
		5EB86AAA1C4ECC6E00C920A2 /* Release */ = {
			isa = XCBuildConfiguration;
			buildSettings = {
				INFOPLIST_FILE = KeymasterTests/Info.plist;
				LD_RUNPATH_SEARCH_PATHS = "$(inherited) @executable_path/Frameworks @loader_path/Frameworks";
				PRODUCT_BUNDLE_IDENTIFIER = com.instructure.KeymasterTests;
				PRODUCT_NAME = "$(TARGET_NAME)";
				SWIFT_VERSION = 3.0;
				TEST_HOST = "$(BUILT_PRODUCTS_DIR)/Keytester.app/Keytester";
			};
			name = Release;
		};
/* End XCBuildConfiguration section */

/* Begin XCConfigurationList section */
		5EB86A551C4ECC5400C920A2 /* Build configuration list for PBXProject "Keytester" */ = {
			isa = XCConfigurationList;
			buildConfigurations = (
				5EB86A801C4ECC5400C920A2 /* Debug */,
				5EB86A811C4ECC5400C920A2 /* Release */,
			);
			defaultConfigurationIsVisible = 0;
			defaultConfigurationName = Release;
		};
		5EB86A821C4ECC5400C920A2 /* Build configuration list for PBXNativeTarget "Keytester" */ = {
			isa = XCConfigurationList;
			buildConfigurations = (
				5EB86A831C4ECC5400C920A2 /* Debug */,
				5EB86A841C4ECC5400C920A2 /* Release */,
			);
			defaultConfigurationIsVisible = 0;
			defaultConfigurationName = Release;
		};
		5EB86A851C4ECC5400C920A2 /* Build configuration list for PBXNativeTarget "KeytesterTests" */ = {
			isa = XCConfigurationList;
			buildConfigurations = (
				5EB86A861C4ECC5400C920A2 /* Debug */,
				5EB86A871C4ECC5400C920A2 /* Release */,
			);
			defaultConfigurationIsVisible = 0;
			defaultConfigurationName = Release;
		};
		5EB86A881C4ECC5400C920A2 /* Build configuration list for PBXNativeTarget "KeytesterUITests" */ = {
			isa = XCConfigurationList;
			buildConfigurations = (
				5EB86A891C4ECC5400C920A2 /* Debug */,
				5EB86A8A1C4ECC5400C920A2 /* Release */,
			);
			defaultConfigurationIsVisible = 0;
			defaultConfigurationName = Release;
		};
		5EB86AAB1C4ECC6E00C920A2 /* Build configuration list for PBXNativeTarget "Keymaster" */ = {
			isa = XCConfigurationList;
			buildConfigurations = (
				5EB86AA71C4ECC6E00C920A2 /* Debug */,
				5EB86AA81C4ECC6E00C920A2 /* Release */,
			);
			defaultConfigurationIsVisible = 0;
			defaultConfigurationName = Release;
		};
		5EB86AAD1C4ECC6E00C920A2 /* Build configuration list for PBXNativeTarget "KeymasterTests" */ = {
			isa = XCConfigurationList;
			buildConfigurations = (
				5EB86AA91C4ECC6E00C920A2 /* Debug */,
				5EB86AAA1C4ECC6E00C920A2 /* Release */,
			);
			defaultConfigurationIsVisible = 0;
			defaultConfigurationName = Release;
		};
/* End XCConfigurationList section */

/* Begin XCVersionGroup section */
		5EB86AB81C4ECCAC00C920A2 /* Keymaster.xcdatamodeld */ = {
			isa = XCVersionGroup;
			children = (
				5EB86AB91C4ECCAC00C920A2 /* Keymaster.xcdatamodel */,
			);
			currentVersion = 5EB86AB91C4ECCAC00C920A2 /* Keymaster.xcdatamodel */;
			path = Keymaster.xcdatamodeld;
			sourceTree = "<group>";
			versionGroupType = wrapper.xcdatamodel;
		};
/* End XCVersionGroup section */
	};
	rootObject = 5EB86A521C4ECC5400C920A2 /* Project object */;
}
