PODS:
  - AFNetworking (3.1.0):
    - AFNetworking/NSURLSession (= 3.1.0)
    - AFNetworking/Reachability (= 3.1.0)
    - AFNetworking/Security (= 3.1.0)
    - AFNetworking/Serialization (= 3.1.0)
    - AFNetworking/UIKit (= 3.1.0)
  - AFNetworking/NSURLSession (3.1.0):
    - AFNetworking/Reachability
    - AFNetworking/Security
    - AFNetworking/Serialization
  - AFNetworking/Reachability (3.1.0)
  - AFNetworking/Security (3.1.0)
  - AFNetworking/Serialization (3.1.0)
  - AFNetworking/UIKit (3.1.0):
    - AFNetworking/NSURLSession
  - Armchair (0.3.0)
  - Cartography (1.1.0)
  - CocoaLumberjack (2.4.0):
    - CocoaLumberjack/Default (= 2.4.0)
    - CocoaLumberjack/Extensions (= 2.4.0)
  - CocoaLumberjack/Core (2.4.0)
  - CocoaLumberjack/Default (2.4.0):
    - CocoaLumberjack/Core
  - CocoaLumberjack/Extensions (2.4.0):
    - CocoaLumberjack/Default
  - Crashlytics (3.8.6):
    - Fabric (~> 1.6.3)
  - CWStatusBarNotification (2.3.5)
  - DeviceKit (1.2.3)
  - DVR (1.0.1)
  - Eureka (3.0.0)
  - Fabric (1.6.13)
  - FirebaseAnalytics (3.9.0):
    - FirebaseCore (~> 3.6)
    - FirebaseInstanceID (~> 1.0)
    - GoogleToolboxForMac/NSData+zlib (~> 2.1)
  - FirebaseCore (3.6.0):
    - GoogleToolboxForMac/NSData+zlib (~> 2.1)
  - FirebaseInstanceID (1.0.10):
    - FirebaseCore (~> 3.6)
  - FXKeychain (1.5.3)
  - Google/Analytics (3.1.0):
    - Google/Core
    - GoogleAnalytics (~> 3.12)
  - Google/Core (3.1.0):
    - FirebaseAnalytics (~> 3.2)
  - GoogleAnalytics (3.17.0)
  - GoogleToolboxForMac/Defines (2.1.1)
  - GoogleToolboxForMac/NSData+zlib (2.1.1):
    - GoogleToolboxForMac/Defines (= 2.1.1)
  - JSTokenField (1.1)
  - Kingfisher (3.12.2)
  - Mantle (1.5.8):
    - Mantle/extobjc (= 1.5.8)
  - Mantle/extobjc (1.5.8)
  - Marshal (1.2.4)
  - Masonry (1.0.2)
  - Nimble (7.0.1)
  - PocketSVG (2.2.1)
  - Quick (1.1.0)
  - Reachability (3.2)
  - ReactiveCocoa (5.0.4):
    - ReactiveSwift (~> 1.1)
  - ReactiveObjC (3.0.0)
  - ReactiveObjCBridge (1.1.0):
    - ReactiveObjC (~> 3.0.0)
    - ReactiveSwift (~> 1.1.5)
  - ReactiveSwift (1.1.5):
    - Result (~> 3.2)
  - Result (3.2.3)
  - SDWebImage (4.1.0):
    - SDWebImage/Core (= 4.1.0)
  - SDWebImage/Core (4.1.0)
  - SVProgressHUD (2.1.2)
  - TBBModal (1.0.2)
  - TPKeyboardAvoiding (1.3.1)

DEPENDENCIES:
  - AFNetworking (~> 3.0)
  - Armchair (~> 0.3)
  - Cartography (~> 1.1)
  - CocoaLumberjack (~> 2.4.0)
  - Crashlytics (~> 3.8)
  - CWStatusBarNotification (from `https://github.com/derrh/CWStatusBarNotification.git`, branch `framework`)
  - DeviceKit (~> 1.0)
  - DVR (~> 1.0)
  - Eureka (from `https://github.com/xmartlabs/Eureka`, branch `feature/Xcode9-Swift3_2`)
  - Fabric (~> 1.6)
  - FXKeychain (~> 1.5)
  - Google/Analytics
  - JSTokenField (~> 1.1)
  - Kingfisher (~> 3.2)
  - Mantle (~> 1.5.5)
  - Marshal (~> 1.1)
  - Masonry (~> 1.0)
  - Nimble (~> 7.0)
  - PocketSVG (~> 2.2)
  - Quick (~> 1.1)
  - Reachability (~> 3.2)
  - ReactiveCocoa (~> 5.0)
  - ReactiveObjC (~> 3.0)
  - ReactiveObjCBridge (~> 1.1)
  - ReactiveSwift
  - Result (~> 3.2)
  - SDWebImage (~> 4.1)
  - SVProgressHUD (~> 2.0)
  - TBBModal (~> 1.0)
  - TPKeyboardAvoiding (~> 1.3)

EXTERNAL SOURCES:
  CWStatusBarNotification:
    :branch: framework
    :git: https://github.com/derrh/CWStatusBarNotification.git
  Eureka:
    :branch: feature/Xcode9-Swift3_2
    :git: https://github.com/xmartlabs/Eureka

CHECKOUT OPTIONS:
  CWStatusBarNotification:
    :commit: 24a00b088865aa836e66dc0a6abbf341696a4ad8
    :git: https://github.com/derrh/CWStatusBarNotification.git
  Eureka:
    :commit: 170433bedb6db4228da60eb6c866156b6b29e666
    :git: https://github.com/xmartlabs/Eureka

SPEC CHECKSUMS:
  AFNetworking: 5e0e199f73d8626b11e79750991f5d173d1f8b67
  Armchair: c8eca9bdca868fd6f7155eee73ba70a1278b0655
  Cartography: 0538ccb4044acbbda2266335fc58cb4228794d90
  CocoaLumberjack: aa9dcab71bdf9eaf2a63bbd9ddc87863efe45457
  Crashlytics: 95d05f4e4c19a771250c4bd9ce344d996de32bbf
  CWStatusBarNotification: 3d2738b25c3207f60cc50201388d3c96182545ff
  DeviceKit: f33cbc6e67d9bb416e42dedc647557c7c2f6d3d7
  DVR: 48f5f24790d12eddaba28e6d279c11e11e4bc1fb
  Eureka: 5b9418d7bfdc21ca977d69d124a6409f3e9af2c7
  Fabric: 2fb5676bc811af011a04513451f463dac6803206
  FirebaseAnalytics: e5fe8486efc01bec33f6bf82e2fa9fce4b124052
  FirebaseCore: 9691ee2ade70c098d7cf92440f4303f16d83ca75
  FirebaseInstanceID: b9eedd6846fb5e1f0f7279e1deaa7a7e4cf8392e
  FXKeychain: 2fe54573946ffef634f4e2a2851e6c8f4ea15e76
  Google: 98da4b1a60ed0beb80a290387a28333406a1eb90
  GoogleAnalytics: f42cc53a87a51fe94334821868d9c8481ff47a7b
  GoogleToolboxForMac: 8e329f1b599f2512c6b10676d45736bcc2cbbeb0
  JSTokenField: f619bc91e942f05b2bf4e67fe46aabd9e7891f5a
  Kingfisher: 320626678acadfcf47008b3c6841cd882050737b
  Mantle: f03b2b606c3f0cabd80214ad8a2fed6b464a7359
  Marshal: 8e04e6624e506921db7143b0bfd83caee03f32d6
  Masonry: 7c429b56da9d4ee0bbb3ed77a5ea710d6a5df39e
  Nimble: 657d000e11df8aebe27cdaf9d244de7f30ed87f7
  PocketSVG: 51c4d5cb9ae7623d4494f439f69747394bad5d67
  Quick: dafc587e21eed9f4cab3249b9f9015b0b7a7f71d
  Reachability: 33e18b67625424e47b6cde6d202dce689ad7af96
  ReactiveCocoa: b31e754d15937811ede648fc83cd68f5de70a3d4
  ReactiveObjC: ce79989e8684b9086b5f8d0c74bc7b81a8729c9e
  ReactiveObjCBridge: 8a8623e1d5b8f7bb14e5f6eaef94e4a1aa159d51
  ReactiveSwift: 3fea31f8fc49f112d2dc613282c5d395c4d167bb
  Result: 128640a6347e8d2ae48b142556739a2d13f90ce6
  SDWebImage: 0e435c14e402a6730315a0fb79f95e68654d55a4
  SVProgressHUD: c404a55d78acbeb7ebb78b76d3faf986475a6994
  TBBModal: 376820c480cac24b262c2e10c0178c67bb288390
  TPKeyboardAvoiding: 0d6af20e95e2850f4c621841225b59ec7d8dd852

PODFILE CHECKSUM: 0ecc24e3faa8d51c5d36f1017d41753e1f9d8588

COCOAPODS: 1.3.1
