PODS:
  - boost-for-react-native (1.63.0)
  - BVLinearGradient (2.5.6):
    - React-Core
  - DoubleConversion (1.1.6)
  - FBLazyVector (0.63.2)
  - FBReactNativeSpec (0.63.2):
    - Folly (= 2020.01.13.00)
    - RCTRequired (= 0.63.2)
    - RCTTypeSafety (= 0.63.2)
    - React-Core (= 0.63.2)
    - React-jsi (= 0.63.2)
    - ReactCommon/turbomodule/core (= 0.63.2)
  - Firebase/Analytics (8.12.1):
    - Firebase/Core
  - Firebase/Core (8.12.1):
    - Firebase/CoreOnly
    - FirebaseAnalytics (~> 8.12.0)
  - Firebase/CoreOnly (8.12.1):
    - FirebaseCore (= 8.12.1)
  - Firebase/Crashlytics (8.12.1):
    - Firebase/CoreOnly
    - FirebaseCrashlytics (~> 8.12.0)
  - Firebase/RemoteConfig (8.12.1):
    - Firebase/CoreOnly
    - FirebaseRemoteConfig (~> 8.12.0)
  - FirebaseABTesting (8.15.0):
    - FirebaseCore (~> 8.0)
  - FirebaseAnalytics (8.12.0):
    - FirebaseAnalytics/AdIdSupport (= 8.12.0)
    - FirebaseCore (~> 8.0)
    - FirebaseInstallations (~> 8.0)
    - GoogleUtilities/AppDelegateSwizzler (~> 7.7)
    - GoogleUtilities/MethodSwizzler (~> 7.7)
    - GoogleUtilities/Network (~> 7.7)
    - "GoogleUtilities/NSData+zlib (~> 7.7)"
    - nanopb (~> 2.30908.0)
  - FirebaseAnalytics/AdIdSupport (8.12.0):
    - FirebaseCore (~> 8.0)
    - FirebaseInstallations (~> 8.0)
    - GoogleAppMeasurement (= 8.12.0)
    - GoogleUtilities/AppDelegateSwizzler (~> 7.7)
    - GoogleUtilities/MethodSwizzler (~> 7.7)
    - GoogleUtilities/Network (~> 7.7)
    - "GoogleUtilities/NSData+zlib (~> 7.7)"
    - nanopb (~> 2.30908.0)
  - FirebaseCore (8.12.1):
    - FirebaseCoreDiagnostics (~> 8.0)
    - GoogleUtilities/Environment (~> 7.7)
    - GoogleUtilities/Logger (~> 7.7)
  - FirebaseCoreDiagnostics (8.15.0):
    - GoogleDataTransport (~> 9.1)
    - GoogleUtilities/Environment (~> 7.7)
    - GoogleUtilities/Logger (~> 7.7)
    - nanopb (~> 2.30908.0)
  - FirebaseCrashlytics (8.12.0):
    - FirebaseCore (~> 8.0)
    - FirebaseInstallations (~> 8.0)
    - GoogleDataTransport (~> 9.1)
    - GoogleUtilities/Environment (~> 7.7)
    - nanopb (~> 2.30908.0)
    - PromisesObjC (< 3.0, >= 1.2)
  - FirebaseInstallations (8.15.0):
    - FirebaseCore (~> 8.0)
    - GoogleUtilities/Environment (~> 7.7)
    - GoogleUtilities/UserDefaults (~> 7.7)
    - PromisesObjC (< 3.0, >= 1.2)
  - FirebaseRemoteConfig (8.12.0):
    - FirebaseABTesting (~> 8.0)
    - FirebaseCore (~> 8.0)
    - FirebaseInstallations (~> 8.0)
    - GoogleUtilities/Environment (~> 7.7)
    - "GoogleUtilities/NSData+zlib (~> 7.7)"
  - Folly (2020.01.13.00):
    - boost-for-react-native
    - DoubleConversion
    - Folly/Default (= 2020.01.13.00)
    - glog
  - Folly/Default (2020.01.13.00):
    - boost-for-react-native
    - DoubleConversion
    - glog
  - glog (0.3.5)
  - GoogleAppMeasurement (8.12.0):
    - GoogleAppMeasurement/AdIdSupport (= 8.12.0)
    - GoogleUtilities/AppDelegateSwizzler (~> 7.7)
    - GoogleUtilities/MethodSwizzler (~> 7.7)
    - GoogleUtilities/Network (~> 7.7)
    - "GoogleUtilities/NSData+zlib (~> 7.7)"
    - nanopb (~> 2.30908.0)
  - GoogleAppMeasurement/AdIdSupport (8.12.0):
    - GoogleAppMeasurement/WithoutAdIdSupport (= 8.12.0)
    - GoogleUtilities/AppDelegateSwizzler (~> 7.7)
    - GoogleUtilities/MethodSwizzler (~> 7.7)
    - GoogleUtilities/Network (~> 7.7)
    - "GoogleUtilities/NSData+zlib (~> 7.7)"
    - nanopb (~> 2.30908.0)
  - GoogleAppMeasurement/WithoutAdIdSupport (8.12.0):
    - GoogleUtilities/AppDelegateSwizzler (~> 7.7)
    - GoogleUtilities/MethodSwizzler (~> 7.7)
    - GoogleUtilities/Network (~> 7.7)
    - "GoogleUtilities/NSData+zlib (~> 7.7)"
    - nanopb (~> 2.30908.0)
  - GoogleDataTransport (9.2.3):
    - GoogleUtilities/Environment (~> 7.7)
    - nanopb (< 2.30910.0, >= 2.30908.0)
    - PromisesObjC (< 3.0, >= 1.2)
  - GoogleUtilities (7.11.4):
    - GoogleUtilities/AppDelegateSwizzler (= 7.11.4)
    - GoogleUtilities/Environment (= 7.11.4)
    - GoogleUtilities/ISASwizzler (= 7.11.4)
    - GoogleUtilities/Logger (= 7.11.4)
    - GoogleUtilities/MethodSwizzler (= 7.11.4)
    - GoogleUtilities/Network (= 7.11.4)
    - "GoogleUtilities/NSData+zlib (= 7.11.4)"
    - GoogleUtilities/Reachability (= 7.11.4)
    - GoogleUtilities/SwizzlerTestHelpers (= 7.11.4)
    - GoogleUtilities/UserDefaults (= 7.11.4)
  - GoogleUtilities/AppDelegateSwizzler (7.11.4):
    - GoogleUtilities/Environment
    - GoogleUtilities/Logger
    - GoogleUtilities/Network
  - GoogleUtilities/Environment (7.11.4):
    - PromisesObjC (< 3.0, >= 1.2)
  - GoogleUtilities/ISASwizzler (7.11.4)
  - GoogleUtilities/Logger (7.11.4):
    - GoogleUtilities/Environment
  - GoogleUtilities/MethodSwizzler (7.11.4):
    - GoogleUtilities/Logger
  - GoogleUtilities/Network (7.11.4):
    - GoogleUtilities/Logger
    - "GoogleUtilities/NSData+zlib"
    - GoogleUtilities/Reachability
  - "GoogleUtilities/NSData+zlib (7.11.4)"
  - GoogleUtilities/Reachability (7.11.4):
    - GoogleUtilities/Logger
  - GoogleUtilities/SwizzlerTestHelpers (7.11.4):
    - GoogleUtilities/MethodSwizzler
  - GoogleUtilities/UserDefaults (7.11.4):
    - GoogleUtilities/Logger
  - Interactable (0.0.9):
    - React
  - nanopb (2.30908.0):
    - nanopb/decode (= 2.30908.0)
    - nanopb/encode (= 2.30908.0)
  - nanopb/decode (2.30908.0)
  - nanopb/encode (2.30908.0)
  - PromisesObjC (2.3.1)
  - PSPDFKit (12.3.0):
    - PSPDFKit/Core (= 12.3.0)
  - PSPDFKit/Core (12.3.0)
  - RCTRequired (0.63.2)
  - RCTTypeSafety (0.63.2):
    - FBLazyVector (= 0.63.2)
    - Folly (= 2020.01.13.00)
    - RCTRequired (= 0.63.2)
    - React-Core (= 0.63.2)
  - React (0.63.2):
    - React-Core (= 0.63.2)
    - React-Core/DevSupport (= 0.63.2)
    - React-Core/RCTWebSocket (= 0.63.2)
    - React-RCTActionSheet (= 0.63.2)
    - React-RCTAnimation (= 0.63.2)
    - React-RCTBlob (= 0.63.2)
    - React-RCTImage (= 0.63.2)
    - React-RCTLinking (= 0.63.2)
    - React-RCTNetwork (= 0.63.2)
    - React-RCTSettings (= 0.63.2)
    - React-RCTText (= 0.63.2)
    - React-RCTVibration (= 0.63.2)
  - React-callinvoker (0.63.2)
  - React-Core (0.63.2):
    - Folly (= 2020.01.13.00)
    - glog
    - React-Core/Default (= 0.63.2)
    - React-cxxreact (= 0.63.2)
    - React-jsi (= 0.63.2)
    - React-jsiexecutor (= 0.63.2)
    - Yoga
  - React-Core/CoreModulesHeaders (0.63.2):
    - Folly (= 2020.01.13.00)
    - glog
    - React-Core/Default
    - React-cxxreact (= 0.63.2)
    - React-jsi (= 0.63.2)
    - React-jsiexecutor (= 0.63.2)
    - Yoga
  - React-Core/Default (0.63.2):
    - Folly (= 2020.01.13.00)
    - glog
    - React-cxxreact (= 0.63.2)
    - React-jsi (= 0.63.2)
    - React-jsiexecutor (= 0.63.2)
    - Yoga
  - React-Core/DevSupport (0.63.2):
    - Folly (= 2020.01.13.00)
    - glog
    - React-Core/Default (= 0.63.2)
    - React-Core/RCTWebSocket (= 0.63.2)
    - React-cxxreact (= 0.63.2)
    - React-jsi (= 0.63.2)
    - React-jsiexecutor (= 0.63.2)
    - React-jsinspector (= 0.63.2)
    - Yoga
  - React-Core/RCTActionSheetHeaders (0.63.2):
    - Folly (= 2020.01.13.00)
    - glog
    - React-Core/Default
    - React-cxxreact (= 0.63.2)
    - React-jsi (= 0.63.2)
    - React-jsiexecutor (= 0.63.2)
    - Yoga
  - React-Core/RCTAnimationHeaders (0.63.2):
    - Folly (= 2020.01.13.00)
    - glog
    - React-Core/Default
    - React-cxxreact (= 0.63.2)
    - React-jsi (= 0.63.2)
    - React-jsiexecutor (= 0.63.2)
    - Yoga
  - React-Core/RCTBlobHeaders (0.63.2):
    - Folly (= 2020.01.13.00)
    - glog
    - React-Core/Default
    - React-cxxreact (= 0.63.2)
    - React-jsi (= 0.63.2)
    - React-jsiexecutor (= 0.63.2)
    - Yoga
  - React-Core/RCTImageHeaders (0.63.2):
    - Folly (= 2020.01.13.00)
    - glog
    - React-Core/Default
    - React-cxxreact (= 0.63.2)
    - React-jsi (= 0.63.2)
    - React-jsiexecutor (= 0.63.2)
    - Yoga
  - React-Core/RCTLinkingHeaders (0.63.2):
    - Folly (= 2020.01.13.00)
    - glog
    - React-Core/Default
    - React-cxxreact (= 0.63.2)
    - React-jsi (= 0.63.2)
    - React-jsiexecutor (= 0.63.2)
    - Yoga
  - React-Core/RCTNetworkHeaders (0.63.2):
    - Folly (= 2020.01.13.00)
    - glog
    - React-Core/Default
    - React-cxxreact (= 0.63.2)
    - React-jsi (= 0.63.2)
    - React-jsiexecutor (= 0.63.2)
    - Yoga
  - React-Core/RCTSettingsHeaders (0.63.2):
    - Folly (= 2020.01.13.00)
    - glog
    - React-Core/Default
    - React-cxxreact (= 0.63.2)
    - React-jsi (= 0.63.2)
    - React-jsiexecutor (= 0.63.2)
    - Yoga
  - React-Core/RCTTextHeaders (0.63.2):
    - Folly (= 2020.01.13.00)
    - glog
    - React-Core/Default
    - React-cxxreact (= 0.63.2)
    - React-jsi (= 0.63.2)
    - React-jsiexecutor (= 0.63.2)
    - Yoga
  - React-Core/RCTVibrationHeaders (0.63.2):
    - Folly (= 2020.01.13.00)
    - glog
    - React-Core/Default
    - React-cxxreact (= 0.63.2)
    - React-jsi (= 0.63.2)
    - React-jsiexecutor (= 0.63.2)
    - Yoga
  - React-Core/RCTWebSocket (0.63.2):
    - Folly (= 2020.01.13.00)
    - glog
    - React-Core/Default (= 0.63.2)
    - React-cxxreact (= 0.63.2)
    - React-jsi (= 0.63.2)
    - React-jsiexecutor (= 0.63.2)
    - Yoga
  - React-CoreModules (0.63.2):
    - FBReactNativeSpec (= 0.63.2)
    - Folly (= 2020.01.13.00)
    - RCTTypeSafety (= 0.63.2)
    - React-Core/CoreModulesHeaders (= 0.63.2)
    - React-jsi (= 0.63.2)
    - React-RCTImage (= 0.63.2)
    - ReactCommon/turbomodule/core (= 0.63.2)
  - React-cxxreact (0.63.2):
    - boost-for-react-native (= 1.63.0)
    - DoubleConversion
    - Folly (= 2020.01.13.00)
    - glog
    - React-callinvoker (= 0.63.2)
    - React-jsinspector (= 0.63.2)
  - React-jsi (0.63.2):
    - boost-for-react-native (= 1.63.0)
    - DoubleConversion
    - Folly (= 2020.01.13.00)
    - glog
    - React-jsi/Default (= 0.63.2)
  - React-jsi/Default (0.63.2):
    - boost-for-react-native (= 1.63.0)
    - DoubleConversion
    - Folly (= 2020.01.13.00)
    - glog
  - React-jsiexecutor (0.63.2):
    - DoubleConversion
    - Folly (= 2020.01.13.00)
    - glog
    - React-cxxreact (= 0.63.2)
    - React-jsi (= 0.63.2)
  - React-jsinspector (0.63.2)
  - react-native-camera (3.35.0):
    - React
    - react-native-camera/RCT (= 3.35.0)
    - react-native-camera/RN (= 3.35.0)
  - react-native-camera/RCT (3.35.0):
    - React
  - react-native-camera/RN (3.35.0):
    - React
  - react-native-document-picker (3.5.4):
    - React
  - react-native-image-picker (2.3.3):
    - React
  - react-native-segmented-control (2.1.1):
    - React
  - React-RCTActionSheet (0.63.2):
    - React-Core/RCTActionSheetHeaders (= 0.63.2)
  - React-RCTAnimation (0.63.2):
    - FBReactNativeSpec (= 0.63.2)
    - Folly (= 2020.01.13.00)
    - RCTTypeSafety (= 0.63.2)
    - React-Core/RCTAnimationHeaders (= 0.63.2)
    - React-jsi (= 0.63.2)
    - ReactCommon/turbomodule/core (= 0.63.2)
  - React-RCTBlob (0.63.2):
    - FBReactNativeSpec (= 0.63.2)
    - Folly (= 2020.01.13.00)
    - React-Core/RCTBlobHeaders (= 0.63.2)
    - React-Core/RCTWebSocket (= 0.63.2)
    - React-jsi (= 0.63.2)
    - React-RCTNetwork (= 0.63.2)
    - ReactCommon/turbomodule/core (= 0.63.2)
  - React-RCTImage (0.63.2):
    - FBReactNativeSpec (= 0.63.2)
    - Folly (= 2020.01.13.00)
    - RCTTypeSafety (= 0.63.2)
    - React-Core/RCTImageHeaders (= 0.63.2)
    - React-jsi (= 0.63.2)
    - React-RCTNetwork (= 0.63.2)
    - ReactCommon/turbomodule/core (= 0.63.2)
  - React-RCTLinking (0.63.2):
    - FBReactNativeSpec (= 0.63.2)
    - React-Core/RCTLinkingHeaders (= 0.63.2)
    - React-jsi (= 0.63.2)
    - ReactCommon/turbomodule/core (= 0.63.2)
  - React-RCTNetwork (0.63.2):
    - FBReactNativeSpec (= 0.63.2)
    - Folly (= 2020.01.13.00)
    - RCTTypeSafety (= 0.63.2)
    - React-Core/RCTNetworkHeaders (= 0.63.2)
    - React-jsi (= 0.63.2)
    - ReactCommon/turbomodule/core (= 0.63.2)
  - React-RCTSettings (0.63.2):
    - FBReactNativeSpec (= 0.63.2)
    - Folly (= 2020.01.13.00)
    - RCTTypeSafety (= 0.63.2)
    - React-Core/RCTSettingsHeaders (= 0.63.2)
    - React-jsi (= 0.63.2)
    - ReactCommon/turbomodule/core (= 0.63.2)
  - React-RCTText (0.63.2):
    - React-Core/RCTTextHeaders (= 0.63.2)
  - React-RCTVibration (0.63.2):
    - FBReactNativeSpec (= 0.63.2)
    - Folly (= 2020.01.13.00)
    - React-Core/RCTVibrationHeaders (= 0.63.2)
    - React-jsi (= 0.63.2)
    - ReactCommon/turbomodule/core (= 0.63.2)
  - ReactCommon/turbomodule/core (0.63.2):
    - DoubleConversion
    - Folly (= 2020.01.13.00)
    - glog
    - React-callinvoker (= 0.63.2)
    - React-Core (= 0.63.2)
    - React-cxxreact (= 0.63.2)
    - React-jsi (= 0.63.2)
  - ReactNativeART (1.2.0):
    - React
  - RNAudio (3.6.0):
    - React
  - RNCAsyncStorage (1.11.0):
    - React
  - RNCPicker (1.6.6):
    - React
  - RNDateTimePicker (3.0.0):
    - React
  - RNFS (2.16.6):
    - React
  - RNSearchBar (3.5.1):
    - React
  - RNSound (0.11.0):
    - React
    - RNSound/Core (= 0.11.0)
  - RNSound/Core (0.11.0):
    - React
  - Yoga (1.14.0)

DEPENDENCIES:
  - BVLinearGradient (from `./rn/Teacher/node_modules/react-native-linear-gradient`)
  - DoubleConversion (from `./rn/Teacher/node_modules/react-native/third-party-podspecs/DoubleConversion.podspec`)
  - FBLazyVector (from `./rn/Teacher/node_modules/react-native/Libraries/FBLazyVector`)
  - FBReactNativeSpec (from `./rn/Teacher/node_modules/react-native/Libraries/FBReactNativeSpec`)
  - Firebase/Analytics (~> 8.12.1)
  - Firebase/Crashlytics (~> 8.12.1)
  - Firebase/RemoteConfig (~> 8.12.1)
  - Folly (from `./rn/Teacher/node_modules/react-native/third-party-podspecs/Folly.podspec`)
  - glog (from `./rn/Teacher/node_modules/react-native/third-party-podspecs/glog.podspec`)
  - GoogleUtilities (~> 7.6)
  - Interactable (from `./rn/Teacher/node_modules/react-native-interactable`)
  - PSPDFKit (from `https://customers.pspdfkit.com/pspdfkit-ios/12.3.0.podspec`)
  - RCTRequired (from `./rn/Teacher/node_modules/react-native/Libraries/RCTRequired`)
  - RCTTypeSafety (from `./rn/Teacher/node_modules/react-native/Libraries/TypeSafety`)
  - React (from `./rn/Teacher/node_modules/react-native/`)
  - React-callinvoker (from `./rn/Teacher/node_modules/react-native/ReactCommon/callinvoker`)
  - React-Core (from `./rn/Teacher/node_modules/react-native/`)
  - React-Core/DevSupport (from `./rn/Teacher/node_modules/react-native/`)
  - React-Core/RCTWebSocket (from `./rn/Teacher/node_modules/react-native/`)
  - React-CoreModules (from `./rn/Teacher/node_modules/react-native/React/CoreModules`)
  - React-cxxreact (from `./rn/Teacher/node_modules/react-native/ReactCommon/cxxreact`)
  - React-jsi (from `./rn/Teacher/node_modules/react-native/ReactCommon/jsi`)
  - React-jsiexecutor (from `./rn/Teacher/node_modules/react-native/ReactCommon/jsiexecutor`)
  - React-jsinspector (from `./rn/Teacher/node_modules/react-native/ReactCommon/jsinspector`)
  - react-native-camera (from `./rn/Teacher/node_modules/react-native-camera`)
  - react-native-document-picker (from `./rn/Teacher/node_modules/react-native-document-picker`)
  - react-native-image-picker (from `./rn/Teacher/node_modules/react-native-image-picker`)
  - "react-native-segmented-control (from `./rn/Teacher/node_modules/@react-native-community/segmented-control`)"
  - React-RCTActionSheet (from `./rn/Teacher/node_modules/react-native/Libraries/ActionSheetIOS`)
  - React-RCTAnimation (from `./rn/Teacher/node_modules/react-native/Libraries/NativeAnimation`)
  - React-RCTBlob (from `./rn/Teacher/node_modules/react-native/Libraries/Blob`)
  - React-RCTImage (from `./rn/Teacher/node_modules/react-native/Libraries/Image`)
  - React-RCTLinking (from `./rn/Teacher/node_modules/react-native/Libraries/LinkingIOS`)
  - React-RCTNetwork (from `./rn/Teacher/node_modules/react-native/Libraries/Network`)
  - React-RCTSettings (from `./rn/Teacher/node_modules/react-native/Libraries/Settings`)
  - React-RCTText (from `./rn/Teacher/node_modules/react-native/Libraries/Text`)
  - React-RCTVibration (from `./rn/Teacher/node_modules/react-native/Libraries/Vibration`)
  - ReactCommon/turbomodule/core (from `./rn/Teacher/node_modules/react-native/ReactCommon`)
  - "ReactNativeART (from `./rn/Teacher/node_modules/@react-native-community/art`)"
  - RNAudio (from `./rn/Teacher/node_modules/react-native-audio`)
  - "RNCAsyncStorage (from `./rn/Teacher/node_modules/@react-native-community/async-storage`)"
  - "RNCPicker (from `./rn/Teacher/node_modules/@react-native-community/picker`)"
  - "RNDateTimePicker (from `./rn/Teacher/node_modules/@react-native-community/datetimepicker`)"
  - RNFS (from `./rn/Teacher/node_modules/react-native-fs`)
  - RNSearchBar (from `./rn/Teacher/node_modules/react-native-search-bar`)
  - RNSound (from `./rn/Teacher/node_modules/react-native-sound`)
  - Yoga (from `./rn/Teacher/node_modules/react-native/ReactCommon/yoga`)

SPEC REPOS:
  https://github.com/CocoaPods/Specs.git:
    - boost-for-react-native
    - Firebase
    - FirebaseABTesting
    - FirebaseAnalytics
    - FirebaseCore
    - FirebaseCoreDiagnostics
    - FirebaseCrashlytics
    - FirebaseInstallations
    - FirebaseRemoteConfig
    - GoogleAppMeasurement
    - GoogleDataTransport
    - GoogleUtilities
    - nanopb
    - PromisesObjC

EXTERNAL SOURCES:
  BVLinearGradient:
    :path: "./rn/Teacher/node_modules/react-native-linear-gradient"
  DoubleConversion:
    :podspec: "./rn/Teacher/node_modules/react-native/third-party-podspecs/DoubleConversion.podspec"
  FBLazyVector:
    :path: "./rn/Teacher/node_modules/react-native/Libraries/FBLazyVector"
  FBReactNativeSpec:
    :path: "./rn/Teacher/node_modules/react-native/Libraries/FBReactNativeSpec"
  Folly:
    :podspec: "./rn/Teacher/node_modules/react-native/third-party-podspecs/Folly.podspec"
  glog:
    :podspec: "./rn/Teacher/node_modules/react-native/third-party-podspecs/glog.podspec"
  Interactable:
    :path: "./rn/Teacher/node_modules/react-native-interactable"
  PSPDFKit:
    :podspec: https://customers.pspdfkit.com/pspdfkit-ios/12.3.0.podspec
  RCTRequired:
    :path: "./rn/Teacher/node_modules/react-native/Libraries/RCTRequired"
  RCTTypeSafety:
    :path: "./rn/Teacher/node_modules/react-native/Libraries/TypeSafety"
  React:
    :path: "./rn/Teacher/node_modules/react-native/"
  React-callinvoker:
    :path: "./rn/Teacher/node_modules/react-native/ReactCommon/callinvoker"
  React-Core:
    :path: "./rn/Teacher/node_modules/react-native/"
  React-CoreModules:
    :path: "./rn/Teacher/node_modules/react-native/React/CoreModules"
  React-cxxreact:
    :path: "./rn/Teacher/node_modules/react-native/ReactCommon/cxxreact"
  React-jsi:
    :path: "./rn/Teacher/node_modules/react-native/ReactCommon/jsi"
  React-jsiexecutor:
    :path: "./rn/Teacher/node_modules/react-native/ReactCommon/jsiexecutor"
  React-jsinspector:
    :path: "./rn/Teacher/node_modules/react-native/ReactCommon/jsinspector"
  react-native-camera:
    :path: "./rn/Teacher/node_modules/react-native-camera"
  react-native-document-picker:
    :path: "./rn/Teacher/node_modules/react-native-document-picker"
  react-native-image-picker:
    :path: "./rn/Teacher/node_modules/react-native-image-picker"
  react-native-segmented-control:
    :path: "./rn/Teacher/node_modules/@react-native-community/segmented-control"
  React-RCTActionSheet:
    :path: "./rn/Teacher/node_modules/react-native/Libraries/ActionSheetIOS"
  React-RCTAnimation:
    :path: "./rn/Teacher/node_modules/react-native/Libraries/NativeAnimation"
  React-RCTBlob:
    :path: "./rn/Teacher/node_modules/react-native/Libraries/Blob"
  React-RCTImage:
    :path: "./rn/Teacher/node_modules/react-native/Libraries/Image"
  React-RCTLinking:
    :path: "./rn/Teacher/node_modules/react-native/Libraries/LinkingIOS"
  React-RCTNetwork:
    :path: "./rn/Teacher/node_modules/react-native/Libraries/Network"
  React-RCTSettings:
    :path: "./rn/Teacher/node_modules/react-native/Libraries/Settings"
  React-RCTText:
    :path: "./rn/Teacher/node_modules/react-native/Libraries/Text"
  React-RCTVibration:
    :path: "./rn/Teacher/node_modules/react-native/Libraries/Vibration"
  ReactCommon:
    :path: "./rn/Teacher/node_modules/react-native/ReactCommon"
  ReactNativeART:
    :path: "./rn/Teacher/node_modules/@react-native-community/art"
  RNAudio:
    :path: "./rn/Teacher/node_modules/react-native-audio"
  RNCAsyncStorage:
    :path: "./rn/Teacher/node_modules/@react-native-community/async-storage"
  RNCPicker:
    :path: "./rn/Teacher/node_modules/@react-native-community/picker"
  RNDateTimePicker:
    :path: "./rn/Teacher/node_modules/@react-native-community/datetimepicker"
  RNFS:
    :path: "./rn/Teacher/node_modules/react-native-fs"
  RNSearchBar:
    :path: "./rn/Teacher/node_modules/react-native-search-bar"
  RNSound:
    :path: "./rn/Teacher/node_modules/react-native-sound"
  Yoga:
    :path: "./rn/Teacher/node_modules/react-native/ReactCommon/yoga"

SPEC CHECKSUMS:
  boost-for-react-native: 39c7adb57c4e60d6c5479dd8623128eb5b3f0f2c
  BVLinearGradient: 48f1964a78bddfae412d1aac5f386c2949fe0306
  DoubleConversion: cde416483dac037923206447da6e1454df403714
  FBLazyVector: 3ef4a7f62e7db01092f9d517d2ebc0d0677c4a37
  FBReactNativeSpec: dc7fa9088f0f2a998503a352b0554d69a4391c5a
  Firebase: 580d09e8edafc3073ebf09c03fd42e4d80d35fe9
  FirebaseABTesting: 10cbce8db9985ae2e3847ea44e9947dd18f94e10
  FirebaseAnalytics: bd10d7706ba8d6e01ea2816f8fe9e9b881cb0918
  FirebaseCore: 8138de860a90ca7eec5e324da5788fb0ebf1d93c
  FirebaseCoreDiagnostics: 92e07a649aeb66352b319d43bdd2ee3942af84cb
  FirebaseCrashlytics: 7952ffd988006128325510664b99dc8ca5851dff
  FirebaseInstallations: 40bd9054049b2eae9a2c38ef1c3dd213df3605cd
  FirebaseRemoteConfig: f174a7091ac8e69bf6d0de2bae2212edb922a0ab
  Folly: b73c3869541e86821df3c387eb0af5f65addfab4
  glog: 40a13f7840415b9a77023fbcae0f1e6f43192af3
  GoogleAppMeasurement: ae033c3aad67e68294369373056b4d74cc8ae0d6
  GoogleDataTransport: f0308f5905a745f94fb91fea9c6cbaf3831cb1bd
  GoogleUtilities: c63691989bf362ba0505507da00eeb326192e83e
  Interactable: 0a9f2a42b02ea03114d7e03e714d946a65cd8d0b
  nanopb: a0ba3315591a9ae0a16a309ee504766e90db0c96
  PromisesObjC: c50d2056b5253dadbd6c2bea79b0674bd5a52fa4
  PSPDFKit: 39123c1bff6051a2a11d6b50cfe7ffab221fcfe0
  RCTRequired: f13f25e7b12f925f1f6a6a8c69d929a03c0129fe
  RCTTypeSafety: 44982c5c8e43ff4141eb519a8ddc88059acd1f3a
  React: e1c65dd41cb9db13b99f24608e47dd595f28ca9a
  React-callinvoker: 552a6a6bc8b3bb794cf108ad59e5a9e2e3b4fc98
  React-Core: 9d341e725dc9cd2f49e4c49ad1fc4e8776aa2639
  React-CoreModules: 5335e168165da7f7083ce7147768d36d3e292318
  React-cxxreact: d3261ec5f7d11743fbf21e263a34ea51d1f13ebc
  React-jsi: 54245e1d5f4b690dec614a73a3795964eeef13a8
  React-jsiexecutor: 8ca588cc921e70590820ce72b8789b02c67cce38
  React-jsinspector: b14e62ebe7a66e9231e9581279909f2fc3db6606
  react-native-camera: d9e7b66e40420dcef111f3265a00f01eea54c52c
  react-native-document-picker: 4921045c5c6c78243010f784eae0a3f4b2af7799
  react-native-image-picker: 3d3f85baabca60a00b75fb8facc1376db7bbdafa
  react-native-segmented-control: 05d93c1c7576b53189720012a3e8a3c23608d849
  React-RCTActionSheet: 910163b6b09685a35c4ebbc52b66d1bfbbe39fc5
  React-RCTAnimation: 9a883bbe1e9d2e158d4fb53765ed64c8dc2200c6
  React-RCTBlob: 39cf0ece1927996c4466510e25d2105f67010e13
  React-RCTImage: de355d738727b09ad3692f2a979affbd54b5f378
  React-RCTLinking: 8122f221d395a63364b2c0078ce284214bd04575
  React-RCTNetwork: 8f96c7b49ea6a0f28f98258f347b6ad218bc0830
  React-RCTSettings: 8a49622aff9c1925f5455fa340b6fe4853d64ab6
  React-RCTText: 1b6773e776e4b33f90468c20fe3b16ca3e224bb8
  React-RCTVibration: 4d2e726957f4087449739b595f107c0d4b6c2d2d
  ReactCommon: a0a1edbebcac5e91338371b72ffc66aa822792ce
  ReactNativeART: 78edc68dd4a1e675338cd0cd113319cf3a65f2ab
  RNAudio: 5a5bc9863f6db8b6c9f34f98a7b472c03c684246
  RNCAsyncStorage: d059c3ee71738c39834a627476322a5a8cd5bf36
  RNCPicker: 494015f2b7ec4bee5484b6f235aa19691426dcdb
  RNDateTimePicker: f47a6309133c6d013ad6942fc83b753b3f6e41d6
  RNFS: 2bd9eb49dc82fa9676382f0585b992c424cd59df
  RNSearchBar: 9860431356b7d12a8449d2fddb2b5f3c78d1e99f
  RNSound: da030221e6ac7e8290c6b43f2b5f2133a8e225b0
  Yoga: 7740b94929bbacbddda59bf115b5317e9a161598

PODFILE CHECKSUM: 4609a645ccec22b9505747f9859c1390b8813965

COCOAPODS: 1.12.1
