// !$*UTF8*$!
{
	archiveVersion = 1;
	classes = {
	};
	objectVersion = 48;
	objects = {

/* Begin PBXBuildFile section */
		89FE55DDB246505CC9530ADE /* Pods_defaults_SoSeedySwift.framework in Frameworks */ = {isa = PBXBuildFile; fileRef = 04DEFCAB2504D00C252B680F /* Pods_defaults_SoSeedySwift.framework */; };
		9F711BBE20F518F3009A2C70 /* VCR.h in Headers */ = {isa = PBXBuildFile; fileRef = 9F711BBD20F518F3009A2C70 /* VCR.h */; settings = {ATTRIBUTES = (Public, ); }; };
		9F711BC020F518FA009A2C70 /* VCR.m in Sources */ = {isa = PBXBuildFile; fileRef = 9F711BBF20F518FA009A2C70 /* VCR.m */; };
		F9B03FAC20D8688B00DF764C /* assignments.grpc.swift in Sources */ = {isa = PBXBuildFile; fileRef = F9B03F8C20D8688900DF764C /* assignments.grpc.swift */; };
		F9B03FAD20D8688B00DF764C /* discussions.pb.swift in Sources */ = {isa = PBXBuildFile; fileRef = F9B03F8D20D8688900DF764C /* discussions.pb.swift */; };
		F9B03FAE20D8688B00DF764C /* sections.grpc.swift in Sources */ = {isa = PBXBuildFile; fileRef = F9B03F8E20D8688900DF764C /* sections.grpc.swift */; };
		F9B03FAF20D8688B00DF764C /* conversations.pb.swift in Sources */ = {isa = PBXBuildFile; fileRef = F9B03F8F20D8688900DF764C /* conversations.pb.swift */; };
		F9B03FB020D8688B00DF764C /* observer.pb.swift in Sources */ = {isa = PBXBuildFile; fileRef = F9B03F9020D8688900DF764C /* observer.pb.swift */; };
		F9B03FB120D8688B00DF764C /* feature_flags.pb.swift in Sources */ = {isa = PBXBuildFile; fileRef = F9B03F9120D8688900DF764C /* feature_flags.pb.swift */; };
		F9B03FB220D8688B00DF764C /* pages.pb.swift in Sources */ = {isa = PBXBuildFile; fileRef = F9B03F9220D8688A00DF764C /* pages.pb.swift */; };
		F9B03FB320D8688B00DF764C /* quizzes.pb.swift in Sources */ = {isa = PBXBuildFile; fileRef = F9B03F9320D8688A00DF764C /* quizzes.pb.swift */; };
		F9B03FB420D8688B00DF764C /* user.pb.swift in Sources */ = {isa = PBXBuildFile; fileRef = F9B03F9420D8688A00DF764C /* user.pb.swift */; };
		F9B03FB520D8688B00DF764C /* groups.pb.swift in Sources */ = {isa = PBXBuildFile; fileRef = F9B03F9520D8688A00DF764C /* groups.pb.swift */; };
		F9B03FB620D8688B00DF764C /* enrollments.pb.swift in Sources */ = {isa = PBXBuildFile; fileRef = F9B03F9620D8688A00DF764C /* enrollments.pb.swift */; };
		F9B03FB720D8688B00DF764C /* groups.grpc.swift in Sources */ = {isa = PBXBuildFile; fileRef = F9B03F9720D8688A00DF764C /* groups.grpc.swift */; };
		F9B03FB820D8688B00DF764C /* quizzes.grpc.swift in Sources */ = {isa = PBXBuildFile; fileRef = F9B03F9820D8688A00DF764C /* quizzes.grpc.swift */; };
		F9B03FB920D8688B00DF764C /* conversations.grpc.swift in Sources */ = {isa = PBXBuildFile; fileRef = F9B03F9920D8688A00DF764C /* conversations.grpc.swift */; };
		F9B03FBA20D8688B00DF764C /* discussions.grpc.swift in Sources */ = {isa = PBXBuildFile; fileRef = F9B03F9A20D8688A00DF764C /* discussions.grpc.swift */; };
		F9B03FBB20D8688B00DF764C /* general.pb.swift in Sources */ = {isa = PBXBuildFile; fileRef = F9B03F9B20D8688A00DF764C /* general.pb.swift */; };
		F9B03FBC20D8688B00DF764C /* feature_flags.grpc.swift in Sources */ = {isa = PBXBuildFile; fileRef = F9B03F9C20D8688A00DF764C /* feature_flags.grpc.swift */; };
		F9B03FBD20D8688B00DF764C /* modules.grpc.swift in Sources */ = {isa = PBXBuildFile; fileRef = F9B03F9D20D8688A00DF764C /* modules.grpc.swift */; };
		F9B03FBE20D8688B00DF764C /* observer.grpc.swift in Sources */ = {isa = PBXBuildFile; fileRef = F9B03F9E20D8688A00DF764C /* observer.grpc.swift */; };
		F9B03FBF20D8688B00DF764C /* files.pb.swift in Sources */ = {isa = PBXBuildFile; fileRef = F9B03F9F20D8688A00DF764C /* files.pb.swift */; };
		F9B03FC020D8688B00DF764C /* grading_periods.grpc.swift in Sources */ = {isa = PBXBuildFile; fileRef = F9B03FA020D8688A00DF764C /* grading_periods.grpc.swift */; };
		F9B03FC120D8688B00DF764C /* pages.grpc.swift in Sources */ = {isa = PBXBuildFile; fileRef = F9B03FA120D8688A00DF764C /* pages.grpc.swift */; };
		F9B03FC220D8688B00DF764C /* courses.pb.swift in Sources */ = {isa = PBXBuildFile; fileRef = F9B03FA220D8688A00DF764C /* courses.pb.swift */; };
		F9B03FC320D8688B00DF764C /* user.grpc.swift in Sources */ = {isa = PBXBuildFile; fileRef = F9B03FA320D8688A00DF764C /* user.grpc.swift */; };
		F9B03FC420D8688B00DF764C /* general.grpc.swift in Sources */ = {isa = PBXBuildFile; fileRef = F9B03FA420D8688A00DF764C /* general.grpc.swift */; };
		F9B03FC520D8688B00DF764C /* courses.grpc.swift in Sources */ = {isa = PBXBuildFile; fileRef = F9B03FA520D8688A00DF764C /* courses.grpc.swift */; };
		F9B03FC620D8688B00DF764C /* sections.pb.swift in Sources */ = {isa = PBXBuildFile; fileRef = F9B03FA620D8688A00DF764C /* sections.pb.swift */; };
		F9B03FC720D8688B00DF764C /* files.grpc.swift in Sources */ = {isa = PBXBuildFile; fileRef = F9B03FA720D8688B00DF764C /* files.grpc.swift */; };
		F9B03FC820D8688B00DF764C /* assignments.pb.swift in Sources */ = {isa = PBXBuildFile; fileRef = F9B03FA820D8688B00DF764C /* assignments.pb.swift */; };
		F9B03FC920D8688B00DF764C /* grading_periods.pb.swift in Sources */ = {isa = PBXBuildFile; fileRef = F9B03FA920D8688B00DF764C /* grading_periods.pb.swift */; };
		F9B03FCA20D8688B00DF764C /* modules.pb.swift in Sources */ = {isa = PBXBuildFile; fileRef = F9B03FAA20D8688B00DF764C /* modules.pb.swift */; };
		F9B03FCB20D8688B00DF764C /* enrollments.grpc.swift in Sources */ = {isa = PBXBuildFile; fileRef = F9B03FAB20D8688B00DF764C /* enrollments.grpc.swift */; };
		F9B03FCD20D89B1200DF764C /* Certs.swift in Sources */ = {isa = PBXBuildFile; fileRef = F9B03FCC20D89B1200DF764C /* Certs.swift */; };
		F9B03FD120D89C8F00DF764C /* client.crt in Resources */ = {isa = PBXBuildFile; fileRef = F9B03FCE20D89C8F00DF764C /* client.crt */; };
		F9B03FD220D89C8F00DF764C /* client.pem in Resources */ = {isa = PBXBuildFile; fileRef = F9B03FCF20D89C8F00DF764C /* client.pem */; };
		F9B03FD320D89C8F00DF764C /* ca.crt in Resources */ = {isa = PBXBuildFile; fileRef = F9B03FD020D89C8F00DF764C /* ca.crt */; };
		F9F700DF207E53F3002EB2BE /* SoSeedySwift.h in Headers */ = {isa = PBXBuildFile; fileRef = F9F700DD207E53F3002EB2BE /* SoSeedySwift.h */; settings = {ATTRIBUTES = (Public, ); }; };
		F9F7011F207E5481002EB2BE /* SoSeedy.swift in Sources */ = {isa = PBXBuildFile; fileRef = F9F70102207E5480002EB2BE /* SoSeedy.swift */; };
/* End PBXBuildFile section */

/* Begin PBXCopyFilesBuildPhase section */
		F9F70126207E555D002EB2BE /* Embed Frameworks */ = {
			isa = PBXCopyFilesBuildPhase;
			buildActionMask = 2147483647;
			dstPath = "";
			dstSubfolderSpec = 10;
			files = (
			);
			name = "Embed Frameworks";
			runOnlyForDeploymentPostprocessing = 0;
		};
/* End PBXCopyFilesBuildPhase section */

/* Begin PBXFileReference section */
		04DEFCAB2504D00C252B680F /* Pods_defaults_SoSeedySwift.framework */ = {isa = PBXFileReference; explicitFileType = wrapper.framework; includeInIndex = 0; path = Pods_defaults_SoSeedySwift.framework; sourceTree = BUILT_PRODUCTS_DIR; };
		965B6F817B4FF5E0F9105AAB /* Pods-defaults-SoSeedySwift.debug.xcconfig */ = {isa = PBXFileReference; includeInIndex = 1; lastKnownFileType = text.xcconfig; name = "Pods-defaults-SoSeedySwift.debug.xcconfig"; path = "../../Pods/Target Support Files/Pods-defaults-SoSeedySwift/Pods-defaults-SoSeedySwift.debug.xcconfig"; sourceTree = "<group>"; };
		9F711BBD20F518F3009A2C70 /* VCR.h */ = {isa = PBXFileReference; fileEncoding = 4; lastKnownFileType = sourcecode.c.h; path = VCR.h; sourceTree = "<group>"; };
		9F711BBF20F518FA009A2C70 /* VCR.m */ = {isa = PBXFileReference; fileEncoding = 4; lastKnownFileType = sourcecode.c.objc; path = VCR.m; sourceTree = "<group>"; };
		A09DBF17EC444D398BF7D91A /* Pods-defaults-SoSeedySwift.release.xcconfig */ = {isa = PBXFileReference; includeInIndex = 1; lastKnownFileType = text.xcconfig; name = "Pods-defaults-SoSeedySwift.release.xcconfig"; path = "../../Pods/Target Support Files/Pods-defaults-SoSeedySwift/Pods-defaults-SoSeedySwift.release.xcconfig"; sourceTree = "<group>"; };
		F9B03F8C20D8688900DF764C /* assignments.grpc.swift */ = {isa = PBXFileReference; fileEncoding = 4; lastKnownFileType = sourcecode.swift; path = assignments.grpc.swift; sourceTree = "<group>"; };
		F9B03F8D20D8688900DF764C /* discussions.pb.swift */ = {isa = PBXFileReference; fileEncoding = 4; lastKnownFileType = sourcecode.swift; path = discussions.pb.swift; sourceTree = "<group>"; };
		F9B03F8E20D8688900DF764C /* sections.grpc.swift */ = {isa = PBXFileReference; fileEncoding = 4; lastKnownFileType = sourcecode.swift; path = sections.grpc.swift; sourceTree = "<group>"; };
		F9B03F8F20D8688900DF764C /* conversations.pb.swift */ = {isa = PBXFileReference; fileEncoding = 4; lastKnownFileType = sourcecode.swift; path = conversations.pb.swift; sourceTree = "<group>"; };
		F9B03F9020D8688900DF764C /* observer.pb.swift */ = {isa = PBXFileReference; fileEncoding = 4; lastKnownFileType = sourcecode.swift; path = observer.pb.swift; sourceTree = "<group>"; };
		F9B03F9120D8688900DF764C /* feature_flags.pb.swift */ = {isa = PBXFileReference; fileEncoding = 4; lastKnownFileType = sourcecode.swift; path = feature_flags.pb.swift; sourceTree = "<group>"; };
		F9B03F9220D8688A00DF764C /* pages.pb.swift */ = {isa = PBXFileReference; fileEncoding = 4; lastKnownFileType = sourcecode.swift; path = pages.pb.swift; sourceTree = "<group>"; };
		F9B03F9320D8688A00DF764C /* quizzes.pb.swift */ = {isa = PBXFileReference; fileEncoding = 4; lastKnownFileType = sourcecode.swift; path = quizzes.pb.swift; sourceTree = "<group>"; };
		F9B03F9420D8688A00DF764C /* user.pb.swift */ = {isa = PBXFileReference; fileEncoding = 4; lastKnownFileType = sourcecode.swift; path = user.pb.swift; sourceTree = "<group>"; };
		F9B03F9520D8688A00DF764C /* groups.pb.swift */ = {isa = PBXFileReference; fileEncoding = 4; lastKnownFileType = sourcecode.swift; path = groups.pb.swift; sourceTree = "<group>"; };
		F9B03F9620D8688A00DF764C /* enrollments.pb.swift */ = {isa = PBXFileReference; fileEncoding = 4; lastKnownFileType = sourcecode.swift; path = enrollments.pb.swift; sourceTree = "<group>"; };
		F9B03F9720D8688A00DF764C /* groups.grpc.swift */ = {isa = PBXFileReference; fileEncoding = 4; lastKnownFileType = sourcecode.swift; path = groups.grpc.swift; sourceTree = "<group>"; };
		F9B03F9820D8688A00DF764C /* quizzes.grpc.swift */ = {isa = PBXFileReference; fileEncoding = 4; lastKnownFileType = sourcecode.swift; path = quizzes.grpc.swift; sourceTree = "<group>"; };
		F9B03F9920D8688A00DF764C /* conversations.grpc.swift */ = {isa = PBXFileReference; fileEncoding = 4; lastKnownFileType = sourcecode.swift; path = conversations.grpc.swift; sourceTree = "<group>"; };
		F9B03F9A20D8688A00DF764C /* discussions.grpc.swift */ = {isa = PBXFileReference; fileEncoding = 4; lastKnownFileType = sourcecode.swift; path = discussions.grpc.swift; sourceTree = "<group>"; };
		F9B03F9B20D8688A00DF764C /* general.pb.swift */ = {isa = PBXFileReference; fileEncoding = 4; lastKnownFileType = sourcecode.swift; path = general.pb.swift; sourceTree = "<group>"; };
		F9B03F9C20D8688A00DF764C /* feature_flags.grpc.swift */ = {isa = PBXFileReference; fileEncoding = 4; lastKnownFileType = sourcecode.swift; path = feature_flags.grpc.swift; sourceTree = "<group>"; };
		F9B03F9D20D8688A00DF764C /* modules.grpc.swift */ = {isa = PBXFileReference; fileEncoding = 4; lastKnownFileType = sourcecode.swift; path = modules.grpc.swift; sourceTree = "<group>"; };
		F9B03F9E20D8688A00DF764C /* observer.grpc.swift */ = {isa = PBXFileReference; fileEncoding = 4; lastKnownFileType = sourcecode.swift; path = observer.grpc.swift; sourceTree = "<group>"; };
		F9B03F9F20D8688A00DF764C /* files.pb.swift */ = {isa = PBXFileReference; fileEncoding = 4; lastKnownFileType = sourcecode.swift; path = files.pb.swift; sourceTree = "<group>"; };
		F9B03FA020D8688A00DF764C /* grading_periods.grpc.swift */ = {isa = PBXFileReference; fileEncoding = 4; lastKnownFileType = sourcecode.swift; path = grading_periods.grpc.swift; sourceTree = "<group>"; };
		F9B03FA120D8688A00DF764C /* pages.grpc.swift */ = {isa = PBXFileReference; fileEncoding = 4; lastKnownFileType = sourcecode.swift; path = pages.grpc.swift; sourceTree = "<group>"; };
		F9B03FA220D8688A00DF764C /* courses.pb.swift */ = {isa = PBXFileReference; fileEncoding = 4; lastKnownFileType = sourcecode.swift; path = courses.pb.swift; sourceTree = "<group>"; };
		F9B03FA320D8688A00DF764C /* user.grpc.swift */ = {isa = PBXFileReference; fileEncoding = 4; lastKnownFileType = sourcecode.swift; path = user.grpc.swift; sourceTree = "<group>"; };
		F9B03FA420D8688A00DF764C /* general.grpc.swift */ = {isa = PBXFileReference; fileEncoding = 4; lastKnownFileType = sourcecode.swift; path = general.grpc.swift; sourceTree = "<group>"; };
		F9B03FA520D8688A00DF764C /* courses.grpc.swift */ = {isa = PBXFileReference; fileEncoding = 4; lastKnownFileType = sourcecode.swift; path = courses.grpc.swift; sourceTree = "<group>"; };
		F9B03FA620D8688A00DF764C /* sections.pb.swift */ = {isa = PBXFileReference; fileEncoding = 4; lastKnownFileType = sourcecode.swift; path = sections.pb.swift; sourceTree = "<group>"; };
		F9B03FA720D8688B00DF764C /* files.grpc.swift */ = {isa = PBXFileReference; fileEncoding = 4; lastKnownFileType = sourcecode.swift; path = files.grpc.swift; sourceTree = "<group>"; };
		F9B03FA820D8688B00DF764C /* assignments.pb.swift */ = {isa = PBXFileReference; fileEncoding = 4; lastKnownFileType = sourcecode.swift; path = assignments.pb.swift; sourceTree = "<group>"; };
		F9B03FA920D8688B00DF764C /* grading_periods.pb.swift */ = {isa = PBXFileReference; fileEncoding = 4; lastKnownFileType = sourcecode.swift; path = grading_periods.pb.swift; sourceTree = "<group>"; };
		F9B03FAA20D8688B00DF764C /* modules.pb.swift */ = {isa = PBXFileReference; fileEncoding = 4; lastKnownFileType = sourcecode.swift; path = modules.pb.swift; sourceTree = "<group>"; };
		F9B03FAB20D8688B00DF764C /* enrollments.grpc.swift */ = {isa = PBXFileReference; fileEncoding = 4; lastKnownFileType = sourcecode.swift; path = enrollments.grpc.swift; sourceTree = "<group>"; };
		F9B03FCC20D89B1200DF764C /* Certs.swift */ = {isa = PBXFileReference; lastKnownFileType = sourcecode.swift; path = Certs.swift; sourceTree = "<group>"; };
		F9B03FCE20D89C8F00DF764C /* client.crt */ = {isa = PBXFileReference; fileEncoding = 4; lastKnownFileType = text; name = client.crt; path = ../../../secrets/client.crt; sourceTree = "<group>"; };
		F9B03FCF20D89C8F00DF764C /* client.pem */ = {isa = PBXFileReference; fileEncoding = 4; lastKnownFileType = text; name = client.pem; path = ../../../secrets/client.pem; sourceTree = "<group>"; };
		F9B03FD020D89C8F00DF764C /* ca.crt */ = {isa = PBXFileReference; fileEncoding = 4; lastKnownFileType = text; name = ca.crt; path = ../../../secrets/ca.crt; sourceTree = "<group>"; };
		F9F700DA207E53F3002EB2BE /* SoSeedySwift.framework */ = {isa = PBXFileReference; explicitFileType = wrapper.framework; includeInIndex = 0; path = SoSeedySwift.framework; sourceTree = BUILT_PRODUCTS_DIR; };
		F9F700DD207E53F3002EB2BE /* SoSeedySwift.h */ = {isa = PBXFileReference; lastKnownFileType = sourcecode.c.h; path = SoSeedySwift.h; sourceTree = "<group>"; };
		F9F700DE207E53F3002EB2BE /* Info.plist */ = {isa = PBXFileReference; lastKnownFileType = text.plist.xml; path = Info.plist; sourceTree = "<group>"; };
		F9F70102207E5480002EB2BE /* SoSeedy.swift */ = {isa = PBXFileReference; fileEncoding = 4; lastKnownFileType = sourcecode.swift; path = SoSeedy.swift; sourceTree = "<group>"; };
/* End PBXFileReference section */

/* Begin PBXFrameworksBuildPhase section */
		F9F700D6207E53F3002EB2BE /* Frameworks */ = {
			isa = PBXFrameworksBuildPhase;
			buildActionMask = 2147483647;
			files = (
				89FE55DDB246505CC9530ADE /* Pods_defaults_SoSeedySwift.framework in Frameworks */,
			);
			runOnlyForDeploymentPostprocessing = 0;
		};
/* End PBXFrameworksBuildPhase section */

/* Begin PBXGroup section */
		3DC1D4A7D7AB42223990F99D /* Pods */ = {
			isa = PBXGroup;
			children = (
				965B6F817B4FF5E0F9105AAB /* Pods-defaults-SoSeedySwift.debug.xcconfig */,
				A09DBF17EC444D398BF7D91A /* Pods-defaults-SoSeedySwift.release.xcconfig */,
			);
			name = Pods;
			sourceTree = "<group>";
		};
		9F711BB820F51652009A2C70 /* VCR */ = {
			isa = PBXGroup;
			children = (
				9F711BBF20F518FA009A2C70 /* VCR.m */,
				9F711BBD20F518F3009A2C70 /* VCR.h */,
			);
			path = VCR;
			sourceTree = "<group>";
		};
		F4F96AB353827FC4D5E38F1E /* Frameworks */ = {
			isa = PBXGroup;
			children = (
				04DEFCAB2504D00C252B680F /* Pods_defaults_SoSeedySwift.framework */,
			);
			name = Frameworks;
			sourceTree = "<group>";
		};
		F9F700D0207E53F3002EB2BE = {
			isa = PBXGroup;
			children = (
				F9F700DC207E53F3002EB2BE /* SoSeedySwift */,
				F9F700DB207E53F3002EB2BE /* Products */,
				3DC1D4A7D7AB42223990F99D /* Pods */,
				F4F96AB353827FC4D5E38F1E /* Frameworks */,
			);
			sourceTree = "<group>";
		};
		F9F700DB207E53F3002EB2BE /* Products */ = {
			isa = PBXGroup;
			children = (
				F9F700DA207E53F3002EB2BE /* SoSeedySwift.framework */,
			);
			name = Products;
			sourceTree = "<group>";
		};
		F9F700DC207E53F3002EB2BE /* SoSeedySwift */ = {
			isa = PBXGroup;
			children = (
				9F711BB820F51652009A2C70 /* VCR */,
				F9F700E5207E5480002EB2BE /* soseedy */,
				F9F700DD207E53F3002EB2BE /* SoSeedySwift.h */,
				F9B03FCC20D89B1200DF764C /* Certs.swift */,
				F9F70102207E5480002EB2BE /* SoSeedy.swift */,
				F9B03FD020D89C8F00DF764C /* ca.crt */,
				F9B03FCE20D89C8F00DF764C /* client.crt */,
				F9B03FCF20D89C8F00DF764C /* client.pem */,
				F9F700DE207E53F3002EB2BE /* Info.plist */,
			);
			path = SoSeedySwift;
			sourceTree = "<group>";
		};
		F9F700E5207E5480002EB2BE /* soseedy */ = {
			isa = PBXGroup;
			children = (
				F9B03F8C20D8688900DF764C /* assignments.grpc.swift */,
				F9B03FA820D8688B00DF764C /* assignments.pb.swift */,
				F9B03F9920D8688A00DF764C /* conversations.grpc.swift */,
				F9B03F8F20D8688900DF764C /* conversations.pb.swift */,
				F9B03FA520D8688A00DF764C /* courses.grpc.swift */,
				F9B03FA220D8688A00DF764C /* courses.pb.swift */,
				F9B03F9A20D8688A00DF764C /* discussions.grpc.swift */,
				F9B03F8D20D8688900DF764C /* discussions.pb.swift */,
				F9B03FAB20D8688B00DF764C /* enrollments.grpc.swift */,
				F9B03F9620D8688A00DF764C /* enrollments.pb.swift */,
				F9B03F9C20D8688A00DF764C /* feature_flags.grpc.swift */,
				F9B03F9120D8688900DF764C /* feature_flags.pb.swift */,
				F9B03FA720D8688B00DF764C /* files.grpc.swift */,
				F9B03F9F20D8688A00DF764C /* files.pb.swift */,
				F9B03FA420D8688A00DF764C /* general.grpc.swift */,
				F9B03F9B20D8688A00DF764C /* general.pb.swift */,
				F9B03FA020D8688A00DF764C /* grading_periods.grpc.swift */,
				F9B03FA920D8688B00DF764C /* grading_periods.pb.swift */,
				F9B03F9720D8688A00DF764C /* groups.grpc.swift */,
				F9B03F9520D8688A00DF764C /* groups.pb.swift */,
				F9B03F9D20D8688A00DF764C /* modules.grpc.swift */,
				F9B03FAA20D8688B00DF764C /* modules.pb.swift */,
				F9B03F9E20D8688A00DF764C /* observer.grpc.swift */,
				F9B03F9020D8688900DF764C /* observer.pb.swift */,
				F9B03FA120D8688A00DF764C /* pages.grpc.swift */,
				F9B03F9220D8688A00DF764C /* pages.pb.swift */,
				F9B03F9820D8688A00DF764C /* quizzes.grpc.swift */,
				F9B03F9320D8688A00DF764C /* quizzes.pb.swift */,
				F9B03F8E20D8688900DF764C /* sections.grpc.swift */,
				F9B03FA620D8688A00DF764C /* sections.pb.swift */,
				F9B03FA320D8688A00DF764C /* user.grpc.swift */,
				F9B03F9420D8688A00DF764C /* user.pb.swift */,
			);
			path = soseedy;
			sourceTree = "<group>";
		};
/* End PBXGroup section */

/* Begin PBXHeadersBuildPhase section */
		F9F700D7207E53F3002EB2BE /* Headers */ = {
			isa = PBXHeadersBuildPhase;
			buildActionMask = 2147483647;
			files = (
				9F711BBE20F518F3009A2C70 /* VCR.h in Headers */,
				F9F700DF207E53F3002EB2BE /* SoSeedySwift.h in Headers */,
			);
			runOnlyForDeploymentPostprocessing = 0;
		};
/* End PBXHeadersBuildPhase section */

/* Begin PBXNativeTarget section */
		F9F700D9207E53F3002EB2BE /* SoSeedySwift */ = {
			isa = PBXNativeTarget;
			buildConfigurationList = F9F700E2207E53F3002EB2BE /* Build configuration list for PBXNativeTarget "SoSeedySwift" */;
			buildPhases = (
				9DA3BA2F339BC514ED85076B /* [CP] Check Pods Manifest.lock */,
				F9F700D5207E53F3002EB2BE /* Sources */,
				F9F700D6207E53F3002EB2BE /* Frameworks */,
				F9F70126207E555D002EB2BE /* Embed Frameworks */,
				F9F700D7207E53F3002EB2BE /* Headers */,
				F9F700D8207E53F3002EB2BE /* Resources */,
			);
			buildRules = (
			);
			dependencies = (
			);
			name = SoSeedySwift;
			productName = SoSeedySwift;
			productReference = F9F700DA207E53F3002EB2BE /* SoSeedySwift.framework */;
			productType = "com.apple.product-type.framework";
		};
/* End PBXNativeTarget section */

/* Begin PBXProject section */
		F9F700D1207E53F3002EB2BE /* Project object */ = {
			isa = PBXProject;
			attributes = {
				LastUpgradeCheck = 0920;
				ORGANIZATIONNAME = instructure;
				TargetAttributes = {
					F9F700D9207E53F3002EB2BE = {
						CreatedOnToolsVersion = 9.2;
						LastSwiftMigration = 0930;
						ProvisioningStyle = Automatic;
					};
				};
			};
			buildConfigurationList = F9F700D4207E53F3002EB2BE /* Build configuration list for PBXProject "SoSeedySwift" */;
			compatibilityVersion = "Xcode 8.0";
			developmentRegion = en;
			hasScannedForEncodings = 0;
			knownRegions = (
				en,
			);
			mainGroup = F9F700D0207E53F3002EB2BE;
			productRefGroup = F9F700DB207E53F3002EB2BE /* Products */;
			projectDirPath = "";
			projectRoot = "";
			targets = (
				F9F700D9207E53F3002EB2BE /* SoSeedySwift */,
			);
		};
/* End PBXProject section */

/* Begin PBXResourcesBuildPhase section */
		F9F700D8207E53F3002EB2BE /* Resources */ = {
			isa = PBXResourcesBuildPhase;
			buildActionMask = 2147483647;
			files = (
				F9B03FD120D89C8F00DF764C /* client.crt in Resources */,
				F9B03FD320D89C8F00DF764C /* ca.crt in Resources */,
				F9B03FD220D89C8F00DF764C /* client.pem in Resources */,
			);
			runOnlyForDeploymentPostprocessing = 0;
		};
/* End PBXResourcesBuildPhase section */

/* Begin PBXShellScriptBuildPhase section */
		9DA3BA2F339BC514ED85076B /* [CP] Check Pods Manifest.lock */ = {
			isa = PBXShellScriptBuildPhase;
			buildActionMask = 2147483647;
			files = (
			);
			inputPaths = (
				"${PODS_PODFILE_DIR_PATH}/Podfile.lock",
				"${PODS_ROOT}/Manifest.lock",
			);
			name = "[CP] Check Pods Manifest.lock";
			outputPaths = (
				"$(DERIVED_FILE_DIR)/Pods-defaults-SoSeedySwift-checkManifestLockResult.txt",
			);
			runOnlyForDeploymentPostprocessing = 0;
			shellPath = /bin/sh;
			shellScript = "diff \"${PODS_PODFILE_DIR_PATH}/Podfile.lock\" \"${PODS_ROOT}/Manifest.lock\" > /dev/null\nif [ $? != 0 ] ; then\n    # print error to STDERR\n    echo \"error: The sandbox is not in sync with the Podfile.lock. Run 'pod install' or update your CocoaPods installation.\" >&2\n    exit 1\nfi\n# This output is used by Xcode 'outputs' to avoid re-running this script phase.\necho \"SUCCESS\" > \"${SCRIPT_OUTPUT_FILE_0}\"\n";
			showEnvVarsInLog = 0;
		};
/* End PBXShellScriptBuildPhase section */

/* Begin PBXSourcesBuildPhase section */
		F9F700D5207E53F3002EB2BE /* Sources */ = {
			isa = PBXSourcesBuildPhase;
			buildActionMask = 2147483647;
			files = (
				F9B03FC020D8688B00DF764C /* grading_periods.grpc.swift in Sources */,
				F9B03FC420D8688B00DF764C /* general.grpc.swift in Sources */,
				F9B03FB820D8688B00DF764C /* quizzes.grpc.swift in Sources */,
				9F711BC020F518FA009A2C70 /* VCR.m in Sources */,
				F9B03FB920D8688B00DF764C /* conversations.grpc.swift in Sources */,
				F9B03FCA20D8688B00DF764C /* modules.pb.swift in Sources */,
				F9B03FC320D8688B00DF764C /* user.grpc.swift in Sources */,
				F9B03FBA20D8688B00DF764C /* discussions.grpc.swift in Sources */,
				F9B03FBC20D8688B00DF764C /* feature_flags.grpc.swift in Sources */,
				F9B03FC520D8688B00DF764C /* courses.grpc.swift in Sources */,
				F9B03FBE20D8688B00DF764C /* observer.grpc.swift in Sources */,
				F9B03FB020D8688B00DF764C /* observer.pb.swift in Sources */,
				F9B03FC220D8688B00DF764C /* courses.pb.swift in Sources */,
				F9B03FB220D8688B00DF764C /* pages.pb.swift in Sources */,
				F9B03FC620D8688B00DF764C /* sections.pb.swift in Sources */,
				F9B03FAE20D8688B00DF764C /* sections.grpc.swift in Sources */,
				F9B03FC120D8688B00DF764C /* pages.grpc.swift in Sources */,
				F9B03FC820D8688B00DF764C /* assignments.pb.swift in Sources */,
				F9B03FB420D8688B00DF764C /* user.pb.swift in Sources */,
				F9B03FC920D8688B00DF764C /* grading_periods.pb.swift in Sources */,
				F9B03FAD20D8688B00DF764C /* discussions.pb.swift in Sources */,
				F9B03FBF20D8688B00DF764C /* files.pb.swift in Sources */,
				F9B03FAF20D8688B00DF764C /* conversations.pb.swift in Sources */,
				F9B03FB620D8688B00DF764C /* enrollments.pb.swift in Sources */,
				F9B03FCD20D89B1200DF764C /* Certs.swift in Sources */,
				F9B03FBB20D8688B00DF764C /* general.pb.swift in Sources */,
				F9F7011F207E5481002EB2BE /* SoSeedy.swift in Sources */,
				F9B03FBD20D8688B00DF764C /* modules.grpc.swift in Sources */,
				F9B03FB120D8688B00DF764C /* feature_flags.pb.swift in Sources */,
				F9B03FCB20D8688B00DF764C /* enrollments.grpc.swift in Sources */,
				F9B03FC720D8688B00DF764C /* files.grpc.swift in Sources */,
				F9B03FAC20D8688B00DF764C /* assignments.grpc.swift in Sources */,
				F9B03FB520D8688B00DF764C /* groups.pb.swift in Sources */,
				F9B03FB720D8688B00DF764C /* groups.grpc.swift in Sources */,
				F9B03FB320D8688B00DF764C /* quizzes.pb.swift in Sources */,
			);
			runOnlyForDeploymentPostprocessing = 0;
		};
/* End PBXSourcesBuildPhase section */

/* Begin XCBuildConfiguration section */
		F9F700E0207E53F3002EB2BE /* Debug */ = {
			isa = XCBuildConfiguration;
			buildSettings = {
				ALWAYS_SEARCH_USER_PATHS = NO;
				CLANG_ANALYZER_NONNULL = YES;
				CLANG_ANALYZER_NUMBER_OBJECT_CONVERSION = YES_AGGRESSIVE;
				CLANG_CXX_LANGUAGE_STANDARD = "gnu++14";
				CLANG_CXX_LIBRARY = "libc++";
				CLANG_ENABLE_MODULES = YES;
				CLANG_ENABLE_OBJC_ARC = YES;
				CLANG_WARN_BLOCK_CAPTURE_AUTORELEASING = YES;
				CLANG_WARN_BOOL_CONVERSION = YES;
				CLANG_WARN_COMMA = YES;
				CLANG_WARN_CONSTANT_CONVERSION = YES;
				CLANG_WARN_DIRECT_OBJC_ISA_USAGE = YES_ERROR;
				CLANG_WARN_DOCUMENTATION_COMMENTS = YES;
				CLANG_WARN_EMPTY_BODY = YES;
				CLANG_WARN_ENUM_CONVERSION = YES;
				CLANG_WARN_INFINITE_RECURSION = YES;
				CLANG_WARN_INT_CONVERSION = YES;
				CLANG_WARN_NON_LITERAL_NULL_CONVERSION = YES;
				CLANG_WARN_OBJC_LITERAL_CONVERSION = YES;
				CLANG_WARN_OBJC_ROOT_CLASS = YES_ERROR;
				CLANG_WARN_RANGE_LOOP_ANALYSIS = YES;
				CLANG_WARN_STRICT_PROTOTYPES = YES;
				CLANG_WARN_SUSPICIOUS_MOVE = YES;
				CLANG_WARN_UNGUARDED_AVAILABILITY = YES_AGGRESSIVE;
				CLANG_WARN_UNREACHABLE_CODE = YES;
				CLANG_WARN__DUPLICATE_METHOD_MATCH = YES;
				CODE_SIGN_IDENTITY = "iPhone Developer";
				COPY_PHASE_STRIP = NO;
				CURRENT_PROJECT_VERSION = 1;
				DEBUG_INFORMATION_FORMAT = dwarf;
				ENABLE_STRICT_OBJC_MSGSEND = YES;
				ENABLE_TESTABILITY = YES;
				GCC_C_LANGUAGE_STANDARD = gnu11;
				GCC_DYNAMIC_NO_PIC = NO;
				GCC_NO_COMMON_BLOCKS = YES;
				GCC_OPTIMIZATION_LEVEL = 0;
				GCC_PREPROCESSOR_DEFINITIONS = (
					"DEBUG=1",
					"$(inherited)",
				);
				GCC_WARN_64_TO_32_BIT_CONVERSION = YES;
				GCC_WARN_ABOUT_RETURN_TYPE = YES_ERROR;
				GCC_WARN_UNDECLARED_SELECTOR = YES;
				GCC_WARN_UNINITIALIZED_AUTOS = YES_AGGRESSIVE;
				GCC_WARN_UNUSED_FUNCTION = YES;
				GCC_WARN_UNUSED_VARIABLE = YES;
				IPHONEOS_DEPLOYMENT_TARGET = 11.2;
				MTL_ENABLE_DEBUG_INFO = YES;
				ONLY_ACTIVE_ARCH = YES;
				SDKROOT = iphoneos;
				SWIFT_ACTIVE_COMPILATION_CONDITIONS = DEBUG;
				SWIFT_OPTIMIZATION_LEVEL = "-Onone";
				VERSIONING_SYSTEM = "apple-generic";
				VERSION_INFO_PREFIX = "";
			};
			name = Debug;
		};
		F9F700E1207E53F3002EB2BE /* Release */ = {
			isa = XCBuildConfiguration;
			buildSettings = {
				ALWAYS_SEARCH_USER_PATHS = NO;
				CLANG_ANALYZER_NONNULL = YES;
				CLANG_ANALYZER_NUMBER_OBJECT_CONVERSION = YES_AGGRESSIVE;
				CLANG_CXX_LANGUAGE_STANDARD = "gnu++14";
				CLANG_CXX_LIBRARY = "libc++";
				CLANG_ENABLE_MODULES = YES;
				CLANG_ENABLE_OBJC_ARC = YES;
				CLANG_WARN_BLOCK_CAPTURE_AUTORELEASING = YES;
				CLANG_WARN_BOOL_CONVERSION = YES;
				CLANG_WARN_COMMA = YES;
				CLANG_WARN_CONSTANT_CONVERSION = YES;
				CLANG_WARN_DIRECT_OBJC_ISA_USAGE = YES_ERROR;
				CLANG_WARN_DOCUMENTATION_COMMENTS = YES;
				CLANG_WARN_EMPTY_BODY = YES;
				CLANG_WARN_ENUM_CONVERSION = YES;
				CLANG_WARN_INFINITE_RECURSION = YES;
				CLANG_WARN_INT_CONVERSION = YES;
				CLANG_WARN_NON_LITERAL_NULL_CONVERSION = YES;
				CLANG_WARN_OBJC_LITERAL_CONVERSION = YES;
				CLANG_WARN_OBJC_ROOT_CLASS = YES_ERROR;
				CLANG_WARN_RANGE_LOOP_ANALYSIS = YES;
				CLANG_WARN_STRICT_PROTOTYPES = YES;
				CLANG_WARN_SUSPICIOUS_MOVE = YES;
				CLANG_WARN_UNGUARDED_AVAILABILITY = YES_AGGRESSIVE;
				CLANG_WARN_UNREACHABLE_CODE = YES;
				CLANG_WARN__DUPLICATE_METHOD_MATCH = YES;
				CODE_SIGN_IDENTITY = "iPhone Developer";
				COPY_PHASE_STRIP = NO;
				CURRENT_PROJECT_VERSION = 1;
				DEBUG_INFORMATION_FORMAT = "dwarf-with-dsym";
				ENABLE_NS_ASSERTIONS = NO;
				ENABLE_STRICT_OBJC_MSGSEND = YES;
				GCC_C_LANGUAGE_STANDARD = gnu11;
				GCC_NO_COMMON_BLOCKS = YES;
				GCC_WARN_64_TO_32_BIT_CONVERSION = YES;
				GCC_WARN_ABOUT_RETURN_TYPE = YES_ERROR;
				GCC_WARN_UNDECLARED_SELECTOR = YES;
				GCC_WARN_UNINITIALIZED_AUTOS = YES_AGGRESSIVE;
				GCC_WARN_UNUSED_FUNCTION = YES;
				GCC_WARN_UNUSED_VARIABLE = YES;
				IPHONEOS_DEPLOYMENT_TARGET = 11.2;
				MTL_ENABLE_DEBUG_INFO = NO;
				SDKROOT = iphoneos;
				SWIFT_OPTIMIZATION_LEVEL = "-Owholemodule";
				VALIDATE_PRODUCT = YES;
				VERSIONING_SYSTEM = "apple-generic";
				VERSION_INFO_PREFIX = "";
			};
			name = Release;
		};
		F9F700E3207E53F3002EB2BE /* Debug */ = {
			isa = XCBuildConfiguration;
			baseConfigurationReference = 965B6F817B4FF5E0F9105AAB /* Pods-defaults-SoSeedySwift.debug.xcconfig */;
			buildSettings = {
				CLANG_ALLOW_NON_MODULAR_INCLUDES_IN_FRAMEWORK_MODULES = NO;
				CLANG_ENABLE_MODULES = YES;
				CODE_SIGN_IDENTITY = "";
				CODE_SIGN_STYLE = Automatic;
				DEFINES_MODULE = YES;
				DEVELOPMENT_TEAM = H86XEK7ZTM;
				DYLIB_COMPATIBILITY_VERSION = 1;
				DYLIB_CURRENT_VERSION = 1;
				DYLIB_INSTALL_NAME_BASE = "@rpath";
				FRAMEWORK_SEARCH_PATHS = (
					"$(inherited)",
					"$(SRCROOT)/../../ExternalFrameworks",
				);
				INFOPLIST_FILE = SoSeedySwift/Info.plist;
				INSTALL_PATH = "$(LOCAL_LIBRARY_DIR)/Frameworks";
				IPHONEOS_DEPLOYMENT_TARGET = 10.0;
				LD_RUNPATH_SEARCH_PATHS = "$(inherited) @executable_path/Frameworks @loader_path/Frameworks";
				PRODUCT_BUNDLE_IDENTIFIER = com.instructure.SoSeedySwift;
				PRODUCT_NAME = "$(TARGET_NAME:c99extidentifier)";
				SKIP_INSTALL = YES;
				SWIFT_INCLUDE_PATHS = "";
				SWIFT_OBJC_BRIDGING_HEADER = "";
				SWIFT_OPTIMIZATION_LEVEL = "-Onone";
				SWIFT_VERSION = 3.0;
				TARGETED_DEVICE_FAMILY = "1,2";
			};
			name = Debug;
		};
		F9F700E4207E53F3002EB2BE /* Release */ = {
			isa = XCBuildConfiguration;
			baseConfigurationReference = A09DBF17EC444D398BF7D91A /* Pods-defaults-SoSeedySwift.release.xcconfig */;
			buildSettings = {
				CLANG_ALLOW_NON_MODULAR_INCLUDES_IN_FRAMEWORK_MODULES = NO;
				CLANG_ENABLE_MODULES = YES;
				CODE_SIGN_IDENTITY = "";
				CODE_SIGN_STYLE = Automatic;
				DEFINES_MODULE = YES;
				DEVELOPMENT_TEAM = H86XEK7ZTM;
				DYLIB_COMPATIBILITY_VERSION = 1;
				DYLIB_CURRENT_VERSION = 1;
				DYLIB_INSTALL_NAME_BASE = "@rpath";
				FRAMEWORK_SEARCH_PATHS = (
					"$(inherited)",
					"$(SRCROOT)/../../ExternalFrameworks",
				);
				INFOPLIST_FILE = SoSeedySwift/Info.plist;
				INSTALL_PATH = "$(LOCAL_LIBRARY_DIR)/Frameworks";
				IPHONEOS_DEPLOYMENT_TARGET = 10.0;
				LD_RUNPATH_SEARCH_PATHS = "$(inherited) @executable_path/Frameworks @loader_path/Frameworks";
				PRODUCT_BUNDLE_IDENTIFIER = com.instructure.SoSeedySwift;
				PRODUCT_NAME = "$(TARGET_NAME:c99extidentifier)";
				SKIP_INSTALL = YES;
				SWIFT_INCLUDE_PATHS = "";
				SWIFT_OBJC_BRIDGING_HEADER = "";
				SWIFT_OPTIMIZATION_LEVEL = "-Onone";
				SWIFT_VERSION = 3.0;
				TARGETED_DEVICE_FAMILY = "1,2";
			};
			name = Release;
		};
/* End XCBuildConfiguration section */

/* Begin XCConfigurationList section */
		F9F700D4207E53F3002EB2BE /* Build configuration list for PBXProject "SoSeedySwift" */ = {
			isa = XCConfigurationList;
			buildConfigurations = (
				F9F700E0207E53F3002EB2BE /* Debug */,
				F9F700E1207E53F3002EB2BE /* Release */,
			);
			defaultConfigurationIsVisible = 0;
			defaultConfigurationName = Release;
		};
		F9F700E2207E53F3002EB2BE /* Build configuration list for PBXNativeTarget "SoSeedySwift" */ = {
			isa = XCConfigurationList;
			buildConfigurations = (
				F9F700E3207E53F3002EB2BE /* Debug */,
				F9F700E4207E53F3002EB2BE /* Release */,
			);
			defaultConfigurationIsVisible = 0;
			defaultConfigurationName = Release;
		};
/* End XCConfigurationList section */
	};
	rootObject = F9F700D1207E53F3002EB2BE /* Project object */;
}
