{
  "object": {
    "pins": [
      {
        "package": "GitDiffSwift",
        "repositoryURL": "https://github.com/cobbal/GitDiffSwift.git",
        "state": {
          "branch": null,
          "revision": "e6e972b4bc993d77ada2bbc667ce7a98674a237a",
          "version": "0.0.2"
        }
      },
      {
        "package": "Nimble",
        "repositoryURL": "https://github.com/Quick/Nimble.git",
        "state": {
          "branch": null,
          "revision": "2b1809051b4a65c1d7f5233331daa24572cd7fca",
          "version": "8.1.1"
        }
      },
      {
        "package": "Quick",
        "repositoryURL": "https://github.com/Quick/Quick.git",
        "state": {
          "branch": null,
          "revision": "09b3becb37cb2163919a3842a4c5fa6ec7130792",
          "version": "2.2.1"
        }
      },
      {
        "package": "ReactiveCocoa",
        "repositoryURL": "https://github.com/ReactiveCocoa/ReactiveCocoa",
        "state": {
          "branch": null,
          "revision": "b3d48751cf06060de602f151a886def4c7f4c73b",
          "version": "11.0.0"
        }
      },
      {
        "package": "ReactiveSwift",
        "repositoryURL": "https://github.com/ReactiveCocoa/ReactiveSwift",
        "state": {
          "branch": null,
          "revision": "e27ccdbf4ec36f154b60b91a0d7e0110c4e882cb",
          "version": "6.2.1"
        }
      },
      {
        "package": "swift-argument-parser",
        "repositoryURL": "https://github.com/apple/swift-argument-parser",
        "state": {
          "branch": null,
          "revision": "3d79b2b5a2e5af52c14e462044702ea7728f5770",
          "version": "0.1.0"
        }
      },
      {
        "package": "Swifter",
        "repositoryURL": "https://github.com/httpswift/swifter",
        "state": {
          "branch": "stable",
          "revision": "e9b1d5ef5a8683babe4265007779a87c324abf8a",
          "version": null
        }
      },
      {
        "package": "swsh",
        "repositoryURL": "https://github.com/cobbal/swsh.git",
        "state": {
          "branch": null,
          "revision": "adf8d8ad8469b6a88005119bb5f6ef494ad9d842",
          "version": "0.2.0"
        }
      },
      {
        "package": "XCResultKit",
        "repositoryURL": "https://github.com/davidahouse/XCResultKit",
        "state": {
          "branch": null,
          "revision": "d3f386b1c2ead98f19e1fe9fd605c7efcec21ca2",
          "version": "0.7.0"
        }
      }
    ]
  },
  "version": 1
}
