// !$*UTF8*$!
{
	archiveVersion = 1;
	classes = {
	};
	objectVersion = 46;
	objects = {

/* Begin PBXBuildFile section */
		4928EBEC1C84DF7800799E04 /* Marshal.framework in Frameworks */ = {isa = PBXBuildFile; fileRef = 4928EBEB1C84DF6B00799E04 /* Marshal.framework */; };
		4928EBED1C84DF7800799E04 /* Marshal.framework in Embed Frameworks */ = {isa = PBXBuildFile; fileRef = 4928EBEB1C84DF6B00799E04 /* Marshal.framework */; settings = {ATTRIBUTES = (CodeSignOnCopy, RemoveHeadersOnCopy, ); }; };
		495694B41C3F04CE00292EA8 /* AppDelegate.swift in Sources */ = {isa = PBXBuildFile; fileRef = 495694B31C3F04CE00292EA8 /* AppDelegate.swift */; };
		495694BB1C3F04CE00292EA8 /* Assets.xcassets in Resources */ = {isa = PBXBuildFile; fileRef = 495694BA1C3F04CE00292EA8 /* Assets.xcassets */; };
		495694BE1C3F04CE00292EA8 /* LaunchScreen.storyboard in Resources */ = {isa = PBXBuildFile; fileRef = 495694BC1C3F04CE00292EA8 /* LaunchScreen.storyboard */; };
		5E75B61D1C4D659300A44160 /* AssignmentCell.xib in Resources */ = {isa = PBXBuildFile; fileRef = 5E75B61C1C4D659300A44160 /* AssignmentCell.xib */; };
		5E7B53C61C695BDC00E924D1 /* Keymaster.framework in Frameworks */ = {isa = PBXBuildFile; fileRef = 5E7B53C41C695BD000E924D1 /* Keymaster.framework */; };
		5E7B53C71C695BDC00E924D1 /* Keymaster.framework in Embed Frameworks */ = {isa = PBXBuildFile; fileRef = 5E7B53C41C695BD000E924D1 /* Keymaster.framework */; settings = {ATTRIBUTES = (CodeSignOnCopy, RemoveHeadersOnCopy, ); }; };
		5E7B53D61C695C3F00E924D1 /* TooLegit.framework in Frameworks */ = {isa = PBXBuildFile; fileRef = 5E7B53D51C695C1C00E924D1 /* TooLegit.framework */; };
		5E7B53D71C695C3F00E924D1 /* TooLegit.framework in Embed Frameworks */ = {isa = PBXBuildFile; fileRef = 5E7B53D51C695C1C00E924D1 /* TooLegit.framework */; settings = {ATTRIBUTES = (CodeSignOnCopy, RemoveHeadersOnCopy, ); }; };
		5E7B53DA1C695C3F00E924D1 /* ReactiveCocoa.framework in Frameworks */ = {isa = PBXBuildFile; fileRef = 5E7B53CA1C695C0F00E924D1 /* ReactiveCocoa.framework */; };
		5E7B53DB1C695C3F00E924D1 /* ReactiveCocoa.framework in Embed Frameworks */ = {isa = PBXBuildFile; fileRef = 5E7B53CA1C695C0F00E924D1 /* ReactiveCocoa.framework */; settings = {ATTRIBUTES = (CodeSignOnCopy, RemoveHeadersOnCopy, ); }; };
		5E7B53DC1C695C3F00E924D1 /* Result.framework in Frameworks */ = {isa = PBXBuildFile; fileRef = 5E7B53CB1C695C0F00E924D1 /* Result.framework */; };
		5E7B53DD1C695C3F00E924D1 /* Result.framework in Embed Frameworks */ = {isa = PBXBuildFile; fileRef = 5E7B53CB1C695C0F00E924D1 /* Result.framework */; settings = {ATTRIBUTES = (CodeSignOnCopy, RemoveHeadersOnCopy, ); }; };
		5E7B53DE1C695C3F00E924D1 /* SoLazy.framework in Frameworks */ = {isa = PBXBuildFile; fileRef = 5E7B53CC1C695C0F00E924D1 /* SoLazy.framework */; };
		5E7B53DF1C695C3F00E924D1 /* SoLazy.framework in Embed Frameworks */ = {isa = PBXBuildFile; fileRef = 5E7B53CC1C695C0F00E924D1 /* SoLazy.framework */; settings = {ATTRIBUTES = (CodeSignOnCopy, RemoveHeadersOnCopy, ); }; };
		5E7B53E01C695C3F00E924D1 /* SoPersistent.framework in Frameworks */ = {isa = PBXBuildFile; fileRef = 5E7B53CD1C695C0F00E924D1 /* SoPersistent.framework */; };
		5E7B53E11C695C3F00E924D1 /* SoPersistent.framework in Embed Frameworks */ = {isa = PBXBuildFile; fileRef = 5E7B53CD1C695C0F00E924D1 /* SoPersistent.framework */; settings = {ATTRIBUTES = (CodeSignOnCopy, RemoveHeadersOnCopy, ); }; };
		5E7B53E21C695C3F00E924D1 /* SoPretty.framework in Frameworks */ = {isa = PBXBuildFile; fileRef = 5E7B53CE1C695C0F00E924D1 /* SoPretty.framework */; };
		5E7B53E31C695C3F00E924D1 /* SoPretty.framework in Embed Frameworks */ = {isa = PBXBuildFile; fileRef = 5E7B53CE1C695C0F00E924D1 /* SoPretty.framework */; settings = {ATTRIBUTES = (CodeSignOnCopy, RemoveHeadersOnCopy, ); }; };
/* End PBXBuildFile section */

/* Begin PBXCopyFilesBuildPhase section */
		5E7B53C81C695BDC00E924D1 /* Embed Frameworks */ = {
			isa = PBXCopyFilesBuildPhase;
			buildActionMask = 2147483647;
			dstPath = "";
			dstSubfolderSpec = 10;
			files = (
				5E7B53E31C695C3F00E924D1 /* SoPretty.framework in Embed Frameworks */,
				5E7B53C71C695BDC00E924D1 /* Keymaster.framework in Embed Frameworks */,
				5E7B53DD1C695C3F00E924D1 /* Result.framework in Embed Frameworks */,
				5E7B53E11C695C3F00E924D1 /* SoPersistent.framework in Embed Frameworks */,
				5E7B53D71C695C3F00E924D1 /* TooLegit.framework in Embed Frameworks */,
				4928EBED1C84DF7800799E04 /* Marshal.framework in Embed Frameworks */,
				5E7B53DF1C695C3F00E924D1 /* SoLazy.framework in Embed Frameworks */,
				5E7B53DB1C695C3F00E924D1 /* ReactiveCocoa.framework in Embed Frameworks */,
			);
			name = "Embed Frameworks";
			runOnlyForDeploymentPostprocessing = 0;
		};
/* End PBXCopyFilesBuildPhase section */

/* Begin PBXFileReference section */
		4928EBEB1C84DF6B00799E04 /* Marshal.framework */ = {isa = PBXFileReference; lastKnownFileType = wrapper.framework; path = Marshal.framework; sourceTree = BUILT_PRODUCTS_DIR; };
		495694B01C3F04CE00292EA8 /* Vanilla.app */ = {isa = PBXFileReference; explicitFileType = wrapper.application; includeInIndex = 0; path = Vanilla.app; sourceTree = BUILT_PRODUCTS_DIR; };
		495694B31C3F04CE00292EA8 /* AppDelegate.swift */ = {isa = PBXFileReference; lastKnownFileType = sourcecode.swift; path = AppDelegate.swift; sourceTree = "<group>"; };
		495694BA1C3F04CE00292EA8 /* Assets.xcassets */ = {isa = PBXFileReference; lastKnownFileType = folder.assetcatalog; path = Assets.xcassets; sourceTree = "<group>"; };
		495694BD1C3F04CE00292EA8 /* Base */ = {isa = PBXFileReference; lastKnownFileType = file.storyboard; name = Base; path = Base.lproj/LaunchScreen.storyboard; sourceTree = "<group>"; };
		495694BF1C3F04CE00292EA8 /* Info.plist */ = {isa = PBXFileReference; lastKnownFileType = text.plist.xml; path = Info.plist; sourceTree = "<group>"; };
		5E75B61C1C4D659300A44160 /* AssignmentCell.xib */ = {isa = PBXFileReference; fileEncoding = 4; lastKnownFileType = file.xib; path = AssignmentCell.xib; sourceTree = "<group>"; };
		5E7B53C41C695BD000E924D1 /* Keymaster.framework */ = {isa = PBXFileReference; lastKnownFileType = wrapper.framework; path = Keymaster.framework; sourceTree = BUILT_PRODUCTS_DIR; };
		5E7B53CA1C695C0F00E924D1 /* ReactiveCocoa.framework */ = {isa = PBXFileReference; lastKnownFileType = wrapper.framework; path = ReactiveCocoa.framework; sourceTree = BUILT_PRODUCTS_DIR; };
		5E7B53CB1C695C0F00E924D1 /* Result.framework */ = {isa = PBXFileReference; lastKnownFileType = wrapper.framework; path = Result.framework; sourceTree = BUILT_PRODUCTS_DIR; };
		5E7B53CC1C695C0F00E924D1 /* SoLazy.framework */ = {isa = PBXFileReference; lastKnownFileType = wrapper.framework; path = SoLazy.framework; sourceTree = BUILT_PRODUCTS_DIR; };
		5E7B53CD1C695C0F00E924D1 /* SoPersistent.framework */ = {isa = PBXFileReference; lastKnownFileType = wrapper.framework; path = SoPersistent.framework; sourceTree = BUILT_PRODUCTS_DIR; };
		5E7B53CE1C695C0F00E924D1 /* SoPretty.framework */ = {isa = PBXFileReference; lastKnownFileType = wrapper.framework; path = SoPretty.framework; sourceTree = BUILT_PRODUCTS_DIR; };
		5E7B53D51C695C1C00E924D1 /* TooLegit.framework */ = {isa = PBXFileReference; lastKnownFileType = wrapper.framework; path = TooLegit.framework; sourceTree = BUILT_PRODUCTS_DIR; };
/* End PBXFileReference section */

/* Begin PBXFrameworksBuildPhase section */
		495694AD1C3F04CE00292EA8 /* Frameworks */ = {
			isa = PBXFrameworksBuildPhase;
			buildActionMask = 2147483647;
			files = (
				5E7B53E21C695C3F00E924D1 /* SoPretty.framework in Frameworks */,
				5E7B53C61C695BDC00E924D1 /* Keymaster.framework in Frameworks */,
				5E7B53DC1C695C3F00E924D1 /* Result.framework in Frameworks */,
				5E7B53E01C695C3F00E924D1 /* SoPersistent.framework in Frameworks */,
				5E7B53D61C695C3F00E924D1 /* TooLegit.framework in Frameworks */,
				4928EBEC1C84DF7800799E04 /* Marshal.framework in Frameworks */,
				5E7B53DE1C695C3F00E924D1 /* SoLazy.framework in Frameworks */,
				5E7B53DA1C695C3F00E924D1 /* ReactiveCocoa.framework in Frameworks */,
			);
			runOnlyForDeploymentPostprocessing = 0;
		};
/* End PBXFrameworksBuildPhase section */

/* Begin PBXGroup section */
		495694A71C3F04CE00292EA8 = {
			isa = PBXGroup;
			children = (
				4928EBEB1C84DF6B00799E04 /* Marshal.framework */,
				5E7B53D51C695C1C00E924D1 /* TooLegit.framework */,
				5E7B53CA1C695C0F00E924D1 /* ReactiveCocoa.framework */,
				5E7B53CB1C695C0F00E924D1 /* Result.framework */,
				5E7B53CC1C695C0F00E924D1 /* SoLazy.framework */,
				5E7B53CD1C695C0F00E924D1 /* SoPersistent.framework */,
				5E7B53CE1C695C0F00E924D1 /* SoPretty.framework */,
				5E7B53C41C695BD000E924D1 /* Keymaster.framework */,
				495694B21C3F04CE00292EA8 /* Vanilla */,
				495694B11C3F04CE00292EA8 /* Products */,
			);
			sourceTree = "<group>";
		};
		495694B11C3F04CE00292EA8 /* Products */ = {
			isa = PBXGroup;
			children = (
				495694B01C3F04CE00292EA8 /* Vanilla.app */,
			);
			name = Products;
			sourceTree = "<group>";
		};
		495694B21C3F04CE00292EA8 /* Vanilla */ = {
			isa = PBXGroup;
			children = (
				5E75B61C1C4D659300A44160 /* AssignmentCell.xib */,
				495694B31C3F04CE00292EA8 /* AppDelegate.swift */,
				495694BA1C3F04CE00292EA8 /* Assets.xcassets */,
				495694BC1C3F04CE00292EA8 /* LaunchScreen.storyboard */,
				495694BF1C3F04CE00292EA8 /* Info.plist */,
			);
			path = Vanilla;
			sourceTree = "<group>";
		};
/* End PBXGroup section */

/* Begin PBXNativeTarget section */
		495694AF1C3F04CE00292EA8 /* Vanilla */ = {
			isa = PBXNativeTarget;
			buildConfigurationList = 495694CD1C3F04CF00292EA8 /* Build configuration list for PBXNativeTarget "Vanilla" */;
			buildPhases = (
				495694AC1C3F04CE00292EA8 /* Sources */,
				495694AD1C3F04CE00292EA8 /* Frameworks */,
				495694AE1C3F04CE00292EA8 /* Resources */,
				5E7B53C81C695BDC00E924D1 /* Embed Frameworks */,
			);
			buildRules = (
			);
			dependencies = (
			);
			name = Vanilla;
			productName = Vanilla;
			productReference = 495694B01C3F04CE00292EA8 /* Vanilla.app */;
			productType = "com.apple.product-type.application";
		};
/* End PBXNativeTarget section */

/* Begin PBXProject section */
		495694A81C3F04CE00292EA8 /* Project object */ = {
			isa = PBXProject;
			attributes = {
				LastSwiftUpdateCheck = 0720;
				LastUpgradeCheck = 0720;
				ORGANIZATIONNAME = Instructure;
				TargetAttributes = {
					495694AF1C3F04CE00292EA8 = {
						CreatedOnToolsVersion = 7.2;
					};
				};
			};
			buildConfigurationList = 495694AB1C3F04CE00292EA8 /* Build configuration list for PBXProject "Vanilla" */;
			compatibilityVersion = "Xcode 3.2";
			developmentRegion = English;
			hasScannedForEncodings = 0;
			knownRegions = (
				en,
				Base,
			);
			mainGroup = 495694A71C3F04CE00292EA8;
			productRefGroup = 495694B11C3F04CE00292EA8 /* Products */;
			projectDirPath = "";
			projectRoot = "";
			targets = (
				495694AF1C3F04CE00292EA8 /* Vanilla */,
			);
		};
/* End PBXProject section */

/* Begin PBXResourcesBuildPhase section */
		495694AE1C3F04CE00292EA8 /* Resources */ = {
			isa = PBXResourcesBuildPhase;
			buildActionMask = 2147483647;
			files = (
				495694BE1C3F04CE00292EA8 /* LaunchScreen.storyboard in Resources */,
				495694BB1C3F04CE00292EA8 /* Assets.xcassets in Resources */,
				5E75B61D1C4D659300A44160 /* AssignmentCell.xib in Resources */,
			);
			runOnlyForDeploymentPostprocessing = 0;
		};
/* End PBXResourcesBuildPhase section */

/* Begin PBXSourcesBuildPhase section */
		495694AC1C3F04CE00292EA8 /* Sources */ = {
			isa = PBXSourcesBuildPhase;
			buildActionMask = 2147483647;
			files = (
				495694B41C3F04CE00292EA8 /* AppDelegate.swift in Sources */,
			);
			runOnlyForDeploymentPostprocessing = 0;
		};
/* End PBXSourcesBuildPhase section */

/* Begin PBXVariantGroup section */
		495694BC1C3F04CE00292EA8 /* LaunchScreen.storyboard */ = {
			isa = PBXVariantGroup;
			children = (
				495694BD1C3F04CE00292EA8 /* Base */,
			);
			name = LaunchScreen.storyboard;
			sourceTree = "<group>";
		};
/* End PBXVariantGroup section */

/* Begin XCBuildConfiguration section */
		495694CB1C3F04CF00292EA8 /* Debug */ = {
			isa = XCBuildConfiguration;
			buildSettings = {
				ALWAYS_SEARCH_USER_PATHS = NO;
				CLANG_CXX_LANGUAGE_STANDARD = "gnu++0x";
				CLANG_CXX_LIBRARY = "libc++";
				CLANG_ENABLE_MODULES = YES;
				CLANG_ENABLE_OBJC_ARC = YES;
				CLANG_WARN_BOOL_CONVERSION = YES;
				CLANG_WARN_CONSTANT_CONVERSION = YES;
				CLANG_WARN_DIRECT_OBJC_ISA_USAGE = YES_ERROR;
				CLANG_WARN_EMPTY_BODY = YES;
				CLANG_WARN_ENUM_CONVERSION = YES;
				CLANG_WARN_INT_CONVERSION = YES;
				CLANG_WARN_OBJC_ROOT_CLASS = YES_ERROR;
				CLANG_WARN_UNREACHABLE_CODE = YES;
				CLANG_WARN__DUPLICATE_METHOD_MATCH = YES;
				"CODE_SIGN_IDENTITY[sdk=iphoneos*]" = "iPhone Developer";
				COPY_PHASE_STRIP = NO;
				DEBUG_INFORMATION_FORMAT = dwarf;
				ENABLE_STRICT_OBJC_MSGSEND = YES;
				ENABLE_TESTABILITY = YES;
				GCC_C_LANGUAGE_STANDARD = gnu99;
				GCC_DYNAMIC_NO_PIC = NO;
				GCC_NO_COMMON_BLOCKS = YES;
				GCC_OPTIMIZATION_LEVEL = 0;
				GCC_PREPROCESSOR_DEFINITIONS = (
					"DEBUG=1",
					"$(inherited)",
				);
				GCC_WARN_64_TO_32_BIT_CONVERSION = YES;
				GCC_WARN_ABOUT_RETURN_TYPE = YES_ERROR;
				GCC_WARN_UNDECLARED_SELECTOR = YES;
				GCC_WARN_UNINITIALIZED_AUTOS = YES_AGGRESSIVE;
				GCC_WARN_UNUSED_FUNCTION = YES;
				GCC_WARN_UNUSED_VARIABLE = YES;
				IPHONEOS_DEPLOYMENT_TARGET = 9.2;
				MTL_ENABLE_DEBUG_INFO = YES;
				ONLY_ACTIVE_ARCH = YES;
				SDKROOT = iphoneos;
				SWIFT_OPTIMIZATION_LEVEL = "-Onone";
				TARGETED_DEVICE_FAMILY = "1,2";
			};
			name = Debug;
		};
		495694CC1C3F04CF00292EA8 /* Release */ = {
			isa = XCBuildConfiguration;
			buildSettings = {
				ALWAYS_SEARCH_USER_PATHS = NO;
				CLANG_CXX_LANGUAGE_STANDARD = "gnu++0x";
				CLANG_CXX_LIBRARY = "libc++";
				CLANG_ENABLE_MODULES = YES;
				CLANG_ENABLE_OBJC_ARC = YES;
				CLANG_WARN_BOOL_CONVERSION = YES;
				CLANG_WARN_CONSTANT_CONVERSION = YES;
				CLANG_WARN_DIRECT_OBJC_ISA_USAGE = YES_ERROR;
				CLANG_WARN_EMPTY_BODY = YES;
				CLANG_WARN_ENUM_CONVERSION = YES;
				CLANG_WARN_INT_CONVERSION = YES;
				CLANG_WARN_OBJC_ROOT_CLASS = YES_ERROR;
				CLANG_WARN_UNREACHABLE_CODE = YES;
				CLANG_WARN__DUPLICATE_METHOD_MATCH = YES;
				"CODE_SIGN_IDENTITY[sdk=iphoneos*]" = "iPhone Developer";
				COPY_PHASE_STRIP = NO;
				DEBUG_INFORMATION_FORMAT = "dwarf-with-dsym";
				ENABLE_NS_ASSERTIONS = NO;
				ENABLE_STRICT_OBJC_MSGSEND = YES;
				GCC_C_LANGUAGE_STANDARD = gnu99;
				GCC_NO_COMMON_BLOCKS = YES;
				GCC_WARN_64_TO_32_BIT_CONVERSION = YES;
				GCC_WARN_ABOUT_RETURN_TYPE = YES_ERROR;
				GCC_WARN_UNDECLARED_SELECTOR = YES;
				GCC_WARN_UNINITIALIZED_AUTOS = YES_AGGRESSIVE;
				GCC_WARN_UNUSED_FUNCTION = YES;
				GCC_WARN_UNUSED_VARIABLE = YES;
				IPHONEOS_DEPLOYMENT_TARGET = 9.2;
				MTL_ENABLE_DEBUG_INFO = NO;
				SDKROOT = iphoneos;
				TARGETED_DEVICE_FAMILY = "1,2";
				VALIDATE_PRODUCT = YES;
			};
			name = Release;
		};
		495694CE1C3F04CF00292EA8 /* Debug */ = {
			isa = XCBuildConfiguration;
			buildSettings = {
				ASSETCATALOG_COMPILER_APPICON_NAME = AppIcon;
				INFOPLIST_FILE = Vanilla/Info.plist;
				LD_RUNPATH_SEARCH_PATHS = "$(inherited) @executable_path/Frameworks";
				PRODUCT_BUNDLE_IDENTIFIER = com.instructure.Vanilla;
				PRODUCT_NAME = "$(TARGET_NAME)";
			};
			name = Debug;
		};
		495694CF1C3F04CF00292EA8 /* Release */ = {
			isa = XCBuildConfiguration;
			buildSettings = {
				ASSETCATALOG_COMPILER_APPICON_NAME = AppIcon;
				INFOPLIST_FILE = Vanilla/Info.plist;
				LD_RUNPATH_SEARCH_PATHS = "$(inherited) @executable_path/Frameworks";
				PRODUCT_BUNDLE_IDENTIFIER = com.instructure.Vanilla;
				PRODUCT_NAME = "$(TARGET_NAME)";
			};
			name = Release;
		};
/* End XCBuildConfiguration section */

/* Begin XCConfigurationList section */
		495694AB1C3F04CE00292EA8 /* Build configuration list for PBXProject "Vanilla" */ = {
			isa = XCConfigurationList;
			buildConfigurations = (
				495694CB1C3F04CF00292EA8 /* Debug */,
				495694CC1C3F04CF00292EA8 /* Release */,
			);
			defaultConfigurationIsVisible = 0;
			defaultConfigurationName = Release;
		};
		495694CD1C3F04CF00292EA8 /* Build configuration list for PBXNativeTarget "Vanilla" */ = {
			isa = XCConfigurationList;
			buildConfigurations = (
				495694CE1C3F04CF00292EA8 /* Debug */,
				495694CF1C3F04CF00292EA8 /* Release */,
			);
			defaultConfigurationIsVisible = 0;
			defaultConfigurationName = Release;
		};
/* End XCConfigurationList section */
	};
	rootObject = 495694A81C3F04CE00292EA8 /* Project object */;
}
